// !$*UTF8*$!
{
	archiveVersion = 1;
	classes = {
	};
	objectVersion = 46;
	objects = {

/* Begin PBXBuildFile section */
		FE432D671E4ED1C300E3F45E /* AppDelegate.swift in Sources */ = {isa = PBXBuildFile; fileRef = FE432D661E4ED1C300E3F45E /* AppDelegate.swift */; };
		FE432D691E4ED1C300E3F45E /* ViewController.swift in Sources */ = {isa = PBXBuildFile; fileRef = FE432D681E4ED1C300E3F45E /* ViewController.swift */; };
		FE432D6C1E4ED1C300E3F45E /* Main.storyboard in Resources */ = {isa = PBXBuildFile; fileRef = FE432D6A1E4ED1C300E3F45E /* Main.storyboard */; };
		FE432D6E1E4ED1C300E3F45E /* Assets.xcassets in Resources */ = {isa = PBXBuildFile; fileRef = FE432D6D1E4ED1C300E3F45E /* Assets.xcassets */; };
		FE432D711E4ED1C300E3F45E /* LaunchScreen.storyboard in Resources */ = {isa = PBXBuildFile; fileRef = FE432D6F1E4ED1C300E3F45E /* LaunchScreen.storyboard */; };
		FE432D7C1E4ED1C300E3F45E /* monokitTests.swift in Sources */ = {isa = PBXBuildFile; fileRef = FE432D7B1E4ED1C300E3F45E /* monokitTests.swift */; };
		FE432D871E4ED1C300E3F45E /* monokitUITests.swift in Sources */ = {isa = PBXBuildFile; fileRef = FE432D861E4ED1C300E3F45E /* monokitUITests.swift */; };
		FE59F3C31E4EDE2800843828 /* Pinboard.framework in Frameworks */ = {isa = PBXBuildFile; fileRef = FE59F3BA1E4EDE2800843828 /* Pinboard.framework */; };
		FE59F3CC1E4EDE2800843828 /* Pinboard.h in Headers */ = {isa = PBXBuildFile; fileRef = FE59F3BC1E4EDE2800843828 /* Pinboard.h */; settings = {ATTRIBUTES = (Public, ); }; };
		FE59F3CF1E4EDE2800843828 /* Pinboard.framework in Frameworks */ = {isa = PBXBuildFile; fileRef = FE59F3BA1E4EDE2800843828 /* Pinboard.framework */; };
		FE59F3D01E4EDE2800843828 /* Pinboard.framework in Embed Frameworks */ = {isa = PBXBuildFile; fileRef = FE59F3BA1E4EDE2800843828 /* Pinboard.framework */; settings = {ATTRIBUTES = (CodeSignOnCopy, RemoveHeadersOnCopy, ); }; };
		FE59F3E61E4EDE9500843828 /* Lib.framework in Frameworks */ = {isa = PBXBuildFile; fileRef = FE59F3DD1E4EDE9400843828 /* Lib.framework */; };
		FE59F3EF1E4EDE9500843828 /* Lib.h in Headers */ = {isa = PBXBuildFile; fileRef = FE59F3DF1E4EDE9500843828 /* Lib.h */; settings = {ATTRIBUTES = (Public, ); }; };
		FE59F3F21E4EDE9500843828 /* Lib.framework in Frameworks */ = {isa = PBXBuildFile; fileRef = FE59F3DD1E4EDE9400843828 /* Lib.framework */; };
		FE59F3F31E4EDE9500843828 /* Lib.framework in Embed Frameworks */ = {isa = PBXBuildFile; fileRef = FE59F3DD1E4EDE9400843828 /* Lib.framework */; settings = {ATTRIBUTES = (CodeSignOnCopy, RemoveHeadersOnCopy, ); }; };
		FE59F4021E4EDEE100843828 /* ShareViewController.swift in Sources */ = {isa = PBXBuildFile; fileRef = FE59F4011E4EDEE100843828 /* ShareViewController.swift */; };
		FE59F4051E4EDEE100843828 /* MainInterface.storyboard in Resources */ = {isa = PBXBuildFile; fileRef = FE59F4031E4EDEE100843828 /* MainInterface.storyboard */; };
		FE59F4091E4EDEE100843828 /* PinboardLetter.appex in Embed App Extensions */ = {isa = PBXBuildFile; fileRef = FE59F3FF1E4EDEE100843828 /* PinboardLetter.appex */; settings = {ATTRIBUTES = (RemoveHeadersOnCopy, ); }; };
		FE59F4151E4EDEF500843828 /* ShareViewController.swift in Sources */ = {isa = PBXBuildFile; fileRef = FE59F4141E4EDEF500843828 /* ShareViewController.swift */; };
		FE59F4181E4EDEF500843828 /* MainInterface.storyboard in Resources */ = {isa = PBXBuildFile; fileRef = FE59F4161E4EDEF500843828 /* MainInterface.storyboard */; };
		FE59F41C1E4EDEF500843828 /* PinboardStar.appex in Embed App Extensions */ = {isa = PBXBuildFile; fileRef = FE59F4121E4EDEF500843828 /* PinboardStar.appex */; settings = {ATTRIBUTES = (RemoveHeadersOnCopy, ); }; };
		FE59F4231E4EDF1E00843828 /* APIKit.framework in Frameworks */ = {isa = PBXBuildFile; fileRef = FE59F4201E4EDF1E00843828 /* APIKit.framework */; };
		FE59F4241E4EDF1E00843828 /* APIKit.framework in Embed Frameworks */ = {isa = PBXBuildFile; fileRef = FE59F4201E4EDF1E00843828 /* APIKit.framework */; settings = {ATTRIBUTES = (CodeSignOnCopy, RemoveHeadersOnCopy, ); }; };
		FE59F4251E4EDF1E00843828 /* Himotoki.framework in Frameworks */ = {isa = PBXBuildFile; fileRef = FE59F4211E4EDF1E00843828 /* Himotoki.framework */; };
		FE59F4261E4EDF1E00843828 /* Himotoki.framework in Embed Frameworks */ = {isa = PBXBuildFile; fileRef = FE59F4211E4EDF1E00843828 /* Himotoki.framework */; settings = {ATTRIBUTES = (CodeSignOnCopy, RemoveHeadersOnCopy, ); }; };
		FE59F4271E4EDF1E00843828 /* Result.framework in Frameworks */ = {isa = PBXBuildFile; fileRef = FE59F4221E4EDF1E00843828 /* Result.framework */; };
		FE59F4281E4EDF1E00843828 /* Result.framework in Embed Frameworks */ = {isa = PBXBuildFile; fileRef = FE59F4221E4EDF1E00843828 /* Result.framework */; settings = {ATTRIBUTES = (CodeSignOnCopy, RemoveHeadersOnCopy, ); }; };
		FE59F42C1E4EE09200843828 /* Logger.swift in Sources */ = {isa = PBXBuildFile; fileRef = FE59F42B1E4EE09200843828 /* Logger.swift */; };
		FE59F42F1E4EEB4D00843828 /* LoggerTests.swift in Sources */ = {isa = PBXBuildFile; fileRef = FE59F42E1E4EEB4D00843828 /* LoggerTests.swift */; };
		FE59F4321E4EF28600843828 /* RxCocoa.framework in Frameworks */ = {isa = PBXBuildFile; fileRef = FE59F4301E4EF28600843828 /* RxCocoa.framework */; };
		FE59F4331E4EF28600843828 /* RxCocoa.framework in Embed Frameworks */ = {isa = PBXBuildFile; fileRef = FE59F4301E4EF28600843828 /* RxCocoa.framework */; settings = {ATTRIBUTES = (CodeSignOnCopy, RemoveHeadersOnCopy, ); }; };
		FE59F4341E4EF28600843828 /* RxSwift.framework in Frameworks */ = {isa = PBXBuildFile; fileRef = FE59F4311E4EF28600843828 /* RxSwift.framework */; };
		FE59F4351E4EF28600843828 /* RxSwift.framework in Embed Frameworks */ = {isa = PBXBuildFile; fileRef = FE59F4311E4EF28600843828 /* RxSwift.framework */; settings = {ATTRIBUTES = (CodeSignOnCopy, RemoveHeadersOnCopy, ); }; };
		FE59F4361E4EF2AC00843828 /* RxSwift.framework in Frameworks */ = {isa = PBXBuildFile; fileRef = FE59F4311E4EF28600843828 /* RxSwift.framework */; };
		FE59F4371E4EF2AF00843828 /* RxCocoa.framework in Frameworks */ = {isa = PBXBuildFile; fileRef = FE59F4301E4EF28600843828 /* RxCocoa.framework */; };
		FE59F4391E4EF2BE00843828 /* RxSwift.extension.swift in Sources */ = {isa = PBXBuildFile; fileRef = FE59F4381E4EF2BE00843828 /* RxSwift.extension.swift */; };
		FE59F43A1E4EF2CF00843828 /* APIKit.framework in Frameworks */ = {isa = PBXBuildFile; fileRef = FE59F4201E4EDF1E00843828 /* APIKit.framework */; };
		FE59F43B1E4EF2F400843828 /* Result.framework in Frameworks */ = {isa = PBXBuildFile; fileRef = FE59F4221E4EDF1E00843828 /* Result.framework */; };
		FE59F43E1E4EF4C300843828 /* UserRequests.swift in Sources */ = {isa = PBXBuildFile; fileRef = FE59F43D1E4EF4C300843828 /* UserRequests.swift */; };
		FE59F43F1E4EF51C00843828 /* APIKit.framework in Frameworks */ = {isa = PBXBuildFile; fileRef = FE59F4201E4EDF1E00843828 /* APIKit.framework */; };
		FE59F4401E4EF51C00843828 /* Himotoki.framework in Frameworks */ = {isa = PBXBuildFile; fileRef = FE59F4211E4EDF1E00843828 /* Himotoki.framework */; };
		FE59F4421E4EF54700843828 /* Request.extension.swift in Sources */ = {isa = PBXBuildFile; fileRef = FE59F4411E4EF54700843828 /* Request.extension.swift */; };
		FE59F4451E4EF77300843828 /* UserRequestsTests.swift in Sources */ = {isa = PBXBuildFile; fileRef = FE59F4441E4EF77300843828 /* UserRequestsTests.swift */; };
		FE59F4461E4EF7D300843828 /* RxSwift.framework in Frameworks */ = {isa = PBXBuildFile; fileRef = FE59F4311E4EF28600843828 /* RxSwift.framework */; };
		FE59F4471E4EF7D300843828 /* APIKit.framework in Frameworks */ = {isa = PBXBuildFile; fileRef = FE59F4201E4EDF1E00843828 /* APIKit.framework */; };
		FE59F4481E4EF8A300843828 /* Lib.framework in Frameworks */ = {isa = PBXBuildFile; fileRef = FE59F3DD1E4EDE9400843828 /* Lib.framework */; };
		FE59F4491E4EFB8700843828 /* APIKit.framework in Frameworks */ = {isa = PBXBuildFile; fileRef = FE59F4201E4EDF1E00843828 /* APIKit.framework */; };
		FE59F44C1E4EFEFA00843828 /* XMLParser.swift in Sources */ = {isa = PBXBuildFile; fileRef = FE59F44B1E4EFEFA00843828 /* XMLParser.swift */; };
		FE59F4511E4F028200843828 /* SWXMLHash.framework in Frameworks */ = {isa = PBXBuildFile; fileRef = FE59F4501E4F028200843828 /* SWXMLHash.framework */; };
		FE59F4521E4F028200843828 /* SWXMLHash.framework in Embed Frameworks */ = {isa = PBXBuildFile; fileRef = FE59F4501E4F028200843828 /* SWXMLHash.framework */; settings = {ATTRIBUTES = (CodeSignOnCopy, RemoveHeadersOnCopy, ); }; };
		FE59F4531E4F02A000843828 /* SWXMLHash.framework in Frameworks */ = {isa = PBXBuildFile; fileRef = FE59F4501E4F028200843828 /* SWXMLHash.framework */; };
		FE59F4561E4F03B300843828 /* XMLParserTests.swift in Sources */ = {isa = PBXBuildFile; fileRef = FE59F4551E4F03B300843828 /* XMLParserTests.swift */; };
		FE59F4581E4F092C00843828 /* TestData.plist in Resources */ = {isa = PBXBuildFile; fileRef = FE59F4571E4F092C00843828 /* TestData.plist */; };
		FE59F4591E4F0C2900843828 /* Lib.framework in Frameworks */ = {isa = PBXBuildFile; fileRef = FE59F3DD1E4EDE9400843828 /* Lib.framework */; };
		FE59F45B1E4F32D300843828 /* TestDataUtil.swift in Sources */ = {isa = PBXBuildFile; fileRef = FE59F45A1E4F32D300843828 /* TestDataUtil.swift */; };
		FE59F45D1E4F33D400843828 /* PostRequests.swift in Sources */ = {isa = PBXBuildFile; fileRef = FE59F45C1E4F33D400843828 /* PostRequests.swift */; };
		FE59F45F1E4F384400843828 /* Dictionary.extension.swift in Sources */ = {isa = PBXBuildFile; fileRef = FE59F45E1E4F384400843828 /* Dictionary.extension.swift */; };
		FE59F4611E4F390C00843828 /* PostRequestsTests.swift in Sources */ = {isa = PBXBuildFile; fileRef = FE59F4601E4F390C00843828 /* PostRequestsTests.swift */; };
/* End PBXBuildFile section */

/* Begin PBXContainerItemProxy section */
		FE432D781E4ED1C300E3F45E /* PBXContainerItemProxy */ = {
			isa = PBXContainerItemProxy;
			containerPortal = FE432D5B1E4ED1C300E3F45E /* Project object */;
			proxyType = 1;
			remoteGlobalIDString = FE432D621E4ED1C300E3F45E;
			remoteInfo = monokit;
		};
		FE432D831E4ED1C300E3F45E /* PBXContainerItemProxy */ = {
			isa = PBXContainerItemProxy;
			containerPortal = FE432D5B1E4ED1C300E3F45E /* Project object */;
			proxyType = 1;
			remoteGlobalIDString = FE432D621E4ED1C300E3F45E;
			remoteInfo = monokit;
		};
		FE59F3C41E4EDE2800843828 /* PBXContainerItemProxy */ = {
			isa = PBXContainerItemProxy;
			containerPortal = FE432D5B1E4ED1C300E3F45E /* Project object */;
			proxyType = 1;
			remoteGlobalIDString = FE59F3B91E4EDE2800843828;
			remoteInfo = Pinboard;
		};
		FE59F3C61E4EDE2800843828 /* PBXContainerItemProxy */ = {
			isa = PBXContainerItemProxy;
			containerPortal = FE432D5B1E4ED1C300E3F45E /* Project object */;
			proxyType = 1;
			remoteGlobalIDString = FE432D621E4ED1C300E3F45E;
			remoteInfo = monokit;
		};
		FE59F3CD1E4EDE2800843828 /* PBXContainerItemProxy */ = {
			isa = PBXContainerItemProxy;
			containerPortal = FE432D5B1E4ED1C300E3F45E /* Project object */;
			proxyType = 1;
			remoteGlobalIDString = FE59F3B91E4EDE2800843828;
			remoteInfo = Pinboard;
		};
		FE59F3E71E4EDE9500843828 /* PBXContainerItemProxy */ = {
			isa = PBXContainerItemProxy;
			containerPortal = FE432D5B1E4ED1C300E3F45E /* Project object */;
			proxyType = 1;
			remoteGlobalIDString = FE59F3DC1E4EDE9400843828;
			remoteInfo = Lib;
		};
		FE59F3E91E4EDE9500843828 /* PBXContainerItemProxy */ = {
			isa = PBXContainerItemProxy;
			containerPortal = FE432D5B1E4ED1C300E3F45E /* Project object */;
			proxyType = 1;
			remoteGlobalIDString = FE432D621E4ED1C300E3F45E;
			remoteInfo = monokit;
		};
		FE59F3F01E4EDE9500843828 /* PBXContainerItemProxy */ = {
			isa = PBXContainerItemProxy;
			containerPortal = FE432D5B1E4ED1C300E3F45E /* Project object */;
			proxyType = 1;
			remoteGlobalIDString = FE59F3DC1E4EDE9400843828;
			remoteInfo = Lib;
		};
		FE59F4071E4EDEE100843828 /* PBXContainerItemProxy */ = {
			isa = PBXContainerItemProxy;
			containerPortal = FE432D5B1E4ED1C300E3F45E /* Project object */;
			proxyType = 1;
			remoteGlobalIDString = FE59F3FE1E4EDEE100843828;
			remoteInfo = PinboardLetter;
		};
		FE59F41A1E4EDEF500843828 /* PBXContainerItemProxy */ = {
			isa = PBXContainerItemProxy;
			containerPortal = FE432D5B1E4ED1C300E3F45E /* Project object */;
			proxyType = 1;
			remoteGlobalIDString = FE59F4111E4EDEF500843828;
			remoteInfo = PinboardStar;
		};
/* End PBXContainerItemProxy section */

/* Begin PBXCopyFilesBuildPhase section */
		FE59F3D41E4EDE2800843828 /* Embed Frameworks */ = {
			isa = PBXCopyFilesBuildPhase;
			buildActionMask = 2147483647;
			dstPath = "";
			dstSubfolderSpec = 10;
			files = (
				FE59F4331E4EF28600843828 /* RxCocoa.framework in Embed Frameworks */,
				FE59F4241E4EDF1E00843828 /* APIKit.framework in Embed Frameworks */,
				FE59F4351E4EF28600843828 /* RxSwift.framework in Embed Frameworks */,
				FE59F3F31E4EDE9500843828 /* Lib.framework in Embed Frameworks */,
				FE59F4281E4EDF1E00843828 /* Result.framework in Embed Frameworks */,
				FE59F4261E4EDF1E00843828 /* Himotoki.framework in Embed Frameworks */,
				FE59F4521E4F028200843828 /* SWXMLHash.framework in Embed Frameworks */,
				FE59F3D01E4EDE2800843828 /* Pinboard.framework in Embed Frameworks */,
			);
			name = "Embed Frameworks";
			runOnlyForDeploymentPostprocessing = 0;
		};
		FE59F40D1E4EDEE100843828 /* Embed App Extensions */ = {
			isa = PBXCopyFilesBuildPhase;
			buildActionMask = 2147483647;
			dstPath = "";
			dstSubfolderSpec = 13;
			files = (
				FE59F4091E4EDEE100843828 /* PinboardLetter.appex in Embed App Extensions */,
				FE59F41C1E4EDEF500843828 /* PinboardStar.appex in Embed App Extensions */,
			);
			name = "Embed App Extensions";
			runOnlyForDeploymentPostprocessing = 0;
		};
/* End PBXCopyFilesBuildPhase section */

/* Begin PBXFileReference section */
		FE432D631E4ED1C300E3F45E /* monokit.app */ = {isa = PBXFileReference; explicitFileType = wrapper.application; includeInIndex = 0; path = monokit.app; sourceTree = BUILT_PRODUCTS_DIR; };
		FE432D661E4ED1C300E3F45E /* AppDelegate.swift */ = {isa = PBXFileReference; lastKnownFileType = sourcecode.swift; path = AppDelegate.swift; sourceTree = "<group>"; };
		FE432D681E4ED1C300E3F45E /* ViewController.swift */ = {isa = PBXFileReference; lastKnownFileType = sourcecode.swift; path = ViewController.swift; sourceTree = "<group>"; };
		FE432D6B1E4ED1C300E3F45E /* Base */ = {isa = PBXFileReference; lastKnownFileType = file.storyboard; name = Base; path = Base.lproj/Main.storyboard; sourceTree = "<group>"; };
		FE432D6D1E4ED1C300E3F45E /* Assets.xcassets */ = {isa = PBXFileReference; lastKnownFileType = folder.assetcatalog; path = Assets.xcassets; sourceTree = "<group>"; };
		FE432D701E4ED1C300E3F45E /* Base */ = {isa = PBXFileReference; lastKnownFileType = file.storyboard; name = Base; path = Base.lproj/LaunchScreen.storyboard; sourceTree = "<group>"; };
		FE432D721E4ED1C300E3F45E /* Info.plist */ = {isa = PBXFileReference; lastKnownFileType = text.plist.xml; path = Info.plist; sourceTree = "<group>"; };
		FE432D771E4ED1C300E3F45E /* monokitTests.xctest */ = {isa = PBXFileReference; explicitFileType = wrapper.cfbundle; includeInIndex = 0; path = monokitTests.xctest; sourceTree = BUILT_PRODUCTS_DIR; };
		FE432D7B1E4ED1C300E3F45E /* monokitTests.swift */ = {isa = PBXFileReference; lastKnownFileType = sourcecode.swift; path = monokitTests.swift; sourceTree = "<group>"; };
		FE432D7D1E4ED1C300E3F45E /* Info.plist */ = {isa = PBXFileReference; lastKnownFileType = text.plist.xml; path = Info.plist; sourceTree = "<group>"; };
		FE432D821E4ED1C300E3F45E /* monokitUITests.xctest */ = {isa = PBXFileReference; explicitFileType = wrapper.cfbundle; includeInIndex = 0; path = monokitUITests.xctest; sourceTree = BUILT_PRODUCTS_DIR; };
		FE432D861E4ED1C300E3F45E /* monokitUITests.swift */ = {isa = PBXFileReference; lastKnownFileType = sourcecode.swift; path = monokitUITests.swift; sourceTree = "<group>"; };
		FE432D881E4ED1C300E3F45E /* Info.plist */ = {isa = PBXFileReference; lastKnownFileType = text.plist.xml; path = Info.plist; sourceTree = "<group>"; };
		FE59F3BA1E4EDE2800843828 /* Pinboard.framework */ = {isa = PBXFileReference; explicitFileType = wrapper.framework; includeInIndex = 0; path = Pinboard.framework; sourceTree = BUILT_PRODUCTS_DIR; };
		FE59F3BC1E4EDE2800843828 /* Pinboard.h */ = {isa = PBXFileReference; lastKnownFileType = sourcecode.c.h; path = Pinboard.h; sourceTree = "<group>"; };
		FE59F3BD1E4EDE2800843828 /* Info.plist */ = {isa = PBXFileReference; lastKnownFileType = text.plist.xml; path = Info.plist; sourceTree = "<group>"; };
		FE59F3C21E4EDE2800843828 /* PinboardTests.xctest */ = {isa = PBXFileReference; explicitFileType = wrapper.cfbundle; includeInIndex = 0; path = PinboardTests.xctest; sourceTree = BUILT_PRODUCTS_DIR; };
		FE59F3CB1E4EDE2800843828 /* Info.plist */ = {isa = PBXFileReference; lastKnownFileType = text.plist.xml; path = Info.plist; sourceTree = "<group>"; };
		FE59F3DD1E4EDE9400843828 /* Lib.framework */ = {isa = PBXFileReference; explicitFileType = wrapper.framework; includeInIndex = 0; path = Lib.framework; sourceTree = BUILT_PRODUCTS_DIR; };
		FE59F3DF1E4EDE9500843828 /* Lib.h */ = {isa = PBXFileReference; lastKnownFileType = sourcecode.c.h; path = Lib.h; sourceTree = "<group>"; };
		FE59F3E01E4EDE9500843828 /* Info.plist */ = {isa = PBXFileReference; lastKnownFileType = text.plist.xml; path = Info.plist; sourceTree = "<group>"; };
		FE59F3E51E4EDE9500843828 /* LibTests.xctest */ = {isa = PBXFileReference; explicitFileType = wrapper.cfbundle; includeInIndex = 0; path = LibTests.xctest; sourceTree = BUILT_PRODUCTS_DIR; };
		FE59F3EE1E4EDE9500843828 /* Info.plist */ = {isa = PBXFileReference; lastKnownFileType = text.plist.xml; path = Info.plist; sourceTree = "<group>"; };
		FE59F3FF1E4EDEE100843828 /* PinboardLetter.appex */ = {isa = PBXFileReference; explicitFileType = "wrapper.app-extension"; includeInIndex = 0; path = PinboardLetter.appex; sourceTree = BUILT_PRODUCTS_DIR; };
		FE59F4011E4EDEE100843828 /* ShareViewController.swift */ = {isa = PBXFileReference; lastKnownFileType = sourcecode.swift; path = ShareViewController.swift; sourceTree = "<group>"; };
		FE59F4041E4EDEE100843828 /* Base */ = {isa = PBXFileReference; lastKnownFileType = file.storyboard; name = Base; path = Base.lproj/MainInterface.storyboard; sourceTree = "<group>"; };
		FE59F4061E4EDEE100843828 /* Info.plist */ = {isa = PBXFileReference; lastKnownFileType = text.plist.xml; path = Info.plist; sourceTree = "<group>"; };
		FE59F4121E4EDEF500843828 /* PinboardStar.appex */ = {isa = PBXFileReference; explicitFileType = "wrapper.app-extension"; includeInIndex = 0; path = PinboardStar.appex; sourceTree = BUILT_PRODUCTS_DIR; };
		FE59F4141E4EDEF500843828 /* ShareViewController.swift */ = {isa = PBXFileReference; lastKnownFileType = sourcecode.swift; path = ShareViewController.swift; sourceTree = "<group>"; };
		FE59F4171E4EDEF500843828 /* Base */ = {isa = PBXFileReference; lastKnownFileType = file.storyboard; name = Base; path = Base.lproj/MainInterface.storyboard; sourceTree = "<group>"; };
		FE59F4191E4EDEF500843828 /* Info.plist */ = {isa = PBXFileReference; lastKnownFileType = text.plist.xml; path = Info.plist; sourceTree = "<group>"; };
		FE59F4201E4EDF1E00843828 /* APIKit.framework */ = {isa = PBXFileReference; lastKnownFileType = wrapper.framework; name = APIKit.framework; path = Carthage/Build/iOS/APIKit.framework; sourceTree = "<group>"; };
		FE59F4211E4EDF1E00843828 /* Himotoki.framework */ = {isa = PBXFileReference; lastKnownFileType = wrapper.framework; name = Himotoki.framework; path = Carthage/Build/iOS/Himotoki.framework; sourceTree = "<group>"; };
		FE59F4221E4EDF1E00843828 /* Result.framework */ = {isa = PBXFileReference; lastKnownFileType = wrapper.framework; name = Result.framework; path = Carthage/Build/iOS/Result.framework; sourceTree = "<group>"; };
		FE59F42B1E4EE09200843828 /* Logger.swift */ = {isa = PBXFileReference; fileEncoding = 4; lastKnownFileType = sourcecode.swift; path = Logger.swift; sourceTree = "<group>"; };
		FE59F42E1E4EEB4D00843828 /* LoggerTests.swift */ = {isa = PBXFileReference; fileEncoding = 4; lastKnownFileType = sourcecode.swift; path = LoggerTests.swift; sourceTree = "<group>"; };
		FE59F4301E4EF28600843828 /* RxCocoa.framework */ = {isa = PBXFileReference; lastKnownFileType = wrapper.framework; name = RxCocoa.framework; path = Carthage/Build/iOS/RxCocoa.framework; sourceTree = "<group>"; };
		FE59F4311E4EF28600843828 /* RxSwift.framework */ = {isa = PBXFileReference; lastKnownFileType = wrapper.framework; name = RxSwift.framework; path = Carthage/Build/iOS/RxSwift.framework; sourceTree = "<group>"; };
		FE59F4381E4EF2BE00843828 /* RxSwift.extension.swift */ = {isa = PBXFileReference; fileEncoding = 4; lastKnownFileType = sourcecode.swift; path = RxSwift.extension.swift; sourceTree = "<group>"; };
		FE59F43D1E4EF4C300843828 /* UserRequests.swift */ = {isa = PBXFileReference; fileEncoding = 4; lastKnownFileType = sourcecode.swift; path = UserRequests.swift; sourceTree = "<group>"; };
		FE59F4411E4EF54700843828 /* Request.extension.swift */ = {isa = PBXFileReference; fileEncoding = 4; lastKnownFileType = sourcecode.swift; path = Request.extension.swift; sourceTree = "<group>"; };
		FE59F4441E4EF77300843828 /* UserRequestsTests.swift */ = {isa = PBXFileReference; fileEncoding = 4; lastKnownFileType = sourcecode.swift; path = UserRequestsTests.swift; sourceTree = "<group>"; };
		FE59F44B1E4EFEFA00843828 /* XMLParser.swift */ = {isa = PBXFileReference; fileEncoding = 4; lastKnownFileType = sourcecode.swift; path = XMLParser.swift; sourceTree = "<group>"; };
		FE59F44E1E4F026700843828 /* SWXMLHash.framework */ = {isa = PBXFileReference; lastKnownFileType = wrapper.framework; name = SWXMLHash.framework; path = Carthage/Build/iOS/SWXMLHash.framework; sourceTree = "<group>"; };
		FE59F4501E4F028200843828 /* SWXMLHash.framework */ = {isa = PBXFileReference; lastKnownFileType = wrapper.framework; name = SWXMLHash.framework; path = Carthage/Build/iOS/SWXMLHash.framework; sourceTree = "<group>"; };
		FE59F4551E4F03B300843828 /* XMLParserTests.swift */ = {isa = PBXFileReference; fileEncoding = 4; lastKnownFileType = sourcecode.swift; path = XMLParserTests.swift; sourceTree = "<group>"; };
		FE59F4571E4F092C00843828 /* TestData.plist */ = {isa = PBXFileReference; fileEncoding = 4; lastKnownFileType = text.plist.xml; path = TestData.plist; sourceTree = "<group>"; };
		FE59F45A1E4F32D300843828 /* TestDataUtil.swift */ = {isa = PBXFileReference; fileEncoding = 4; lastKnownFileType = sourcecode.swift; path = TestDataUtil.swift; sourceTree = "<group>"; };
		FE59F45C1E4F33D400843828 /* PostRequests.swift */ = {isa = PBXFileReference; fileEncoding = 4; lastKnownFileType = sourcecode.swift; path = PostRequests.swift; sourceTree = "<group>"; };
		FE59F45E1E4F384400843828 /* Dictionary.extension.swift */ = {isa = PBXFileReference; fileEncoding = 4; lastKnownFileType = sourcecode.swift; path = Dictionary.extension.swift; sourceTree = "<group>"; };
		FE59F4601E4F390C00843828 /* PostRequestsTests.swift */ = {isa = PBXFileReference; fileEncoding = 4; lastKnownFileType = sourcecode.swift; path = PostRequestsTests.swift; sourceTree = "<group>"; };
/* End PBXFileReference section */

/* Begin PBXFrameworksBuildPhase section */
		FE432D601E4ED1C300E3F45E /* Frameworks */ = {
			isa = PBXFrameworksBuildPhase;
			buildActionMask = 2147483647;
			files = (
				FE59F4321E4EF28600843828 /* RxCocoa.framework in Frameworks */,
				FE59F4231E4EDF1E00843828 /* APIKit.framework in Frameworks */,
				FE59F4341E4EF28600843828 /* RxSwift.framework in Frameworks */,
				FE59F3F21E4EDE9500843828 /* Lib.framework in Frameworks */,
				FE59F4271E4EDF1E00843828 /* Result.framework in Frameworks */,
				FE59F4251E4EDF1E00843828 /* Himotoki.framework in Frameworks */,
				FE59F4511E4F028200843828 /* SWXMLHash.framework in Frameworks */,
				FE59F3CF1E4EDE2800843828 /* Pinboard.framework in Frameworks */,
			);
			runOnlyForDeploymentPostprocessing = 0;
		};
		FE432D741E4ED1C300E3F45E /* Frameworks */ = {
			isa = PBXFrameworksBuildPhase;
			buildActionMask = 2147483647;
			files = (
			);
			runOnlyForDeploymentPostprocessing = 0;
		};
		FE432D7F1E4ED1C300E3F45E /* Frameworks */ = {
			isa = PBXFrameworksBuildPhase;
			buildActionMask = 2147483647;
			files = (
			);
			runOnlyForDeploymentPostprocessing = 0;
		};
		FE59F3B61E4EDE2800843828 /* Frameworks */ = {
			isa = PBXFrameworksBuildPhase;
			buildActionMask = 2147483647;
			files = (
				FE59F4591E4F0C2900843828 /* Lib.framework in Frameworks */,
				FE59F43F1E4EF51C00843828 /* APIKit.framework in Frameworks */,
				FE59F4401E4EF51C00843828 /* Himotoki.framework in Frameworks */,
				FE59F4531E4F02A000843828 /* SWXMLHash.framework in Frameworks */,
			);
			runOnlyForDeploymentPostprocessing = 0;
		};
		FE59F3BF1E4EDE2800843828 /* Frameworks */ = {
			isa = PBXFrameworksBuildPhase;
			buildActionMask = 2147483647;
			files = (
				FE59F4481E4EF8A300843828 /* Lib.framework in Frameworks */,
				FE59F3C31E4EDE2800843828 /* Pinboard.framework in Frameworks */,
				FE59F4461E4EF7D300843828 /* RxSwift.framework in Frameworks */,
				FE59F4471E4EF7D300843828 /* APIKit.framework in Frameworks */,
			);
			runOnlyForDeploymentPostprocessing = 0;
		};
		FE59F3D91E4EDE9400843828 /* Frameworks */ = {
			isa = PBXFrameworksBuildPhase;
			buildActionMask = 2147483647;
			files = (
				FE59F4361E4EF2AC00843828 /* RxSwift.framework in Frameworks */,
				FE59F4371E4EF2AF00843828 /* RxCocoa.framework in Frameworks */,
				FE59F43A1E4EF2CF00843828 /* APIKit.framework in Frameworks */,
				FE59F43B1E4EF2F400843828 /* Result.framework in Frameworks */,
			);
			runOnlyForDeploymentPostprocessing = 0;
		};
		FE59F3E21E4EDE9500843828 /* Frameworks */ = {
			isa = PBXFrameworksBuildPhase;
			buildActionMask = 2147483647;
			files = (
				FE59F3E61E4EDE9500843828 /* Lib.framework in Frameworks */,
				FE59F4491E4EFB8700843828 /* APIKit.framework in Frameworks */,
			);
			runOnlyForDeploymentPostprocessing = 0;
		};
		FE59F3FC1E4EDEE100843828 /* Frameworks */ = {
			isa = PBXFrameworksBuildPhase;
			buildActionMask = 2147483647;
			files = (
			);
			runOnlyForDeploymentPostprocessing = 0;
		};
		FE59F40F1E4EDEF500843828 /* Frameworks */ = {
			isa = PBXFrameworksBuildPhase;
			buildActionMask = 2147483647;
			files = (
			);
			runOnlyForDeploymentPostprocessing = 0;
		};
/* End PBXFrameworksBuildPhase section */

/* Begin PBXGroup section */
		FE432D5A1E4ED1C300E3F45E = {
			isa = PBXGroup;
			children = (
				FE59F4501E4F028200843828 /* SWXMLHash.framework */,
				FE59F4301E4EF28600843828 /* RxCocoa.framework */,
				FE59F4311E4EF28600843828 /* RxSwift.framework */,
				FE59F4201E4EDF1E00843828 /* APIKit.framework */,
				FE59F4211E4EDF1E00843828 /* Himotoki.framework */,
				FE59F4221E4EDF1E00843828 /* Result.framework */,
				FE432D651E4ED1C300E3F45E /* monokit */,
				FE432D7A1E4ED1C300E3F45E /* monokitTests */,
				FE432D851E4ED1C300E3F45E /* monokitUITests */,
				FE59F3BB1E4EDE2800843828 /* Pinboard */,
				FE59F3C81E4EDE2800843828 /* PinboardTests */,
				FE59F3DE1E4EDE9500843828 /* Lib */,
				FE59F3EB1E4EDE9500843828 /* LibTests */,
				FE59F4001E4EDEE100843828 /* PinboardLetter */,
				FE59F4131E4EDEF500843828 /* PinboardStar */,
				FE432D641E4ED1C300E3F45E /* Products */,
				FE59F44D1E4F026700843828 /* Frameworks */,
			);
			sourceTree = "<group>";
		};
		FE432D641E4ED1C300E3F45E /* Products */ = {
			isa = PBXGroup;
			children = (
				FE432D631E4ED1C300E3F45E /* monokit.app */,
				FE432D771E4ED1C300E3F45E /* monokitTests.xctest */,
				FE432D821E4ED1C300E3F45E /* monokitUITests.xctest */,
				FE59F3BA1E4EDE2800843828 /* Pinboard.framework */,
				FE59F3C21E4EDE2800843828 /* PinboardTests.xctest */,
				FE59F3DD1E4EDE9400843828 /* Lib.framework */,
				FE59F3E51E4EDE9500843828 /* LibTests.xctest */,
				FE59F3FF1E4EDEE100843828 /* PinboardLetter.appex */,
				FE59F4121E4EDEF500843828 /* PinboardStar.appex */,
			);
			name = Products;
			sourceTree = "<group>";
		};
		FE432D651E4ED1C300E3F45E /* monokit */ = {
			isa = PBXGroup;
			children = (
				FE432D661E4ED1C300E3F45E /* AppDelegate.swift */,
				FE432D681E4ED1C300E3F45E /* ViewController.swift */,
				FE432D6A1E4ED1C300E3F45E /* Main.storyboard */,
				FE432D6D1E4ED1C300E3F45E /* Assets.xcassets */,
				FE432D6F1E4ED1C300E3F45E /* LaunchScreen.storyboard */,
				FE432D721E4ED1C300E3F45E /* Info.plist */,
			);
			path = monokit;
			sourceTree = "<group>";
		};
		FE432D7A1E4ED1C300E3F45E /* monokitTests */ = {
			isa = PBXGroup;
			children = (
				FE432D7B1E4ED1C300E3F45E /* monokitTests.swift */,
				FE432D7D1E4ED1C300E3F45E /* Info.plist */,
			);
			path = monokitTests;
			sourceTree = "<group>";
		};
		FE432D851E4ED1C300E3F45E /* monokitUITests */ = {
			isa = PBXGroup;
			children = (
				FE432D861E4ED1C300E3F45E /* monokitUITests.swift */,
				FE432D881E4ED1C300E3F45E /* Info.plist */,
			);
			path = monokitUITests;
			sourceTree = "<group>";
		};
		FE59F3BB1E4EDE2800843828 /* Pinboard */ = {
			isa = PBXGroup;
			children = (
				FE59F44A1E4EFEAA00843828 /* Parser */,
				FE59F43C1E4EF31300843828 /* Request */,
				FE59F3BC1E4EDE2800843828 /* Pinboard.h */,
				FE59F3BD1E4EDE2800843828 /* Info.plist */,
			);
			path = Pinboard;
			sourceTree = "<group>";
		};
		FE59F3C81E4EDE2800843828 /* PinboardTests */ = {
			isa = PBXGroup;
			children = (
				FE59F4541E4F03A400843828 /* Parser */,
				FE59F4431E4EF76300843828 /* Request */,
				FE59F3CB1E4EDE2800843828 /* Info.plist */,
				FE59F4571E4F092C00843828 /* TestData.plist */,
				FE59F45A1E4F32D300843828 /* TestDataUtil.swift */,
			);
			path = PinboardTests;
			sourceTree = "<group>";
		};
		FE59F3DE1E4EDE9500843828 /* Lib */ = {
			isa = PBXGroup;
			children = (
				FE59F42A1E4EE08800843828 /* log */,
				FE59F3FA1E4EDEAF00843828 /* extensions */,
				FE59F3DF1E4EDE9500843828 /* Lib.h */,
				FE59F3E01E4EDE9500843828 /* Info.plist */,
			);
			path = Lib;
			sourceTree = "<group>";
		};
		FE59F3EB1E4EDE9500843828 /* LibTests */ = {
			isa = PBXGroup;
			children = (
				FE59F42D1E4EEB3600843828 /* log */,
				FE59F3EE1E4EDE9500843828 /* Info.plist */,
			);
			path = LibTests;
			sourceTree = "<group>";
		};
		FE59F3FA1E4EDEAF00843828 /* extensions */ = {
			isa = PBXGroup;
			children = (
				FE59F4381E4EF2BE00843828 /* RxSwift.extension.swift */,
				FE59F45E1E4F384400843828 /* Dictionary.extension.swift */,
			);
			name = extensions;
			sourceTree = "<group>";
		};
		FE59F4001E4EDEE100843828 /* PinboardLetter */ = {
			isa = PBXGroup;
			children = (
				FE59F4011E4EDEE100843828 /* ShareViewController.swift */,
				FE59F4031E4EDEE100843828 /* MainInterface.storyboard */,
				FE59F4061E4EDEE100843828 /* Info.plist */,
			);
			path = PinboardLetter;
			sourceTree = "<group>";
		};
		FE59F4131E4EDEF500843828 /* PinboardStar */ = {
			isa = PBXGroup;
			children = (
				FE59F4141E4EDEF500843828 /* ShareViewController.swift */,
				FE59F4161E4EDEF500843828 /* MainInterface.storyboard */,
				FE59F4191E4EDEF500843828 /* Info.plist */,
			);
			path = PinboardStar;
			sourceTree = "<group>";
		};
		FE59F42A1E4EE08800843828 /* log */ = {
			isa = PBXGroup;
			children = (
				FE59F42B1E4EE09200843828 /* Logger.swift */,
			);
			name = log;
			sourceTree = "<group>";
		};
		FE59F42D1E4EEB3600843828 /* log */ = {
			isa = PBXGroup;
			children = (
				FE59F42E1E4EEB4D00843828 /* LoggerTests.swift */,
			);
			name = log;
			sourceTree = "<group>";
		};
		FE59F43C1E4EF31300843828 /* Request */ = {
			isa = PBXGroup;
			children = (
				FE59F43D1E4EF4C300843828 /* UserRequests.swift */,
				FE59F4411E4EF54700843828 /* Request.extension.swift */,
				FE59F45C1E4F33D400843828 /* PostRequests.swift */,
			);
			name = Request;
			sourceTree = "<group>";
		};
		FE59F4431E4EF76300843828 /* Request */ = {
			isa = PBXGroup;
			children = (
				FE59F4601E4F390C00843828 /* PostRequestsTests.swift */,
				FE59F4441E4EF77300843828 /* UserRequestsTests.swift */,
			);
			name = Request;
			sourceTree = "<group>";
		};
		FE59F44A1E4EFEAA00843828 /* Parser */ = {
			isa = PBXGroup;
			children = (
				FE59F44B1E4EFEFA00843828 /* XMLParser.swift */,
			);
			name = Parser;
			sourceTree = "<group>";
		};
		FE59F44D1E4F026700843828 /* Frameworks */ = {
			isa = PBXGroup;
			children = (
				FE59F44E1E4F026700843828 /* SWXMLHash.framework */,
			);
			name = Frameworks;
			sourceTree = "<group>";
		};
		FE59F4541E4F03A400843828 /* Parser */ = {
			isa = PBXGroup;
			children = (
				FE59F4551E4F03B300843828 /* XMLParserTests.swift */,
			);
			name = Parser;
			sourceTree = "<group>";
		};
/* End PBXGroup section */

/* Begin PBXHeadersBuildPhase section */
		FE59F3B71E4EDE2800843828 /* Headers */ = {
			isa = PBXHeadersBuildPhase;
			buildActionMask = 2147483647;
			files = (
				FE59F3CC1E4EDE2800843828 /* Pinboard.h in Headers */,
			);
			runOnlyForDeploymentPostprocessing = 0;
		};
		FE59F3DA1E4EDE9400843828 /* Headers */ = {
			isa = PBXHeadersBuildPhase;
			buildActionMask = 2147483647;
			files = (
				FE59F3EF1E4EDE9500843828 /* Lib.h in Headers */,
			);
			runOnlyForDeploymentPostprocessing = 0;
		};
/* End PBXHeadersBuildPhase section */

/* Begin PBXNativeTarget section */
		FE432D621E4ED1C300E3F45E /* monokit */ = {
			isa = PBXNativeTarget;
			buildConfigurationList = FE432D8B1E4ED1C300E3F45E /* Build configuration list for PBXNativeTarget "monokit" */;
			buildPhases = (
				FE432D5F1E4ED1C300E3F45E /* Sources */,
				FE432D601E4ED1C300E3F45E /* Frameworks */,
				FE432D611E4ED1C300E3F45E /* Resources */,
				FE59F3D41E4EDE2800843828 /* Embed Frameworks */,
				FE59F40D1E4EDEE100843828 /* Embed App Extensions */,
				FE59F4291E4EDF4000843828 /* Carthage */,
			);
			buildRules = (
			);
			dependencies = (
				FE59F3CE1E4EDE2800843828 /* PBXTargetDependency */,
				FE59F3F11E4EDE9500843828 /* PBXTargetDependency */,
				FE59F4081E4EDEE100843828 /* PBXTargetDependency */,
				FE59F41B1E4EDEF500843828 /* PBXTargetDependency */,
			);
			name = monokit;
			productName = monokit;
			productReference = FE432D631E4ED1C300E3F45E /* monokit.app */;
			productType = "com.apple.product-type.application";
		};
		FE432D761E4ED1C300E3F45E /* monokitTests */ = {
			isa = PBXNativeTarget;
			buildConfigurationList = FE432D8E1E4ED1C300E3F45E /* Build configuration list for PBXNativeTarget "monokitTests" */;
			buildPhases = (
				FE432D731E4ED1C300E3F45E /* Sources */,
				FE432D741E4ED1C300E3F45E /* Frameworks */,
				FE432D751E4ED1C300E3F45E /* Resources */,
			);
			buildRules = (
			);
			dependencies = (
				FE432D791E4ED1C300E3F45E /* PBXTargetDependency */,
			);
			name = monokitTests;
			productName = monokitTests;
			productReference = FE432D771E4ED1C300E3F45E /* monokitTests.xctest */;
			productType = "com.apple.product-type.bundle.unit-test";
		};
		FE432D811E4ED1C300E3F45E /* monokitUITests */ = {
			isa = PBXNativeTarget;
			buildConfigurationList = FE432D911E4ED1C300E3F45E /* Build configuration list for PBXNativeTarget "monokitUITests" */;
			buildPhases = (
				FE432D7E1E4ED1C300E3F45E /* Sources */,
				FE432D7F1E4ED1C300E3F45E /* Frameworks */,
				FE432D801E4ED1C300E3F45E /* Resources */,
			);
			buildRules = (
			);
			dependencies = (
				FE432D841E4ED1C300E3F45E /* PBXTargetDependency */,
			);
			name = monokitUITests;
			productName = monokitUITests;
			productReference = FE432D821E4ED1C300E3F45E /* monokitUITests.xctest */;
			productType = "com.apple.product-type.bundle.ui-testing";
		};
		FE59F3B91E4EDE2800843828 /* Pinboard */ = {
			isa = PBXNativeTarget;
			buildConfigurationList = FE59F3D11E4EDE2800843828 /* Build configuration list for PBXNativeTarget "Pinboard" */;
			buildPhases = (
				FE59F3B51E4EDE2800843828 /* Sources */,
				FE59F3B61E4EDE2800843828 /* Frameworks */,
				FE59F3B71E4EDE2800843828 /* Headers */,
				FE59F3B81E4EDE2800843828 /* Resources */,
			);
			buildRules = (
			);
			dependencies = (
			);
			name = Pinboard;
			productName = Pinboard;
			productReference = FE59F3BA1E4EDE2800843828 /* Pinboard.framework */;
			productType = "com.apple.product-type.framework";
		};
		FE59F3C11E4EDE2800843828 /* PinboardTests */ = {
			isa = PBXNativeTarget;
			buildConfigurationList = FE59F3D51E4EDE2800843828 /* Build configuration list for PBXNativeTarget "PinboardTests" */;
			buildPhases = (
				FE59F3BE1E4EDE2800843828 /* Sources */,
				FE59F3BF1E4EDE2800843828 /* Frameworks */,
				FE59F3C01E4EDE2800843828 /* Resources */,
			);
			buildRules = (
			);
			dependencies = (
				FE59F3C51E4EDE2800843828 /* PBXTargetDependency */,
				FE59F3C71E4EDE2800843828 /* PBXTargetDependency */,
			);
			name = PinboardTests;
			productName = PinboardTests;
			productReference = FE59F3C21E4EDE2800843828 /* PinboardTests.xctest */;
			productType = "com.apple.product-type.bundle.unit-test";
		};
		FE59F3DC1E4EDE9400843828 /* Lib */ = {
			isa = PBXNativeTarget;
			buildConfigurationList = FE59F3F41E4EDE9500843828 /* Build configuration list for PBXNativeTarget "Lib" */;
			buildPhases = (
				FE59F3D81E4EDE9400843828 /* Sources */,
				FE59F3D91E4EDE9400843828 /* Frameworks */,
				FE59F3DA1E4EDE9400843828 /* Headers */,
				FE59F3DB1E4EDE9400843828 /* Resources */,
			);
			buildRules = (
			);
			dependencies = (
			);
			name = Lib;
			productName = Lib;
			productReference = FE59F3DD1E4EDE9400843828 /* Lib.framework */;
			productType = "com.apple.product-type.framework";
		};
		FE59F3E41E4EDE9500843828 /* LibTests */ = {
			isa = PBXNativeTarget;
			buildConfigurationList = FE59F3F71E4EDE9500843828 /* Build configuration list for PBXNativeTarget "LibTests" */;
			buildPhases = (
				FE59F3E11E4EDE9500843828 /* Sources */,
				FE59F3E21E4EDE9500843828 /* Frameworks */,
				FE59F3E31E4EDE9500843828 /* Resources */,
			);
			buildRules = (
			);
			dependencies = (
				FE59F3E81E4EDE9500843828 /* PBXTargetDependency */,
				FE59F3EA1E4EDE9500843828 /* PBXTargetDependency */,
			);
			name = LibTests;
			productName = LibTests;
			productReference = FE59F3E51E4EDE9500843828 /* LibTests.xctest */;
			productType = "com.apple.product-type.bundle.unit-test";
		};
		FE59F3FE1E4EDEE100843828 /* PinboardLetter */ = {
			isa = PBXNativeTarget;
			buildConfigurationList = FE59F40A1E4EDEE100843828 /* Build configuration list for PBXNativeTarget "PinboardLetter" */;
			buildPhases = (
				FE59F3FB1E4EDEE100843828 /* Sources */,
				FE59F3FC1E4EDEE100843828 /* Frameworks */,
				FE59F3FD1E4EDEE100843828 /* Resources */,
			);
			buildRules = (
			);
			dependencies = (
			);
			name = PinboardLetter;
			productName = PinboardLetter;
			productReference = FE59F3FF1E4EDEE100843828 /* PinboardLetter.appex */;
			productType = "com.apple.product-type.app-extension";
		};
		FE59F4111E4EDEF500843828 /* PinboardStar */ = {
			isa = PBXNativeTarget;
			buildConfigurationList = FE59F41D1E4EDEF500843828 /* Build configuration list for PBXNativeTarget "PinboardStar" */;
			buildPhases = (
				FE59F40E1E4EDEF500843828 /* Sources */,
				FE59F40F1E4EDEF500843828 /* Frameworks */,
				FE59F4101E4EDEF500843828 /* Resources */,
			);
			buildRules = (
			);
			dependencies = (
			);
			name = PinboardStar;
			productName = PinboardStar;
			productReference = FE59F4121E4EDEF500843828 /* PinboardStar.appex */;
			productType = "com.apple.product-type.app-extension";
		};
/* End PBXNativeTarget section */

/* Begin PBXProject section */
		FE432D5B1E4ED1C300E3F45E /* Project object */ = {
			isa = PBXProject;
			attributes = {
				LastSwiftUpdateCheck = 0820;
				LastUpgradeCheck = 0820;
				ORGANIZATIONNAME = mono;
				TargetAttributes = {
					FE432D621E4ED1C300E3F45E = {
						CreatedOnToolsVersion = 8.2.1;
						DevelopmentTeam = 3RPN8GKB6G;
						ProvisioningStyle = Automatic;
					};
					FE432D761E4ED1C300E3F45E = {
						CreatedOnToolsVersion = 8.2.1;
						DevelopmentTeam = 3RPN8GKB6G;
						ProvisioningStyle = Automatic;
						TestTargetID = FE432D621E4ED1C300E3F45E;
					};
					FE432D811E4ED1C300E3F45E = {
						CreatedOnToolsVersion = 8.2.1;
						DevelopmentTeam = 3RPN8GKB6G;
						ProvisioningStyle = Automatic;
						TestTargetID = FE432D621E4ED1C300E3F45E;
					};
					FE59F3B91E4EDE2800843828 = {
						CreatedOnToolsVersion = 8.2.1;
						DevelopmentTeam = 3RPN8GKB6G;
						LastSwiftMigration = 0820;
						ProvisioningStyle = Automatic;
					};
					FE59F3C11E4EDE2800843828 = {
						CreatedOnToolsVersion = 8.2.1;
						DevelopmentTeam = 3RPN8GKB6G;
						ProvisioningStyle = Automatic;
						TestTargetID = FE432D621E4ED1C300E3F45E;
					};
					FE59F3DC1E4EDE9400843828 = {
						CreatedOnToolsVersion = 8.2.1;
						DevelopmentTeam = 3RPN8GKB6G;
						LastSwiftMigration = 0820;
						ProvisioningStyle = Automatic;
					};
					FE59F3E41E4EDE9500843828 = {
						CreatedOnToolsVersion = 8.2.1;
						DevelopmentTeam = 3RPN8GKB6G;
						ProvisioningStyle = Automatic;
						TestTargetID = FE432D621E4ED1C300E3F45E;
					};
					FE59F3FE1E4EDEE100843828 = {
						CreatedOnToolsVersion = 8.2.1;
						DevelopmentTeam = 3RPN8GKB6G;
						ProvisioningStyle = Automatic;
					};
					FE59F4111E4EDEF500843828 = {
						CreatedOnToolsVersion = 8.2.1;
						DevelopmentTeam = 3RPN8GKB6G;
						ProvisioningStyle = Automatic;
					};
				};
			};
			buildConfigurationList = FE432D5E1E4ED1C300E3F45E /* Build configuration list for PBXProject "monokit" */;
			compatibilityVersion = "Xcode 3.2";
			developmentRegion = English;
			hasScannedForEncodings = 0;
			knownRegions = (
				en,
				Base,
			);
			mainGroup = FE432D5A1E4ED1C300E3F45E;
			productRefGroup = FE432D641E4ED1C300E3F45E /* Products */;
			projectDirPath = "";
			projectRoot = "";
			targets = (
				FE432D621E4ED1C300E3F45E /* monokit */,
				FE432D761E4ED1C300E3F45E /* monokitTests */,
				FE432D811E4ED1C300E3F45E /* monokitUITests */,
				FE59F3B91E4EDE2800843828 /* Pinboard */,
				FE59F3C11E4EDE2800843828 /* PinboardTests */,
				FE59F3DC1E4EDE9400843828 /* Lib */,
				FE59F3E41E4EDE9500843828 /* LibTests */,
				FE59F3FE1E4EDEE100843828 /* PinboardLetter */,
				FE59F4111E4EDEF500843828 /* PinboardStar */,
			);
		};
/* End PBXProject section */

/* Begin PBXResourcesBuildPhase section */
		FE432D611E4ED1C300E3F45E /* Resources */ = {
			isa = PBXResourcesBuildPhase;
			buildActionMask = 2147483647;
			files = (
				FE432D711E4ED1C300E3F45E /* LaunchScreen.storyboard in Resources */,
				FE432D6E1E4ED1C300E3F45E /* Assets.xcassets in Resources */,
				FE432D6C1E4ED1C300E3F45E /* Main.storyboard in Resources */,
			);
			runOnlyForDeploymentPostprocessing = 0;
		};
		FE432D751E4ED1C300E3F45E /* Resources */ = {
			isa = PBXResourcesBuildPhase;
			buildActionMask = 2147483647;
			files = (
			);
			runOnlyForDeploymentPostprocessing = 0;
		};
		FE432D801E4ED1C300E3F45E /* Resources */ = {
			isa = PBXResourcesBuildPhase;
			buildActionMask = 2147483647;
			files = (
			);
			runOnlyForDeploymentPostprocessing = 0;
		};
		FE59F3B81E4EDE2800843828 /* Resources */ = {
			isa = PBXResourcesBuildPhase;
			buildActionMask = 2147483647;
			files = (
			);
			runOnlyForDeploymentPostprocessing = 0;
		};
		FE59F3C01E4EDE2800843828 /* Resources */ = {
			isa = PBXResourcesBuildPhase;
			buildActionMask = 2147483647;
			files = (
				FE59F4581E4F092C00843828 /* TestData.plist in Resources */,
			);
			runOnlyForDeploymentPostprocessing = 0;
		};
		FE59F3DB1E4EDE9400843828 /* Resources */ = {
			isa = PBXResourcesBuildPhase;
			buildActionMask = 2147483647;
			files = (
			);
			runOnlyForDeploymentPostprocessing = 0;
		};
		FE59F3E31E4EDE9500843828 /* Resources */ = {
			isa = PBXResourcesBuildPhase;
			buildActionMask = 2147483647;
			files = (
			);
			runOnlyForDeploymentPostprocessing = 0;
		};
		FE59F3FD1E4EDEE100843828 /* Resources */ = {
			isa = PBXResourcesBuildPhase;
			buildActionMask = 2147483647;
			files = (
				FE59F4051E4EDEE100843828 /* MainInterface.storyboard in Resources */,
			);
			runOnlyForDeploymentPostprocessing = 0;
		};
		FE59F4101E4EDEF500843828 /* Resources */ = {
			isa = PBXResourcesBuildPhase;
			buildActionMask = 2147483647;
			files = (
				FE59F4181E4EDEF500843828 /* MainInterface.storyboard in Resources */,
			);
			runOnlyForDeploymentPostprocessing = 0;
		};
/* End PBXResourcesBuildPhase section */

/* Begin PBXShellScriptBuildPhase section */
		FE59F4291E4EDF4000843828 /* Carthage */ = {
			isa = PBXShellScriptBuildPhase;
			buildActionMask = 2147483647;
			files = (
			);
			inputPaths = (
				"$(SRCROOT)/Carthage/Build/iOS/APIKit.framework",
				"$(SRCROOT)/Carthage/Build/iOS/Himotoki.framework",
				"$(SRCROOT)/Carthage/Build/iOS/Result.framework",
				"$(SRCROOT)/Carthage/Build/iOS/RxSwift.framework",
				"$(SRCROOT)/Carthage/Build/iOS/RxCocoa.framework",
				"$(SRCROOT)/Carthage/Build/iOS/SWXMLHash.framework",
			);
			name = Carthage;
			outputPaths = (
			);
			runOnlyForDeploymentPostprocessing = 0;
			shellPath = /bin/sh;
			shellScript = "if [ \"${CONFIGURATION}\" = \"Release\" ]; then\n/usr/local/bin/carthage copy-frameworks\nfi";
		};
/* End PBXShellScriptBuildPhase section */

/* Begin PBXSourcesBuildPhase section */
		FE432D5F1E4ED1C300E3F45E /* Sources */ = {
			isa = PBXSourcesBuildPhase;
			buildActionMask = 2147483647;
			files = (
				FE432D691E4ED1C300E3F45E /* ViewController.swift in Sources */,
				FE432D671E4ED1C300E3F45E /* AppDelegate.swift in Sources */,
			);
			runOnlyForDeploymentPostprocessing = 0;
		};
		FE432D731E4ED1C300E3F45E /* Sources */ = {
			isa = PBXSourcesBuildPhase;
			buildActionMask = 2147483647;
			files = (
				FE432D7C1E4ED1C300E3F45E /* monokitTests.swift in Sources */,
			);
			runOnlyForDeploymentPostprocessing = 0;
		};
		FE432D7E1E4ED1C300E3F45E /* Sources */ = {
			isa = PBXSourcesBuildPhase;
			buildActionMask = 2147483647;
			files = (
				FE432D871E4ED1C300E3F45E /* monokitUITests.swift in Sources */,
			);
			runOnlyForDeploymentPostprocessing = 0;
		};
		FE59F3B51E4EDE2800843828 /* Sources */ = {
			isa = PBXSourcesBuildPhase;
			buildActionMask = 2147483647;
			files = (
				FE59F4421E4EF54700843828 /* Request.extension.swift in Sources */,
				FE59F43E1E4EF4C300843828 /* UserRequests.swift in Sources */,
				FE59F44C1E4EFEFA00843828 /* XMLParser.swift in Sources */,
				FE59F45D1E4F33D400843828 /* PostRequests.swift in Sources */,
			);
			runOnlyForDeploymentPostprocessing = 0;
		};
		FE59F3BE1E4EDE2800843828 /* Sources */ = {
			isa = PBXSourcesBuildPhase;
			buildActionMask = 2147483647;
			files = (
				FE59F4561E4F03B300843828 /* XMLParserTests.swift in Sources */,
				FE59F45B1E4F32D300843828 /* TestDataUtil.swift in Sources */,
				FE59F4451E4EF77300843828 /* UserRequestsTests.swift in Sources */,
				FE59F4611E4F390C00843828 /* PostRequestsTests.swift in Sources */,
			);
			runOnlyForDeploymentPostprocessing = 0;
		};
		FE59F3D81E4EDE9400843828 /* Sources */ = {
			isa = PBXSourcesBuildPhase;
			buildActionMask = 2147483647;
			files = (
				FE59F45F1E4F384400843828 /* Dictionary.extension.swift in Sources */,
				FE59F4391E4EF2BE00843828 /* RxSwift.extension.swift in Sources */,
				FE59F42C1E4EE09200843828 /* Logger.swift in Sources */,
			);
			runOnlyForDeploymentPostprocessing = 0;
		};
		FE59F3E11E4EDE9500843828 /* Sources */ = {
			isa = PBXSourcesBuildPhase;
			buildActionMask = 2147483647;
			files = (
				FE59F42F1E4EEB4D00843828 /* LoggerTests.swift in Sources */,
			);
			runOnlyForDeploymentPostprocessing = 0;
		};
		FE59F3FB1E4EDEE100843828 /* Sources */ = {
			isa = PBXSourcesBuildPhase;
			buildActionMask = 2147483647;
			files = (
				FE59F4021E4EDEE100843828 /* ShareViewController.swift in Sources */,
			);
			runOnlyForDeploymentPostprocessing = 0;
		};
		FE59F40E1E4EDEF500843828 /* Sources */ = {
			isa = PBXSourcesBuildPhase;
			buildActionMask = 2147483647;
			files = (
				FE59F4151E4EDEF500843828 /* ShareViewController.swift in Sources */,
			);
			runOnlyForDeploymentPostprocessing = 0;
		};
/* End PBXSourcesBuildPhase section */

/* Begin PBXTargetDependency section */
		FE432D791E4ED1C300E3F45E /* PBXTargetDependency */ = {
			isa = PBXTargetDependency;
			target = FE432D621E4ED1C300E3F45E /* monokit */;
			targetProxy = FE432D781E4ED1C300E3F45E /* PBXContainerItemProxy */;
		};
		FE432D841E4ED1C300E3F45E /* PBXTargetDependency */ = {
			isa = PBXTargetDependency;
			target = FE432D621E4ED1C300E3F45E /* monokit */;
			targetProxy = FE432D831E4ED1C300E3F45E /* PBXContainerItemProxy */;
		};
		FE59F3C51E4EDE2800843828 /* PBXTargetDependency */ = {
			isa = PBXTargetDependency;
			target = FE59F3B91E4EDE2800843828 /* Pinboard */;
			targetProxy = FE59F3C41E4EDE2800843828 /* PBXContainerItemProxy */;
		};
		FE59F3C71E4EDE2800843828 /* PBXTargetDependency */ = {
			isa = PBXTargetDependency;
			target = FE432D621E4ED1C300E3F45E /* monokit */;
			targetProxy = FE59F3C61E4EDE2800843828 /* PBXContainerItemProxy */;
		};
		FE59F3CE1E4EDE2800843828 /* PBXTargetDependency */ = {
			isa = PBXTargetDependency;
			target = FE59F3B91E4EDE2800843828 /* Pinboard */;
			targetProxy = FE59F3CD1E4EDE2800843828 /* PBXContainerItemProxy */;
		};
		FE59F3E81E4EDE9500843828 /* PBXTargetDependency */ = {
			isa = PBXTargetDependency;
			target = FE59F3DC1E4EDE9400843828 /* Lib */;
			targetProxy = FE59F3E71E4EDE9500843828 /* PBXContainerItemProxy */;
		};
		FE59F3EA1E4EDE9500843828 /* PBXTargetDependency */ = {
			isa = PBXTargetDependency;
			target = FE432D621E4ED1C300E3F45E /* monokit */;
			targetProxy = FE59F3E91E4EDE9500843828 /* PBXContainerItemProxy */;
		};
		FE59F3F11E4EDE9500843828 /* PBXTargetDependency */ = {
			isa = PBXTargetDependency;
			target = FE59F3DC1E4EDE9400843828 /* Lib */;
			targetProxy = FE59F3F01E4EDE9500843828 /* PBXContainerItemProxy */;
		};
		FE59F4081E4EDEE100843828 /* PBXTargetDependency */ = {
			isa = PBXTargetDependency;
			target = FE59F3FE1E4EDEE100843828 /* PinboardLetter */;
			targetProxy = FE59F4071E4EDEE100843828 /* PBXContainerItemProxy */;
		};
		FE59F41B1E4EDEF500843828 /* PBXTargetDependency */ = {
			isa = PBXTargetDependency;
			target = FE59F4111E4EDEF500843828 /* PinboardStar */;
			targetProxy = FE59F41A1E4EDEF500843828 /* PBXContainerItemProxy */;
		};
/* End PBXTargetDependency section */

/* Begin PBXVariantGroup section */
		FE432D6A1E4ED1C300E3F45E /* Main.storyboard */ = {
			isa = PBXVariantGroup;
			children = (
				FE432D6B1E4ED1C300E3F45E /* Base */,
			);
			name = Main.storyboard;
			sourceTree = "<group>";
		};
		FE432D6F1E4ED1C300E3F45E /* LaunchScreen.storyboard */ = {
			isa = PBXVariantGroup;
			children = (
				FE432D701E4ED1C300E3F45E /* Base */,
			);
			name = LaunchScreen.storyboard;
			sourceTree = "<group>";
		};
		FE59F4031E4EDEE100843828 /* MainInterface.storyboard */ = {
			isa = PBXVariantGroup;
			children = (
				FE59F4041E4EDEE100843828 /* Base */,
			);
			name = MainInterface.storyboard;
			sourceTree = "<group>";
		};
		FE59F4161E4EDEF500843828 /* MainInterface.storyboard */ = {
			isa = PBXVariantGroup;
			children = (
				FE59F4171E4EDEF500843828 /* Base */,
			);
			name = MainInterface.storyboard;
			sourceTree = "<group>";
		};
/* End PBXVariantGroup section */

/* Begin XCBuildConfiguration section */
		FE432D891E4ED1C300E3F45E /* Debug */ = {
			isa = XCBuildConfiguration;
			buildSettings = {
				ALWAYS_SEARCH_USER_PATHS = NO;
				CLANG_ANALYZER_NONNULL = YES;
				CLANG_CXX_LANGUAGE_STANDARD = "gnu++0x";
				CLANG_CXX_LIBRARY = "libc++";
				CLANG_ENABLE_MODULES = YES;
				CLANG_ENABLE_OBJC_ARC = YES;
				CLANG_WARN_BOOL_CONVERSION = YES;
				CLANG_WARN_CONSTANT_CONVERSION = YES;
				CLANG_WARN_DIRECT_OBJC_ISA_USAGE = YES_ERROR;
				CLANG_WARN_DOCUMENTATION_COMMENTS = YES;
				CLANG_WARN_EMPTY_BODY = YES;
				CLANG_WARN_ENUM_CONVERSION = YES;
				CLANG_WARN_INFINITE_RECURSION = YES;
				CLANG_WARN_INT_CONVERSION = YES;
				CLANG_WARN_OBJC_ROOT_CLASS = YES_ERROR;
				CLANG_WARN_SUSPICIOUS_MOVE = YES;
				CLANG_WARN_UNREACHABLE_CODE = YES;
				CLANG_WARN__DUPLICATE_METHOD_MATCH = YES;
				"CODE_SIGN_IDENTITY[sdk=iphoneos*]" = "iPhone Developer";
				COPY_PHASE_STRIP = NO;
				DEBUG_INFORMATION_FORMAT = dwarf;
				ENABLE_STRICT_OBJC_MSGSEND = YES;
				ENABLE_TESTABILITY = YES;
				GCC_C_LANGUAGE_STANDARD = gnu99;
				GCC_DYNAMIC_NO_PIC = NO;
				GCC_NO_COMMON_BLOCKS = YES;
				GCC_OPTIMIZATION_LEVEL = 0;
				GCC_PREPROCESSOR_DEFINITIONS = (
					"DEBUG=1",
					"$(inherited)",
				);
				GCC_WARN_64_TO_32_BIT_CONVERSION = YES;
				GCC_WARN_ABOUT_RETURN_TYPE = YES_ERROR;
				GCC_WARN_UNDECLARED_SELECTOR = YES;
				GCC_WARN_UNINITIALIZED_AUTOS = YES_AGGRESSIVE;
				GCC_WARN_UNUSED_FUNCTION = YES;
				GCC_WARN_UNUSED_VARIABLE = YES;
				MTL_ENABLE_DEBUG_INFO = YES;
				ONLY_ACTIVE_ARCH = YES;
				SDKROOT = iphoneos;
				SWIFT_ACTIVE_COMPILATION_CONDITIONS = DEBUG;
				SWIFT_OPTIMIZATION_LEVEL = "-Onone";
				TARGETED_DEVICE_FAMILY = "1,2";
			};
			name = Debug;
		};
		FE432D8A1E4ED1C300E3F45E /* Release */ = {
			isa = XCBuildConfiguration;
			buildSettings = {
				ALWAYS_SEARCH_USER_PATHS = NO;
				CLANG_ANALYZER_NONNULL = YES;
				CLANG_CXX_LANGUAGE_STANDARD = "gnu++0x";
				CLANG_CXX_LIBRARY = "libc++";
				CLANG_ENABLE_MODULES = YES;
				CLANG_ENABLE_OBJC_ARC = YES;
				CLANG_WARN_BOOL_CONVERSION = YES;
				CLANG_WARN_CONSTANT_CONVERSION = YES;
				CLANG_WARN_DIRECT_OBJC_ISA_USAGE = YES_ERROR;
				CLANG_WARN_DOCUMENTATION_COMMENTS = YES;
				CLANG_WARN_EMPTY_BODY = YES;
				CLANG_WARN_ENUM_CONVERSION = YES;
				CLANG_WARN_INFINITE_RECURSION = YES;
				CLANG_WARN_INT_CONVERSION = YES;
				CLANG_WARN_OBJC_ROOT_CLASS = YES_ERROR;
				CLANG_WARN_SUSPICIOUS_MOVE = YES;
				CLANG_WARN_UNREACHABLE_CODE = YES;
				CLANG_WARN__DUPLICATE_METHOD_MATCH = YES;
				"CODE_SIGN_IDENTITY[sdk=iphoneos*]" = "iPhone Developer";
				COPY_PHASE_STRIP = NO;
				DEBUG_INFORMATION_FORMAT = "dwarf-with-dsym";
				ENABLE_NS_ASSERTIONS = NO;
				ENABLE_STRICT_OBJC_MSGSEND = YES;
				GCC_C_LANGUAGE_STANDARD = gnu99;
				GCC_NO_COMMON_BLOCKS = YES;
				GCC_WARN_64_TO_32_BIT_CONVERSION = YES;
				GCC_WARN_ABOUT_RETURN_TYPE = YES_ERROR;
				GCC_WARN_UNDECLARED_SELECTOR = YES;
				GCC_WARN_UNINITIALIZED_AUTOS = YES_AGGRESSIVE;
				GCC_WARN_UNUSED_FUNCTION = YES;
				GCC_WARN_UNUSED_VARIABLE = YES;
				MTL_ENABLE_DEBUG_INFO = NO;
				SDKROOT = iphoneos;
				SWIFT_OPTIMIZATION_LEVEL = "-Owholemodule";
				TARGETED_DEVICE_FAMILY = "1,2";
				VALIDATE_PRODUCT = YES;
			};
			name = Release;
		};
		FE432D8C1E4ED1C300E3F45E /* Debug */ = {
			isa = XCBuildConfiguration;
			buildSettings = {
				ALWAYS_EMBED_SWIFT_STANDARD_LIBRARIES = YES;
				ASSETCATALOG_COMPILER_APPICON_NAME = AppIcon;
				DEVELOPMENT_TEAM = 3RPN8GKB6G;
				FRAMEWORK_SEARCH_PATHS = (
					"$(inherited)",
					"$(PROJECT_DIR)/Carthage/Build/iOS",
				);
				INFOPLIST_FILE = monokit/Info.plist;
				LD_RUNPATH_SEARCH_PATHS = "$(inherited) @executable_path/Frameworks";
				PRODUCT_BUNDLE_IDENTIFIER = com.mono0926.monokit;
				PRODUCT_NAME = "$(TARGET_NAME)";
				SWIFT_VERSION = 3.0;
			};
			name = Debug;
		};
		FE432D8D1E4ED1C300E3F45E /* Release */ = {
			isa = XCBuildConfiguration;
			buildSettings = {
				ALWAYS_EMBED_SWIFT_STANDARD_LIBRARIES = YES;
				ASSETCATALOG_COMPILER_APPICON_NAME = AppIcon;
				DEVELOPMENT_TEAM = 3RPN8GKB6G;
				FRAMEWORK_SEARCH_PATHS = (
					"$(inherited)",
					"$(PROJECT_DIR)/Carthage/Build/iOS",
				);
				INFOPLIST_FILE = monokit/Info.plist;
				LD_RUNPATH_SEARCH_PATHS = "$(inherited) @executable_path/Frameworks";
				PRODUCT_BUNDLE_IDENTIFIER = com.mono0926.monokit;
				PRODUCT_NAME = "$(TARGET_NAME)";
				SWIFT_VERSION = 3.0;
			};
			name = Release;
		};
		FE432D8F1E4ED1C300E3F45E /* Debug */ = {
			isa = XCBuildConfiguration;
			buildSettings = {
				ALWAYS_EMBED_SWIFT_STANDARD_LIBRARIES = YES;
				BUNDLE_LOADER = "$(TEST_HOST)";
				DEVELOPMENT_TEAM = 3RPN8GKB6G;
				INFOPLIST_FILE = monokitTests/Info.plist;
				LD_RUNPATH_SEARCH_PATHS = "$(inherited) @executable_path/Frameworks @loader_path/Frameworks";
				PRODUCT_BUNDLE_IDENTIFIER = com.mono0926.monokitTests;
				PRODUCT_NAME = "$(TARGET_NAME)";
				SWIFT_VERSION = 3.0;
				TEST_HOST = "$(BUILT_PRODUCTS_DIR)/monokit.app/monokit";
			};
			name = Debug;
		};
		FE432D901E4ED1C300E3F45E /* Release */ = {
			isa = XCBuildConfiguration;
			buildSettings = {
				ALWAYS_EMBED_SWIFT_STANDARD_LIBRARIES = YES;
				BUNDLE_LOADER = "$(TEST_HOST)";
				DEVELOPMENT_TEAM = 3RPN8GKB6G;
				INFOPLIST_FILE = monokitTests/Info.plist;
				LD_RUNPATH_SEARCH_PATHS = "$(inherited) @executable_path/Frameworks @loader_path/Frameworks";
				PRODUCT_BUNDLE_IDENTIFIER = com.mono0926.monokitTests;
				PRODUCT_NAME = "$(TARGET_NAME)";
				SWIFT_VERSION = 3.0;
				TEST_HOST = "$(BUILT_PRODUCTS_DIR)/monokit.app/monokit";
			};
			name = Release;
		};
		FE432D921E4ED1C300E3F45E /* Debug */ = {
			isa = XCBuildConfiguration;
			buildSettings = {
				ALWAYS_EMBED_SWIFT_STANDARD_LIBRARIES = YES;
				DEVELOPMENT_TEAM = 3RPN8GKB6G;
				INFOPLIST_FILE = monokitUITests/Info.plist;
				LD_RUNPATH_SEARCH_PATHS = "$(inherited) @executable_path/Frameworks @loader_path/Frameworks";
				PRODUCT_BUNDLE_IDENTIFIER = com.mono0926.monokitUITests;
				PRODUCT_NAME = "$(TARGET_NAME)";
				SWIFT_VERSION = 3.0;
				TEST_TARGET_NAME = monokit;
			};
			name = Debug;
		};
		FE432D931E4ED1C300E3F45E /* Release */ = {
			isa = XCBuildConfiguration;
			buildSettings = {
				ALWAYS_EMBED_SWIFT_STANDARD_LIBRARIES = YES;
				DEVELOPMENT_TEAM = 3RPN8GKB6G;
				INFOPLIST_FILE = monokitUITests/Info.plist;
				LD_RUNPATH_SEARCH_PATHS = "$(inherited) @executable_path/Frameworks @loader_path/Frameworks";
				PRODUCT_BUNDLE_IDENTIFIER = com.mono0926.monokitUITests;
				PRODUCT_NAME = "$(TARGET_NAME)";
				SWIFT_VERSION = 3.0;
				TEST_TARGET_NAME = monokit;
			};
			name = Release;
		};
		FE59F3D21E4EDE2800843828 /* Debug */ = {
			isa = XCBuildConfiguration;
			buildSettings = {
				CLANG_ENABLE_MODULES = YES;
				CODE_SIGN_IDENTITY = "";
				CURRENT_PROJECT_VERSION = 1;
				DEFINES_MODULE = YES;
				DEVELOPMENT_TEAM = 3RPN8GKB6G;
				DYLIB_COMPATIBILITY_VERSION = 1;
				DYLIB_CURRENT_VERSION = 1;
				DYLIB_INSTALL_NAME_BASE = "@rpath";
				FRAMEWORK_SEARCH_PATHS = (
					"$(inherited)",
					"$(PROJECT_DIR)/Carthage/Build/iOS",
				);
				INFOPLIST_FILE = Pinboard/Info.plist;
				INSTALL_PATH = "$(LOCAL_LIBRARY_DIR)/Frameworks";
				LD_RUNPATH_SEARCH_PATHS = "$(inherited) @executable_path/Frameworks @loader_path/Frameworks";
				PRODUCT_BUNDLE_IDENTIFIER = com.mono0926.Pinboard;
				PRODUCT_NAME = "$(TARGET_NAME)";
				SKIP_INSTALL = YES;
				SWIFT_OPTIMIZATION_LEVEL = "-Onone";
				SWIFT_VERSION = 3.0;
				VERSIONING_SYSTEM = "apple-generic";
				VERSION_INFO_PREFIX = "";
			};
			name = Debug;
		};
		FE59F3D31E4EDE2800843828 /* Release */ = {
			isa = XCBuildConfiguration;
			buildSettings = {
				CLANG_ENABLE_MODULES = YES;
				CODE_SIGN_IDENTITY = "";
				CURRENT_PROJECT_VERSION = 1;
				DEFINES_MODULE = YES;
				DEVELOPMENT_TEAM = 3RPN8GKB6G;
				DYLIB_COMPATIBILITY_VERSION = 1;
				DYLIB_CURRENT_VERSION = 1;
				DYLIB_INSTALL_NAME_BASE = "@rpath";
				FRAMEWORK_SEARCH_PATHS = (
					"$(inherited)",
					"$(PROJECT_DIR)/Carthage/Build/iOS",
				);
				INFOPLIST_FILE = Pinboard/Info.plist;
				INSTALL_PATH = "$(LOCAL_LIBRARY_DIR)/Frameworks";
				LD_RUNPATH_SEARCH_PATHS = "$(inherited) @executable_path/Frameworks @loader_path/Frameworks";
				PRODUCT_BUNDLE_IDENTIFIER = com.mono0926.Pinboard;
				PRODUCT_NAME = "$(TARGET_NAME)";
				SKIP_INSTALL = YES;
				SWIFT_VERSION = 3.0;
				VERSIONING_SYSTEM = "apple-generic";
				VERSION_INFO_PREFIX = "";
			};
			name = Release;
		};
		FE59F3D61E4EDE2800843828 /* Debug */ = {
			isa = XCBuildConfiguration;
			buildSettings = {
				ALWAYS_EMBED_SWIFT_STANDARD_LIBRARIES = YES;
				DEVELOPMENT_TEAM = 3RPN8GKB6G;
				FRAMEWORK_SEARCH_PATHS = (
					"$(inherited)",
					"$(PROJECT_DIR)/Carthage/Build/iOS",
				);
				INFOPLIST_FILE = PinboardTests/Info.plist;
				LD_RUNPATH_SEARCH_PATHS = "$(inherited) @executable_path/Frameworks @loader_path/Frameworks";
				PRODUCT_BUNDLE_IDENTIFIER = com.mono0926.PinboardTests;
				PRODUCT_NAME = "$(TARGET_NAME)";
				SWIFT_VERSION = 3.0;
				TEST_HOST = "$(BUILT_PRODUCTS_DIR)/monokit.app/monokit";
			};
			name = Debug;
		};
		FE59F3D71E4EDE2800843828 /* Release */ = {
			isa = XCBuildConfiguration;
			buildSettings = {
				ALWAYS_EMBED_SWIFT_STANDARD_LIBRARIES = YES;
				DEVELOPMENT_TEAM = 3RPN8GKB6G;
				FRAMEWORK_SEARCH_PATHS = (
					"$(inherited)",
					"$(PROJECT_DIR)/Carthage/Build/iOS",
				);
				INFOPLIST_FILE = PinboardTests/Info.plist;
				LD_RUNPATH_SEARCH_PATHS = "$(inherited) @executable_path/Frameworks @loader_path/Frameworks";
				PRODUCT_BUNDLE_IDENTIFIER = com.mono0926.PinboardTests;
				PRODUCT_NAME = "$(TARGET_NAME)";
				SWIFT_VERSION = 3.0;
				TEST_HOST = "$(BUILT_PRODUCTS_DIR)/monokit.app/monokit";
			};
			name = Release;
		};
		FE59F3F51E4EDE9500843828 /* Debug */ = {
			isa = XCBuildConfiguration;
			buildSettings = {
				CLANG_ENABLE_MODULES = YES;
				CODE_SIGN_IDENTITY = "";
				CURRENT_PROJECT_VERSION = 1;
				DEFINES_MODULE = YES;
				DEVELOPMENT_TEAM = 3RPN8GKB6G;
				DYLIB_COMPATIBILITY_VERSION = 1;
				DYLIB_CURRENT_VERSION = 1;
				DYLIB_INSTALL_NAME_BASE = "@rpath";
				FRAMEWORK_SEARCH_PATHS = (
					"$(inherited)",
					"$(PROJECT_DIR)/Carthage/Build/iOS",
				);
				INFOPLIST_FILE = Lib/Info.plist;
				INSTALL_PATH = "$(LOCAL_LIBRARY_DIR)/Frameworks";
				LD_RUNPATH_SEARCH_PATHS = "$(inherited) @executable_path/Frameworks @loader_path/Frameworks";
				PRODUCT_BUNDLE_IDENTIFIER = com.mono0926.Lib;
				PRODUCT_NAME = "$(TARGET_NAME)";
				SKIP_INSTALL = YES;
				SWIFT_OPTIMIZATION_LEVEL = "-Onone";
				SWIFT_VERSION = 3.0;
				VERSIONING_SYSTEM = "apple-generic";
				VERSION_INFO_PREFIX = "";
			};
			name = Debug;
		};
		FE59F3F61E4EDE9500843828 /* Release */ = {
			isa = XCBuildConfiguration;
			buildSettings = {
				CLANG_ENABLE_MODULES = YES;
				CODE_SIGN_IDENTITY = "";
				CURRENT_PROJECT_VERSION = 1;
				DEFINES_MODULE = YES;
				DEVELOPMENT_TEAM = 3RPN8GKB6G;
				DYLIB_COMPATIBILITY_VERSION = 1;
				DYLIB_CURRENT_VERSION = 1;
				DYLIB_INSTALL_NAME_BASE = "@rpath";
				FRAMEWORK_SEARCH_PATHS = (
					"$(inherited)",
					"$(PROJECT_DIR)/Carthage/Build/iOS",
				);
				INFOPLIST_FILE = Lib/Info.plist;
				INSTALL_PATH = "$(LOCAL_LIBRARY_DIR)/Frameworks";
				LD_RUNPATH_SEARCH_PATHS = "$(inherited) @executable_path/Frameworks @loader_path/Frameworks";
				PRODUCT_BUNDLE_IDENTIFIER = com.mono0926.Lib;
				PRODUCT_NAME = "$(TARGET_NAME)";
				SKIP_INSTALL = YES;
				SWIFT_VERSION = 3.0;
				VERSIONING_SYSTEM = "apple-generic";
				VERSION_INFO_PREFIX = "";
			};
			name = Release;
		};
		FE59F3F81E4EDE9500843828 /* Debug */ = {
			isa = XCBuildConfiguration;
			buildSettings = {
				ALWAYS_EMBED_SWIFT_STANDARD_LIBRARIES = YES;
				DEVELOPMENT_TEAM = 3RPN8GKB6G;
				FRAMEWORK_SEARCH_PATHS = (
					"$(inherited)",
					"$(PROJECT_DIR)/Carthage/Build/iOS",
				);
				INFOPLIST_FILE = LibTests/Info.plist;
				LD_RUNPATH_SEARCH_PATHS = "$(inherited) @executable_path/Frameworks @loader_path/Frameworks";
				PRODUCT_BUNDLE_IDENTIFIER = com.mono0926.LibTests;
				PRODUCT_NAME = "$(TARGET_NAME)";
				SWIFT_VERSION = 3.0;
				TEST_HOST = "$(BUILT_PRODUCTS_DIR)/monokit.app/monokit";
			};
			name = Debug;
		};
		FE59F3F91E4EDE9500843828 /* Release */ = {
			isa = XCBuildConfiguration;
			buildSettings = {
				ALWAYS_EMBED_SWIFT_STANDARD_LIBRARIES = YES;
				DEVELOPMENT_TEAM = 3RPN8GKB6G;
				FRAMEWORK_SEARCH_PATHS = (
					"$(inherited)",
					"$(PROJECT_DIR)/Carthage/Build/iOS",
				);
				INFOPLIST_FILE = LibTests/Info.plist;
				LD_RUNPATH_SEARCH_PATHS = "$(inherited) @executable_path/Frameworks @loader_path/Frameworks";
				PRODUCT_BUNDLE_IDENTIFIER = com.mono0926.LibTests;
				PRODUCT_NAME = "$(TARGET_NAME)";
				SWIFT_VERSION = 3.0;
				TEST_HOST = "$(BUILT_PRODUCTS_DIR)/monokit.app/monokit";
			};
			name = Release;
		};
		FE59F40B1E4EDEE100843828 /* Debug */ = {
			isa = XCBuildConfiguration;
			buildSettings = {
				DEVELOPMENT_TEAM = 3RPN8GKB6G;
				INFOPLIST_FILE = PinboardLetter/Info.plist;
				LD_RUNPATH_SEARCH_PATHS = "$(inherited) @executable_path/Frameworks @executable_path/../../Frameworks";
				PRODUCT_BUNDLE_IDENTIFIER = com.mono0926.monokit.PinboardLetter;
				PRODUCT_NAME = "$(TARGET_NAME)";
				SKIP_INSTALL = YES;
				SWIFT_VERSION = 3.0;
			};
			name = Debug;
		};
		FE59F40C1E4EDEE100843828 /* Release */ = {
			isa = XCBuildConfiguration;
			buildSettings = {
				DEVELOPMENT_TEAM = 3RPN8GKB6G;
				INFOPLIST_FILE = PinboardLetter/Info.plist;
				LD_RUNPATH_SEARCH_PATHS = "$(inherited) @executable_path/Frameworks @executable_path/../../Frameworks";
				PRODUCT_BUNDLE_IDENTIFIER = com.mono0926.monokit.PinboardLetter;
				PRODUCT_NAME = "$(TARGET_NAME)";
				SKIP_INSTALL = YES;
				SWIFT_VERSION = 3.0;
			};
			name = Release;
		};
		FE59F41E1E4EDEF500843828 /* Debug */ = {
			isa = XCBuildConfiguration;
			buildSettings = {
				DEVELOPMENT_TEAM = 3RPN8GKB6G;
				INFOPLIST_FILE = PinboardStar/Info.plist;
				LD_RUNPATH_SEARCH_PATHS = "$(inherited) @executable_path/Frameworks @executable_path/../../Frameworks";
				PRODUCT_BUNDLE_IDENTIFIER = com.mono0926.monokit.PinboardStar;
				PRODUCT_NAME = "$(TARGET_NAME)";
				SKIP_INSTALL = YES;
				SWIFT_VERSION = 3.0;
			};
			name = Debug;
		};
		FE59F41F1E4EDEF500843828 /* Release */ = {
			isa = XCBuildConfiguration;
			buildSettings = {
				DEVELOPMENT_TEAM = 3RPN8GKB6G;
				INFOPLIST_FILE = PinboardStar/Info.plist;
				LD_RUNPATH_SEARCH_PATHS = "$(inherited) @executable_path/Frameworks @executable_path/../../Frameworks";
				PRODUCT_BUNDLE_IDENTIFIER = com.mono0926.monokit.PinboardStar;
				PRODUCT_NAME = "$(TARGET_NAME)";
				SKIP_INSTALL = YES;
				SWIFT_VERSION = 3.0;
			};
			name = Release;
		};
/* End XCBuildConfiguration section */

/* Begin XCConfigurationList section */
		FE432D5E1E4ED1C300E3F45E /* Build configuration list for PBXProject "monokit" */ = {
			isa = XCConfigurationList;
			buildConfigurations = (
				FE432D891E4ED1C300E3F45E /* Debug */,
				FE432D8A1E4ED1C300E3F45E /* Release */,
			);
			defaultConfigurationIsVisible = 0;
			defaultConfigurationName = Release;
		};
		FE432D8B1E4ED1C300E3F45E /* Build configuration list for PBXNativeTarget "monokit" */ = {
			isa = XCConfigurationList;
			buildConfigurations = (
				FE432D8C1E4ED1C300E3F45E /* Debug */,
				FE432D8D1E4ED1C300E3F45E /* Release */,
			);
			defaultConfigurationIsVisible = 0;
			defaultConfigurationName = Release;
		};
		FE432D8E1E4ED1C300E3F45E /* Build configuration list for PBXNativeTarget "monokitTests" */ = {
			isa = XCConfigurationList;
			buildConfigurations = (
				FE432D8F1E4ED1C300E3F45E /* Debug */,
				FE432D901E4ED1C300E3F45E /* Release */,
			);
			defaultConfigurationIsVisible = 0;
			defaultConfigurationName = Release;
		};
		FE432D911E4ED1C300E3F45E /* Build configuration list for PBXNativeTarget "monokitUITests" */ = {
			isa = XCConfigurationList;
			buildConfigurations = (
				FE432D921E4ED1C300E3F45E /* Debug */,
				FE432D931E4ED1C300E3F45E /* Release */,
			);
			defaultConfigurationIsVisible = 0;
			defaultConfigurationName = Release;
		};
		FE59F3D11E4EDE2800843828 /* Build configuration list for PBXNativeTarget "Pinboard" */ = {
			isa = XCConfigurationList;
			buildConfigurations = (
				FE59F3D21E4EDE2800843828 /* Debug */,
				FE59F3D31E4EDE2800843828 /* Release */,
			);
			defaultConfigurationIsVisible = 0;
		};
		FE59F3D51E4EDE2800843828 /* Build configuration list for PBXNativeTarget "PinboardTests" */ = {
			isa = XCConfigurationList;
			buildConfigurations = (
				FE59F3D61E4EDE2800843828 /* Debug */,
				FE59F3D71E4EDE2800843828 /* Release */,
			);
			defaultConfigurationIsVisible = 0;
		};
		FE59F3F41E4EDE9500843828 /* Build configuration list for PBXNativeTarget "Lib" */ = {
			isa = XCConfigurationList;
			buildConfigurations = (
				FE59F3F51E4EDE9500843828 /* Debug */,
				FE59F3F61E4EDE9500843828 /* Release */,
			);
			defaultConfigurationIsVisible = 0;
		};
		FE59F3F71E4EDE9500843828 /* Build configuration list for PBXNativeTarget "LibTests" */ = {
			isa = XCConfigurationList;
			buildConfigurations = (
				FE59F3F81E4EDE9500843828 /* Debug */,
				FE59F3F91E4EDE9500843828 /* Release */,
			);
			defaultConfigurationIsVisible = 0;
		};
		FE59F40A1E4EDEE100843828 /* Build configuration list for PBXNativeTarget "PinboardLetter" */ = {
			isa = XCConfigurationList;
			buildConfigurations = (
				FE59F40B1E4EDEE100843828 /* Debug */,
				FE59F40C1E4EDEE100843828 /* Release */,
			);
			defaultConfigurationIsVisible = 0;
		};
		FE59F41D1E4EDEF500843828 /* Build configuration list for PBXNativeTarget "PinboardStar" */ = {
			isa = XCConfigurationList;
			buildConfigurations = (
				FE59F41E1E4EDEF500843828 /* Debug */,
				FE59F41F1E4EDEF500843828 /* Release */,
			);
			defaultConfigurationIsVisible = 0;
		};
/* End XCConfigurationList section */
	};
	rootObject = FE432D5B1E4ED1C300E3F45E /* Project object */;
}
