// !$*UTF8*$!
{
	archiveVersion = 1;
	classes = {
	};
	objectVersion = 46;
	objects = {

/* Begin PBXBuildFile section */
		FE432D671E4ED1C300E3F45E /* AppDelegate.swift in Sources */ = {isa = PBXBuildFile; fileRef = FE432D661E4ED1C300E3F45E /* AppDelegate.swift */; };
		FE432D691E4ED1C300E3F45E /* ViewController.swift in Sources */ = {isa = PBXBuildFile; fileRef = FE432D681E4ED1C300E3F45E /* ViewController.swift */; };
		FE432D6C1E4ED1C300E3F45E /* Main.storyboard in Resources */ = {isa = PBXBuildFile; fileRef = FE432D6A1E4ED1C300E3F45E /* Main.storyboard */; };
		FE432D6E1E4ED1C300E3F45E /* Assets.xcassets in Resources */ = {isa = PBXBuildFile; fileRef = FE432D6D1E4ED1C300E3F45E /* Assets.xcassets */; };
		FE432D711E4ED1C300E3F45E /* LaunchScreen.storyboard in Resources */ = {isa = PBXBuildFile; fileRef = FE432D6F1E4ED1C300E3F45E /* LaunchScreen.storyboard */; };
		FE59F3C31E4EDE2800843828 /* Pinboard.framework in Frameworks */ = {isa = PBXBuildFile; fileRef = FE59F3BA1E4EDE2800843828 /* Pinboard.framework */; };
		FE59F3CC1E4EDE2800843828 /* Pinboard.h in Headers */ = {isa = PBXBuildFile; fileRef = FE59F3BC1E4EDE2800843828 /* Pinboard.h */; settings = {ATTRIBUTES = (Public, ); }; };
		FE59F3CF1E4EDE2800843828 /* Pinboard.framework in Frameworks */ = {isa = PBXBuildFile; fileRef = FE59F3BA1E4EDE2800843828 /* Pinboard.framework */; };
		FE59F3D01E4EDE2800843828 /* Pinboard.framework in Embed Frameworks */ = {isa = PBXBuildFile; fileRef = FE59F3BA1E4EDE2800843828 /* Pinboard.framework */; settings = {ATTRIBUTES = (CodeSignOnCopy, RemoveHeadersOnCopy, ); }; };
		FE59F3E61E4EDE9500843828 /* Lib.framework in Frameworks */ = {isa = PBXBuildFile; fileRef = FE59F3DD1E4EDE9400843828 /* Lib.framework */; };
		FE59F3EF1E4EDE9500843828 /* Lib.h in Headers */ = {isa = PBXBuildFile; fileRef = FE59F3DF1E4EDE9500843828 /* Lib.h */; settings = {ATTRIBUTES = (Public, ); }; };
		FE59F3F21E4EDE9500843828 /* Lib.framework in Frameworks */ = {isa = PBXBuildFile; fileRef = FE59F3DD1E4EDE9400843828 /* Lib.framework */; };
		FE59F3F31E4EDE9500843828 /* Lib.framework in Embed Frameworks */ = {isa = PBXBuildFile; fileRef = FE59F3DD1E4EDE9400843828 /* Lib.framework */; settings = {ATTRIBUTES = (CodeSignOnCopy, RemoveHeadersOnCopy, ); }; };
		FE59F4231E4EDF1E00843828 /* APIKit.framework in Frameworks */ = {isa = PBXBuildFile; fileRef = FE59F4201E4EDF1E00843828 /* APIKit.framework */; };
		FE59F4241E4EDF1E00843828 /* APIKit.framework in Embed Frameworks */ = {isa = PBXBuildFile; fileRef = FE59F4201E4EDF1E00843828 /* APIKit.framework */; settings = {ATTRIBUTES = (CodeSignOnCopy, RemoveHeadersOnCopy, ); }; };
		FE59F4251E4EDF1E00843828 /* Himotoki.framework in Frameworks */ = {isa = PBXBuildFile; fileRef = FE59F4211E4EDF1E00843828 /* Himotoki.framework */; };
		FE59F4261E4EDF1E00843828 /* Himotoki.framework in Embed Frameworks */ = {isa = PBXBuildFile; fileRef = FE59F4211E4EDF1E00843828 /* Himotoki.framework */; settings = {ATTRIBUTES = (CodeSignOnCopy, RemoveHeadersOnCopy, ); }; };
		FE59F4271E4EDF1E00843828 /* Result.framework in Frameworks */ = {isa = PBXBuildFile; fileRef = FE59F4221E4EDF1E00843828 /* Result.framework */; };
		FE59F4281E4EDF1E00843828 /* Result.framework in Embed Frameworks */ = {isa = PBXBuildFile; fileRef = FE59F4221E4EDF1E00843828 /* Result.framework */; settings = {ATTRIBUTES = (CodeSignOnCopy, RemoveHeadersOnCopy, ); }; };
		FE59F42C1E4EE09200843828 /* Logger.swift in Sources */ = {isa = PBXBuildFile; fileRef = FE59F42B1E4EE09200843828 /* Logger.swift */; };
		FE59F42F1E4EEB4D00843828 /* LoggerTests.swift in Sources */ = {isa = PBXBuildFile; fileRef = FE59F42E1E4EEB4D00843828 /* LoggerTests.swift */; };
		FE59F4321E4EF28600843828 /* RxCocoa.framework in Frameworks */ = {isa = PBXBuildFile; fileRef = FE59F4301E4EF28600843828 /* RxCocoa.framework */; };
		FE59F4331E4EF28600843828 /* RxCocoa.framework in Embed Frameworks */ = {isa = PBXBuildFile; fileRef = FE59F4301E4EF28600843828 /* RxCocoa.framework */; settings = {ATTRIBUTES = (CodeSignOnCopy, RemoveHeadersOnCopy, ); }; };
		FE59F4341E4EF28600843828 /* RxSwift.framework in Frameworks */ = {isa = PBXBuildFile; fileRef = FE59F4311E4EF28600843828 /* RxSwift.framework */; };
		FE59F4351E4EF28600843828 /* RxSwift.framework in Embed Frameworks */ = {isa = PBXBuildFile; fileRef = FE59F4311E4EF28600843828 /* RxSwift.framework */; settings = {ATTRIBUTES = (CodeSignOnCopy, RemoveHeadersOnCopy, ); }; };
		FE59F4361E4EF2AC00843828 /* RxSwift.framework in Frameworks */ = {isa = PBXBuildFile; fileRef = FE59F4311E4EF28600843828 /* RxSwift.framework */; };
		FE59F4371E4EF2AF00843828 /* RxCocoa.framework in Frameworks */ = {isa = PBXBuildFile; fileRef = FE59F4301E4EF28600843828 /* RxCocoa.framework */; };
		FE59F4391E4EF2BE00843828 /* RxSwift.extension.swift in Sources */ = {isa = PBXBuildFile; fileRef = FE59F4381E4EF2BE00843828 /* RxSwift.extension.swift */; };
		FE59F43A1E4EF2CF00843828 /* APIKit.framework in Frameworks */ = {isa = PBXBuildFile; fileRef = FE59F4201E4EDF1E00843828 /* APIKit.framework */; };
		FE59F43B1E4EF2F400843828 /* Result.framework in Frameworks */ = {isa = PBXBuildFile; fileRef = FE59F4221E4EDF1E00843828 /* Result.framework */; };
		FE59F43E1E4EF4C300843828 /* UserRequests.swift in Sources */ = {isa = PBXBuildFile; fileRef = FE59F43D1E4EF4C300843828 /* UserRequests.swift */; };
		FE59F43F1E4EF51C00843828 /* APIKit.framework in Frameworks */ = {isa = PBXBuildFile; fileRef = FE59F4201E4EDF1E00843828 /* APIKit.framework */; };
		FE59F4401E4EF51C00843828 /* Himotoki.framework in Frameworks */ = {isa = PBXBuildFile; fileRef = FE59F4211E4EDF1E00843828 /* Himotoki.framework */; };
		FE59F4421E4EF54700843828 /* Request.extension.swift in Sources */ = {isa = PBXBuildFile; fileRef = FE59F4411E4EF54700843828 /* Request.extension.swift */; };
		FE59F4451E4EF77300843828 /* UserRequestsTests.swift in Sources */ = {isa = PBXBuildFile; fileRef = FE59F4441E4EF77300843828 /* UserRequestsTests.swift */; };
		FE59F4461E4EF7D300843828 /* RxSwift.framework in Frameworks */ = {isa = PBXBuildFile; fileRef = FE59F4311E4EF28600843828 /* RxSwift.framework */; };
		FE59F4471E4EF7D300843828 /* APIKit.framework in Frameworks */ = {isa = PBXBuildFile; fileRef = FE59F4201E4EDF1E00843828 /* APIKit.framework */; };
		FE59F4481E4EF8A300843828 /* Lib.framework in Frameworks */ = {isa = PBXBuildFile; fileRef = FE59F3DD1E4EDE9400843828 /* Lib.framework */; };
		FE59F4491E4EFB8700843828 /* APIKit.framework in Frameworks */ = {isa = PBXBuildFile; fileRef = FE59F4201E4EDF1E00843828 /* APIKit.framework */; };
		FE59F44C1E4EFEFA00843828 /* XMLParser.swift in Sources */ = {isa = PBXBuildFile; fileRef = FE59F44B1E4EFEFA00843828 /* XMLParser.swift */; };
		FE59F4511E4F028200843828 /* SWXMLHash.framework in Frameworks */ = {isa = PBXBuildFile; fileRef = FE59F4501E4F028200843828 /* SWXMLHash.framework */; };
		FE59F4521E4F028200843828 /* SWXMLHash.framework in Embed Frameworks */ = {isa = PBXBuildFile; fileRef = FE59F4501E4F028200843828 /* SWXMLHash.framework */; settings = {ATTRIBUTES = (CodeSignOnCopy, RemoveHeadersOnCopy, ); }; };
		FE59F4531E4F02A000843828 /* SWXMLHash.framework in Frameworks */ = {isa = PBXBuildFile; fileRef = FE59F4501E4F028200843828 /* SWXMLHash.framework */; };
		FE59F4561E4F03B300843828 /* XMLParserTests.swift in Sources */ = {isa = PBXBuildFile; fileRef = FE59F4551E4F03B300843828 /* XMLParserTests.swift */; };
		FE59F4581E4F092C00843828 /* TestData.plist in Resources */ = {isa = PBXBuildFile; fileRef = FE59F4571E4F092C00843828 /* TestData.plist */; };
		FE59F4591E4F0C2900843828 /* Lib.framework in Frameworks */ = {isa = PBXBuildFile; fileRef = FE59F3DD1E4EDE9400843828 /* Lib.framework */; };
		FE59F45B1E4F32D300843828 /* TestDataUtil.swift in Sources */ = {isa = PBXBuildFile; fileRef = FE59F45A1E4F32D300843828 /* TestDataUtil.swift */; };
		FE59F45D1E4F33D400843828 /* PostRequests.swift in Sources */ = {isa = PBXBuildFile; fileRef = FE59F45C1E4F33D400843828 /* PostRequests.swift */; };
		FE59F45F1E4F384400843828 /* Dictionary.extension.swift in Sources */ = {isa = PBXBuildFile; fileRef = FE59F45E1E4F384400843828 /* Dictionary.extension.swift */; };
		FE59F4611E4F390C00843828 /* PostRequestsTests.swift in Sources */ = {isa = PBXBuildFile; fileRef = FE59F4601E4F390C00843828 /* PostRequestsTests.swift */; };
		FE59F4651E4F405A00843828 /* PinboardViewController.swift in Sources */ = {isa = PBXBuildFile; fileRef = FE59F4641E4F405A00843828 /* PinboardViewController.swift */; };
		FE59F4671E4F40A800843828 /* Localizable.strings in Resources */ = {isa = PBXBuildFile; fileRef = FE59F4661E4F40A800843828 /* Localizable.strings */; };
		FE59F46A1E4F437500843828 /* PinboardService.swift in Sources */ = {isa = PBXBuildFile; fileRef = FE59F4691E4F437500843828 /* PinboardService.swift */; };
		FE59F46C1E4F452C00843828 /* KeychainAccess.framework in Frameworks */ = {isa = PBXBuildFile; fileRef = FE59F46B1E4F452C00843828 /* KeychainAccess.framework */; };
		FE59F46D1E4F452C00843828 /* KeychainAccess.framework in Embed Frameworks */ = {isa = PBXBuildFile; fileRef = FE59F46B1E4F452C00843828 /* KeychainAccess.framework */; settings = {ATTRIBUTES = (CodeSignOnCopy, RemoveHeadersOnCopy, ); }; };
		FE59F46F1E4F456500843828 /* SwiftyUserDefaults.framework in Frameworks */ = {isa = PBXBuildFile; fileRef = FE59F46E1E4F456500843828 /* SwiftyUserDefaults.framework */; };
		FE59F4701E4F456500843828 /* SwiftyUserDefaults.framework in Embed Frameworks */ = {isa = PBXBuildFile; fileRef = FE59F46E1E4F456500843828 /* SwiftyUserDefaults.framework */; settings = {ATTRIBUTES = (CodeSignOnCopy, RemoveHeadersOnCopy, ); }; };
		FE59F4711E4F457700843828 /* SwiftyUserDefaults.framework in Frameworks */ = {isa = PBXBuildFile; fileRef = FE59F46E1E4F456500843828 /* SwiftyUserDefaults.framework */; };
		FE59F4721E4F457700843828 /* KeychainAccess.framework in Frameworks */ = {isa = PBXBuildFile; fileRef = FE59F46B1E4F452C00843828 /* KeychainAccess.framework */; };
		FE59F4741E4F459000843828 /* UserDefaults.pinboard.swift in Sources */ = {isa = PBXBuildFile; fileRef = FE59F4731E4F459000843828 /* UserDefaults.pinboard.swift */; };
		FE59F4751E4F46C900843828 /* KeychainAccess.framework in Frameworks */ = {isa = PBXBuildFile; fileRef = FE59F46B1E4F452C00843828 /* KeychainAccess.framework */; };
		FE59F4771E4F46D800843828 /* Keychain.swift in Sources */ = {isa = PBXBuildFile; fileRef = FE59F4761E4F46D800843828 /* Keychain.swift */; };
		FE59F4791E4F483F00843828 /* Keychain.swift in Sources */ = {isa = PBXBuildFile; fileRef = FE59F4781E4F483F00843828 /* Keychain.swift */; };
		FE59F47A1E4F49B800843828 /* SwiftyUserDefaults.framework in Frameworks */ = {isa = PBXBuildFile; fileRef = FE59F46E1E4F456500843828 /* SwiftyUserDefaults.framework */; };
		FE59F47B1E4F49C200843828 /* KeychainAccess.framework in Frameworks */ = {isa = PBXBuildFile; fileRef = FE59F46B1E4F452C00843828 /* KeychainAccess.framework */; };
		FE59F47D1E4F4D0300843828 /* SVProgressHUD.framework in Frameworks */ = {isa = PBXBuildFile; fileRef = FE59F47C1E4F4D0300843828 /* SVProgressHUD.framework */; };
		FE59F47E1E4F4D0300843828 /* SVProgressHUD.framework in Embed Frameworks */ = {isa = PBXBuildFile; fileRef = FE59F47C1E4F4D0300843828 /* SVProgressHUD.framework */; settings = {ATTRIBUTES = (CodeSignOnCopy, RemoveHeadersOnCopy, ); }; };
		FE59F4801E4F4D1500843828 /* Progress.swift in Sources */ = {isa = PBXBuildFile; fileRef = FE59F47F1E4F4D1500843828 /* Progress.swift */; };
		FE59F4811E4F4D2400843828 /* SVProgressHUD.framework in Frameworks */ = {isa = PBXBuildFile; fileRef = FE59F47C1E4F4D0300843828 /* SVProgressHUD.framework */; };
		FE59F4841E4F53B900843828 /* Pinboard.extension.swift in Sources */ = {isa = PBXBuildFile; fileRef = FE59F4831E4F53B900843828 /* Pinboard.extension.swift */; };
		FE59F4891E4FEF2A00843828 /* Functions.swift in Sources */ = {isa = PBXBuildFile; fileRef = FE59F4881E4FEF2A00843828 /* Functions.swift */; };
		FE59F48B1E4FF13E00843828 /* URL.extension.swift in Sources */ = {isa = PBXBuildFile; fileRef = FE59F48A1E4FF13E00843828 /* URL.extension.swift */; };
		FE59F48D1E4FF17200843828 /* URL.extension.tests.swift in Sources */ = {isa = PBXBuildFile; fileRef = FE59F48C1E4FF17200843828 /* URL.extension.tests.swift */; };
		FE59F4A71E4FF91600843828 /* ShareViewController.swift in Sources */ = {isa = PBXBuildFile; fileRef = FE59F4A61E4FF91600843828 /* ShareViewController.swift */; };
		FE59F4AA1E4FF91700843828 /* MainInterface.storyboard in Resources */ = {isa = PBXBuildFile; fileRef = FE59F4A81E4FF91600843828 /* MainInterface.storyboard */; };
		FE59F4AE1E4FF91700843828 /* PinboardLetter.appex in Embed App Extensions */ = {isa = PBXBuildFile; fileRef = FE59F4A41E4FF91600843828 /* PinboardLetter.appex */; settings = {ATTRIBUTES = (RemoveHeadersOnCopy, ); }; };
		FE59F4B21E4FF9A000843828 /* Lib.framework in Frameworks */ = {isa = PBXBuildFile; fileRef = FE59F3DD1E4EDE9400843828 /* Lib.framework */; };
		FE59F4B31E4FF9A200843828 /* Pinboard.framework in Frameworks */ = {isa = PBXBuildFile; fileRef = FE59F3BA1E4EDE2800843828 /* Pinboard.framework */; };
		FE59F4B41E4FFD5700843828 /* APIKit.framework in Frameworks */ = {isa = PBXBuildFile; fileRef = FE59F4201E4EDF1E00843828 /* APIKit.framework */; };
		FE65F96E1E5092620070B82A /* ShareExtension.swift in Sources */ = {isa = PBXBuildFile; fileRef = FE65F96D1E5092620070B82A /* ShareExtension.swift */; };
		FE65F9711E5092C80070B82A /* TumblrService.swift in Sources */ = {isa = PBXBuildFile; fileRef = FE65F9701E5092C80070B82A /* TumblrService.swift */; };
		FE65F9721E5093C90070B82A /* Lib.framework in Frameworks */ = {isa = PBXBuildFile; fileRef = FE59F3DD1E4EDE9400843828 /* Lib.framework */; };
		FE65F9731E5093C90070B82A /* Tumblr.framework in Frameworks */ = {isa = PBXBuildFile; fileRef = FE6EDDCF1E50715F00DFAE57 /* Tumblr.framework */; };
		FE65F9741E5093CB0070B82A /* APIKit.framework in Frameworks */ = {isa = PBXBuildFile; fileRef = FE59F4201E4EDF1E00843828 /* APIKit.framework */; };
		FE6EDDB11E50266500DFAE57 /* ShareExtension.swift in Sources */ = {isa = PBXBuildFile; fileRef = FE6EDDB01E50266500DFAE57 /* ShareExtension.swift */; };
		FE6EDDB91E502BEB00DFAE57 /* ShareViewController.swift in Sources */ = {isa = PBXBuildFile; fileRef = FE6EDDB81E502BEB00DFAE57 /* ShareViewController.swift */; };
		FE6EDDBC1E502BEB00DFAE57 /* MainInterface.storyboard in Resources */ = {isa = PBXBuildFile; fileRef = FE6EDDBA1E502BEB00DFAE57 /* MainInterface.storyboard */; };
		FE6EDDC01E502BEB00DFAE57 /* PinboardStar.appex in Embed App Extensions */ = {isa = PBXBuildFile; fileRef = FE6EDDB61E502BEB00DFAE57 /* PinboardStar.appex */; settings = {ATTRIBUTES = (RemoveHeadersOnCopy, ); }; };
		FE6EDDC41E502C1D00DFAE57 /* Lib.framework in Frameworks */ = {isa = PBXBuildFile; fileRef = FE59F3DD1E4EDE9400843828 /* Lib.framework */; };
		FE6EDDC51E502C1D00DFAE57 /* Pinboard.framework in Frameworks */ = {isa = PBXBuildFile; fileRef = FE59F3BA1E4EDE2800843828 /* Pinboard.framework */; };
		FE6EDDC61E502C1F00DFAE57 /* APIKit.framework in Frameworks */ = {isa = PBXBuildFile; fileRef = FE59F4201E4EDF1E00843828 /* APIKit.framework */; };
		FE6EDDC91E50316300DFAE57 /* ShareExtension.swift in Sources */ = {isa = PBXBuildFile; fileRef = FE6EDDC81E50316300DFAE57 /* ShareExtension.swift */; };
		FE6EDDD81E50716000DFAE57 /* Tumblr.framework in Frameworks */ = {isa = PBXBuildFile; fileRef = FE6EDDCF1E50715F00DFAE57 /* Tumblr.framework */; };
		FE6EDDDF1E50716000DFAE57 /* TumblrTests.swift in Sources */ = {isa = PBXBuildFile; fileRef = FE6EDDDE1E50716000DFAE57 /* TumblrTests.swift */; };
		FE6EDDE11E50716000DFAE57 /* Tumblr.h in Headers */ = {isa = PBXBuildFile; fileRef = FE6EDDD11E50716000DFAE57 /* Tumblr.h */; settings = {ATTRIBUTES = (Public, ); }; };
		FE6EDDE41E50716000DFAE57 /* Tumblr.framework in Frameworks */ = {isa = PBXBuildFile; fileRef = FE6EDDCF1E50715F00DFAE57 /* Tumblr.framework */; };
		FE6EDDE51E50716000DFAE57 /* Tumblr.framework in Embed Frameworks */ = {isa = PBXBuildFile; fileRef = FE6EDDCF1E50715F00DFAE57 /* Tumblr.framework */; settings = {ATTRIBUTES = (CodeSignOnCopy, RemoveHeadersOnCopy, ); }; };
		FE6EDDEC1E50718600DFAE57 /* Lib.framework in Frameworks */ = {isa = PBXBuildFile; fileRef = FE59F3DD1E4EDE9400843828 /* Lib.framework */; };
		FE6EDDED1E5071A700DFAE57 /* SwiftyUserDefaults.framework in Frameworks */ = {isa = PBXBuildFile; fileRef = FE59F46E1E4F456500843828 /* SwiftyUserDefaults.framework */; };
		FE6EDDEE1E5071A700DFAE57 /* KeychainAccess.framework in Frameworks */ = {isa = PBXBuildFile; fileRef = FE59F46B1E4F452C00843828 /* KeychainAccess.framework */; };
		FE6EDDEF1E5071A700DFAE57 /* APIKit.framework in Frameworks */ = {isa = PBXBuildFile; fileRef = FE59F4201E4EDF1E00843828 /* APIKit.framework */; };
		FE6EDDF01E5071A700DFAE57 /* Himotoki.framework in Frameworks */ = {isa = PBXBuildFile; fileRef = FE59F4211E4EDF1E00843828 /* Himotoki.framework */; };
		FE6EDDF31E50720D00DFAE57 /* PostRequests.swift in Sources */ = {isa = PBXBuildFile; fileRef = FE6EDDF21E50720D00DFAE57 /* PostRequests.swift */; };
		FE6EDDF51E50723F00DFAE57 /* Request.swift in Sources */ = {isa = PBXBuildFile; fileRef = FE6EDDF41E50723F00DFAE57 /* Request.swift */; };
		FE6EDDF81E50745A00DFAE57 /* PostsRequests.tests.swift in Sources */ = {isa = PBXBuildFile; fileRef = FE6EDDF71E50745A00DFAE57 /* PostsRequests.tests.swift */; };
		FE6EDDF91E507F3900DFAE57 /* Lib.framework in Frameworks */ = {isa = PBXBuildFile; fileRef = FE59F3DD1E4EDE9400843828 /* Lib.framework */; };
		FE6EDDFA1E507F4800DFAE57 /* SwiftyUserDefaults.framework in Frameworks */ = {isa = PBXBuildFile; fileRef = FE59F46E1E4F456500843828 /* SwiftyUserDefaults.framework */; };
		FE6EDDFB1E507F4800DFAE57 /* KeychainAccess.framework in Frameworks */ = {isa = PBXBuildFile; fileRef = FE59F46B1E4F452C00843828 /* KeychainAccess.framework */; };
		FE6EDDFC1E507F4800DFAE57 /* APIKit.framework in Frameworks */ = {isa = PBXBuildFile; fileRef = FE59F4201E4EDF1E00843828 /* APIKit.framework */; };
		FE6EDDFD1E507F4800DFAE57 /* Himotoki.framework in Frameworks */ = {isa = PBXBuildFile; fileRef = FE59F4211E4EDF1E00843828 /* Himotoki.framework */; };
		FE6EDDFF1E50875700DFAE57 /* OAuthSwift.framework in Frameworks */ = {isa = PBXBuildFile; fileRef = FE6EDDFE1E50875700DFAE57 /* OAuthSwift.framework */; };
		FE6EDE001E50875700DFAE57 /* OAuthSwift.framework in Embed Frameworks */ = {isa = PBXBuildFile; fileRef = FE6EDDFE1E50875700DFAE57 /* OAuthSwift.framework */; settings = {ATTRIBUTES = (CodeSignOnCopy, RemoveHeadersOnCopy, ); }; };
		FE6EDE011E50877600DFAE57 /* OAuthSwift.framework in Frameworks */ = {isa = PBXBuildFile; fileRef = FE6EDDFE1E50875700DFAE57 /* OAuthSwift.framework */; };
		FE6EDE021E50877E00DFAE57 /* OAuthSwift.framework in Frameworks */ = {isa = PBXBuildFile; fileRef = FE6EDDFE1E50875700DFAE57 /* OAuthSwift.framework */; };
		FE6EDE0A1E50917100DFAE57 /* ShareViewController.swift in Sources */ = {isa = PBXBuildFile; fileRef = FE6EDE091E50917100DFAE57 /* ShareViewController.swift */; };
		FE6EDE0D1E50917100DFAE57 /* MainInterface.storyboard in Resources */ = {isa = PBXBuildFile; fileRef = FE6EDE0B1E50917100DFAE57 /* MainInterface.storyboard */; };
		FE6EDE111E50917100DFAE57 /* TumblrLink.appex in Embed App Extensions */ = {isa = PBXBuildFile; fileRef = FE6EDE071E50917100DFAE57 /* TumblrLink.appex */; settings = {ATTRIBUTES = (RemoveHeadersOnCopy, ); }; };
/* End PBXBuildFile section */

/* Begin PBXContainerItemProxy section */
		FE59F3C41E4EDE2800843828 /* PBXContainerItemProxy */ = {
			isa = PBXContainerItemProxy;
			containerPortal = FE432D5B1E4ED1C300E3F45E /* Project object */;
			proxyType = 1;
			remoteGlobalIDString = FE59F3B91E4EDE2800843828;
			remoteInfo = Pinboard;
		};
		FE59F3C61E4EDE2800843828 /* PBXContainerItemProxy */ = {
			isa = PBXContainerItemProxy;
			containerPortal = FE432D5B1E4ED1C300E3F45E /* Project object */;
			proxyType = 1;
			remoteGlobalIDString = FE432D621E4ED1C300E3F45E;
			remoteInfo = monokit;
		};
		FE59F3CD1E4EDE2800843828 /* PBXContainerItemProxy */ = {
			isa = PBXContainerItemProxy;
			containerPortal = FE432D5B1E4ED1C300E3F45E /* Project object */;
			proxyType = 1;
			remoteGlobalIDString = FE59F3B91E4EDE2800843828;
			remoteInfo = Pinboard;
		};
		FE59F3E71E4EDE9500843828 /* PBXContainerItemProxy */ = {
			isa = PBXContainerItemProxy;
			containerPortal = FE432D5B1E4ED1C300E3F45E /* Project object */;
			proxyType = 1;
			remoteGlobalIDString = FE59F3DC1E4EDE9400843828;
			remoteInfo = Lib;
		};
		FE59F3E91E4EDE9500843828 /* PBXContainerItemProxy */ = {
			isa = PBXContainerItemProxy;
			containerPortal = FE432D5B1E4ED1C300E3F45E /* Project object */;
			proxyType = 1;
			remoteGlobalIDString = FE432D621E4ED1C300E3F45E;
			remoteInfo = monokit;
		};
		FE59F3F01E4EDE9500843828 /* PBXContainerItemProxy */ = {
			isa = PBXContainerItemProxy;
			containerPortal = FE432D5B1E4ED1C300E3F45E /* Project object */;
			proxyType = 1;
			remoteGlobalIDString = FE59F3DC1E4EDE9400843828;
			remoteInfo = Lib;
		};
		FE59F4AC1E4FF91700843828 /* PBXContainerItemProxy */ = {
			isa = PBXContainerItemProxy;
			containerPortal = FE432D5B1E4ED1C300E3F45E /* Project object */;
			proxyType = 1;
			remoteGlobalIDString = FE59F4A31E4FF91600843828;
			remoteInfo = PinboardLetter;
		};
		FE6EDDBE1E502BEB00DFAE57 /* PBXContainerItemProxy */ = {
			isa = PBXContainerItemProxy;
			containerPortal = FE432D5B1E4ED1C300E3F45E /* Project object */;
			proxyType = 1;
			remoteGlobalIDString = FE6EDDB51E502BEB00DFAE57;
			remoteInfo = PinboardStar;
		};
		FE6EDDD91E50716000DFAE57 /* PBXContainerItemProxy */ = {
			isa = PBXContainerItemProxy;
			containerPortal = FE432D5B1E4ED1C300E3F45E /* Project object */;
			proxyType = 1;
			remoteGlobalIDString = FE6EDDCE1E50715F00DFAE57;
			remoteInfo = Tumblr;
		};
		FE6EDDDB1E50716000DFAE57 /* PBXContainerItemProxy */ = {
			isa = PBXContainerItemProxy;
			containerPortal = FE432D5B1E4ED1C300E3F45E /* Project object */;
			proxyType = 1;
			remoteGlobalIDString = FE432D621E4ED1C300E3F45E;
			remoteInfo = monokit;
		};
		FE6EDDE21E50716000DFAE57 /* PBXContainerItemProxy */ = {
			isa = PBXContainerItemProxy;
			containerPortal = FE432D5B1E4ED1C300E3F45E /* Project object */;
			proxyType = 1;
			remoteGlobalIDString = FE6EDDCE1E50715F00DFAE57;
			remoteInfo = Tumblr;
		};
		FE6EDE0F1E50917100DFAE57 /* PBXContainerItemProxy */ = {
			isa = PBXContainerItemProxy;
			containerPortal = FE432D5B1E4ED1C300E3F45E /* Project object */;
			proxyType = 1;
			remoteGlobalIDString = FE6EDE061E50917100DFAE57;
			remoteInfo = TumblrLink;
		};
/* End PBXContainerItemProxy section */

/* Begin PBXCopyFilesBuildPhase section */
		FE59F3D41E4EDE2800843828 /* Embed Frameworks */ = {
			isa = PBXCopyFilesBuildPhase;
			buildActionMask = 2147483647;
			dstPath = "";
			dstSubfolderSpec = 10;
			files = (
				FE59F47E1E4F4D0300843828 /* SVProgressHUD.framework in Embed Frameworks */,
				FE6EDDE51E50716000DFAE57 /* Tumblr.framework in Embed Frameworks */,
				FE59F4331E4EF28600843828 /* RxCocoa.framework in Embed Frameworks */,
				FE59F4241E4EDF1E00843828 /* APIKit.framework in Embed Frameworks */,
				FE59F4351E4EF28600843828 /* RxSwift.framework in Embed Frameworks */,
				FE59F4701E4F456500843828 /* SwiftyUserDefaults.framework in Embed Frameworks */,
				FE6EDE001E50875700DFAE57 /* OAuthSwift.framework in Embed Frameworks */,
				FE59F3F31E4EDE9500843828 /* Lib.framework in Embed Frameworks */,
				FE59F4281E4EDF1E00843828 /* Result.framework in Embed Frameworks */,
				FE59F4261E4EDF1E00843828 /* Himotoki.framework in Embed Frameworks */,
				FE59F46D1E4F452C00843828 /* KeychainAccess.framework in Embed Frameworks */,
				FE59F4521E4F028200843828 /* SWXMLHash.framework in Embed Frameworks */,
				FE59F3D01E4EDE2800843828 /* Pinboard.framework in Embed Frameworks */,
			);
			name = "Embed Frameworks";
			runOnlyForDeploymentPostprocessing = 0;
		};
		FE59F40D1E4EDEE100843828 /* Embed App Extensions */ = {
			isa = PBXCopyFilesBuildPhase;
			buildActionMask = 2147483647;
			dstPath = "";
			dstSubfolderSpec = 13;
			files = (
				FE6EDE111E50917100DFAE57 /* TumblrLink.appex in Embed App Extensions */,
				FE59F4AE1E4FF91700843828 /* PinboardLetter.appex in Embed App Extensions */,
				FE6EDDC01E502BEB00DFAE57 /* PinboardStar.appex in Embed App Extensions */,
			);
			name = "Embed App Extensions";
			runOnlyForDeploymentPostprocessing = 0;
		};
/* End PBXCopyFilesBuildPhase section */

/* Begin PBXFileReference section */
		FE432D631E4ED1C300E3F45E /* monokit.app */ = {isa = PBXFileReference; explicitFileType = wrapper.application; includeInIndex = 0; path = monokit.app; sourceTree = BUILT_PRODUCTS_DIR; };
		FE432D661E4ED1C300E3F45E /* AppDelegate.swift */ = {isa = PBXFileReference; lastKnownFileType = sourcecode.swift; path = AppDelegate.swift; sourceTree = "<group>"; };
		FE432D681E4ED1C300E3F45E /* ViewController.swift */ = {isa = PBXFileReference; lastKnownFileType = sourcecode.swift; path = ViewController.swift; sourceTree = "<group>"; };
		FE432D6B1E4ED1C300E3F45E /* Base */ = {isa = PBXFileReference; lastKnownFileType = file.storyboard; name = Base; path = Base.lproj/Main.storyboard; sourceTree = "<group>"; };
		FE432D6D1E4ED1C300E3F45E /* Assets.xcassets */ = {isa = PBXFileReference; lastKnownFileType = folder.assetcatalog; path = Assets.xcassets; sourceTree = "<group>"; };
		FE432D701E4ED1C300E3F45E /* Base */ = {isa = PBXFileReference; lastKnownFileType = file.storyboard; name = Base; path = Base.lproj/LaunchScreen.storyboard; sourceTree = "<group>"; };
		FE432D721E4ED1C300E3F45E /* Info.plist */ = {isa = PBXFileReference; lastKnownFileType = text.plist.xml; path = Info.plist; sourceTree = "<group>"; };
		FE59F3BA1E4EDE2800843828 /* Pinboard.framework */ = {isa = PBXFileReference; explicitFileType = wrapper.framework; includeInIndex = 0; path = Pinboard.framework; sourceTree = BUILT_PRODUCTS_DIR; };
		FE59F3BC1E4EDE2800843828 /* Pinboard.h */ = {isa = PBXFileReference; lastKnownFileType = sourcecode.c.h; path = Pinboard.h; sourceTree = "<group>"; };
		FE59F3BD1E4EDE2800843828 /* Info.plist */ = {isa = PBXFileReference; lastKnownFileType = text.plist.xml; path = Info.plist; sourceTree = "<group>"; };
		FE59F3C21E4EDE2800843828 /* PinboardTests.xctest */ = {isa = PBXFileReference; explicitFileType = wrapper.cfbundle; includeInIndex = 0; path = PinboardTests.xctest; sourceTree = BUILT_PRODUCTS_DIR; };
		FE59F3CB1E4EDE2800843828 /* Info.plist */ = {isa = PBXFileReference; lastKnownFileType = text.plist.xml; path = Info.plist; sourceTree = "<group>"; };
		FE59F3DD1E4EDE9400843828 /* Lib.framework */ = {isa = PBXFileReference; explicitFileType = wrapper.framework; includeInIndex = 0; path = Lib.framework; sourceTree = BUILT_PRODUCTS_DIR; };
		FE59F3DF1E4EDE9500843828 /* Lib.h */ = {isa = PBXFileReference; lastKnownFileType = sourcecode.c.h; path = Lib.h; sourceTree = "<group>"; };
		FE59F3E01E4EDE9500843828 /* Info.plist */ = {isa = PBXFileReference; lastKnownFileType = text.plist.xml; path = Info.plist; sourceTree = "<group>"; };
		FE59F3E51E4EDE9500843828 /* LibTests.xctest */ = {isa = PBXFileReference; explicitFileType = wrapper.cfbundle; includeInIndex = 0; path = LibTests.xctest; sourceTree = BUILT_PRODUCTS_DIR; };
		FE59F3EE1E4EDE9500843828 /* Info.plist */ = {isa = PBXFileReference; lastKnownFileType = text.plist.xml; path = Info.plist; sourceTree = "<group>"; };
		FE59F4201E4EDF1E00843828 /* APIKit.framework */ = {isa = PBXFileReference; lastKnownFileType = wrapper.framework; name = APIKit.framework; path = Carthage/Build/iOS/APIKit.framework; sourceTree = "<group>"; };
		FE59F4211E4EDF1E00843828 /* Himotoki.framework */ = {isa = PBXFileReference; lastKnownFileType = wrapper.framework; name = Himotoki.framework; path = Carthage/Build/iOS/Himotoki.framework; sourceTree = "<group>"; };
		FE59F4221E4EDF1E00843828 /* Result.framework */ = {isa = PBXFileReference; lastKnownFileType = wrapper.framework; name = Result.framework; path = Carthage/Build/iOS/Result.framework; sourceTree = "<group>"; };
		FE59F42B1E4EE09200843828 /* Logger.swift */ = {isa = PBXFileReference; fileEncoding = 4; lastKnownFileType = sourcecode.swift; path = Logger.swift; sourceTree = "<group>"; };
		FE59F42E1E4EEB4D00843828 /* LoggerTests.swift */ = {isa = PBXFileReference; fileEncoding = 4; lastKnownFileType = sourcecode.swift; path = LoggerTests.swift; sourceTree = "<group>"; };
		FE59F4301E4EF28600843828 /* RxCocoa.framework */ = {isa = PBXFileReference; lastKnownFileType = wrapper.framework; name = RxCocoa.framework; path = Carthage/Build/iOS/RxCocoa.framework; sourceTree = "<group>"; };
		FE59F4311E4EF28600843828 /* RxSwift.framework */ = {isa = PBXFileReference; lastKnownFileType = wrapper.framework; name = RxSwift.framework; path = Carthage/Build/iOS/RxSwift.framework; sourceTree = "<group>"; };
		FE59F4381E4EF2BE00843828 /* RxSwift.extension.swift */ = {isa = PBXFileReference; fileEncoding = 4; lastKnownFileType = sourcecode.swift; path = RxSwift.extension.swift; sourceTree = "<group>"; };
		FE59F43D1E4EF4C300843828 /* UserRequests.swift */ = {isa = PBXFileReference; fileEncoding = 4; lastKnownFileType = sourcecode.swift; path = UserRequests.swift; sourceTree = "<group>"; };
		FE59F4411E4EF54700843828 /* Request.extension.swift */ = {isa = PBXFileReference; fileEncoding = 4; lastKnownFileType = sourcecode.swift; path = Request.extension.swift; sourceTree = "<group>"; };
		FE59F4441E4EF77300843828 /* UserRequestsTests.swift */ = {isa = PBXFileReference; fileEncoding = 4; lastKnownFileType = sourcecode.swift; path = UserRequestsTests.swift; sourceTree = "<group>"; };
		FE59F44B1E4EFEFA00843828 /* XMLParser.swift */ = {isa = PBXFileReference; fileEncoding = 4; lastKnownFileType = sourcecode.swift; path = XMLParser.swift; sourceTree = "<group>"; };
		FE59F44E1E4F026700843828 /* SWXMLHash.framework */ = {isa = PBXFileReference; lastKnownFileType = wrapper.framework; name = SWXMLHash.framework; path = Carthage/Build/iOS/SWXMLHash.framework; sourceTree = "<group>"; };
		FE59F4501E4F028200843828 /* SWXMLHash.framework */ = {isa = PBXFileReference; lastKnownFileType = wrapper.framework; name = SWXMLHash.framework; path = Carthage/Build/iOS/SWXMLHash.framework; sourceTree = "<group>"; };
		FE59F4551E4F03B300843828 /* XMLParserTests.swift */ = {isa = PBXFileReference; fileEncoding = 4; lastKnownFileType = sourcecode.swift; path = XMLParserTests.swift; sourceTree = "<group>"; };
		FE59F4571E4F092C00843828 /* TestData.plist */ = {isa = PBXFileReference; fileEncoding = 4; lastKnownFileType = text.plist.xml; path = TestData.plist; sourceTree = "<group>"; };
		FE59F45A1E4F32D300843828 /* TestDataUtil.swift */ = {isa = PBXFileReference; fileEncoding = 4; lastKnownFileType = sourcecode.swift; path = TestDataUtil.swift; sourceTree = "<group>"; };
		FE59F45C1E4F33D400843828 /* PostRequests.swift */ = {isa = PBXFileReference; fileEncoding = 4; lastKnownFileType = sourcecode.swift; path = PostRequests.swift; sourceTree = "<group>"; };
		FE59F45E1E4F384400843828 /* Dictionary.extension.swift */ = {isa = PBXFileReference; fileEncoding = 4; lastKnownFileType = sourcecode.swift; path = Dictionary.extension.swift; sourceTree = "<group>"; };
		FE59F4601E4F390C00843828 /* PostRequestsTests.swift */ = {isa = PBXFileReference; fileEncoding = 4; lastKnownFileType = sourcecode.swift; path = PostRequestsTests.swift; sourceTree = "<group>"; };
		FE59F4641E4F405A00843828 /* PinboardViewController.swift */ = {isa = PBXFileReference; fileEncoding = 4; lastKnownFileType = sourcecode.swift; path = PinboardViewController.swift; sourceTree = "<group>"; };
		FE59F4661E4F40A800843828 /* Localizable.strings */ = {isa = PBXFileReference; fileEncoding = 4; lastKnownFileType = text.plist.strings; path = Localizable.strings; sourceTree = "<group>"; };
		FE59F4691E4F437500843828 /* PinboardService.swift */ = {isa = PBXFileReference; fileEncoding = 4; lastKnownFileType = sourcecode.swift; path = PinboardService.swift; sourceTree = "<group>"; };
		FE59F46B1E4F452C00843828 /* KeychainAccess.framework */ = {isa = PBXFileReference; lastKnownFileType = wrapper.framework; name = KeychainAccess.framework; path = Carthage/Build/iOS/KeychainAccess.framework; sourceTree = "<group>"; };
		FE59F46E1E4F456500843828 /* SwiftyUserDefaults.framework */ = {isa = PBXFileReference; lastKnownFileType = wrapper.framework; name = SwiftyUserDefaults.framework; path = Carthage/Build/iOS/SwiftyUserDefaults.framework; sourceTree = "<group>"; };
		FE59F4731E4F459000843828 /* UserDefaults.pinboard.swift */ = {isa = PBXFileReference; fileEncoding = 4; lastKnownFileType = sourcecode.swift; path = UserDefaults.pinboard.swift; sourceTree = "<group>"; };
		FE59F4761E4F46D800843828 /* Keychain.swift */ = {isa = PBXFileReference; fileEncoding = 4; lastKnownFileType = sourcecode.swift; path = Keychain.swift; sourceTree = "<group>"; };
		FE59F4781E4F483F00843828 /* Keychain.swift */ = {isa = PBXFileReference; fileEncoding = 4; lastKnownFileType = sourcecode.swift; path = Keychain.swift; sourceTree = "<group>"; };
		FE59F47C1E4F4D0300843828 /* SVProgressHUD.framework */ = {isa = PBXFileReference; lastKnownFileType = wrapper.framework; name = SVProgressHUD.framework; path = Carthage/Build/iOS/SVProgressHUD.framework; sourceTree = "<group>"; };
		FE59F47F1E4F4D1500843828 /* Progress.swift */ = {isa = PBXFileReference; fileEncoding = 4; lastKnownFileType = sourcecode.swift; path = Progress.swift; sourceTree = "<group>"; };
		FE59F4831E4F53B900843828 /* Pinboard.extension.swift */ = {isa = PBXFileReference; fileEncoding = 4; lastKnownFileType = sourcecode.swift; path = Pinboard.extension.swift; sourceTree = "<group>"; };
		FE59F4881E4FEF2A00843828 /* Functions.swift */ = {isa = PBXFileReference; fileEncoding = 4; lastKnownFileType = sourcecode.swift; path = Functions.swift; sourceTree = "<group>"; };
		FE59F48A1E4FF13E00843828 /* URL.extension.swift */ = {isa = PBXFileReference; fileEncoding = 4; lastKnownFileType = sourcecode.swift; path = URL.extension.swift; sourceTree = "<group>"; };
		FE59F48C1E4FF17200843828 /* URL.extension.tests.swift */ = {isa = PBXFileReference; fileEncoding = 4; lastKnownFileType = sourcecode.swift; path = URL.extension.tests.swift; sourceTree = "<group>"; };
		FE59F4A41E4FF91600843828 /* PinboardLetter.appex */ = {isa = PBXFileReference; explicitFileType = "wrapper.app-extension"; includeInIndex = 0; path = PinboardLetter.appex; sourceTree = BUILT_PRODUCTS_DIR; };
		FE59F4A61E4FF91600843828 /* ShareViewController.swift */ = {isa = PBXFileReference; lastKnownFileType = sourcecode.swift; path = ShareViewController.swift; sourceTree = "<group>"; };
		FE59F4A91E4FF91600843828 /* Base */ = {isa = PBXFileReference; lastKnownFileType = file.storyboard; name = Base; path = Base.lproj/MainInterface.storyboard; sourceTree = "<group>"; };
		FE59F4AB1E4FF91700843828 /* Info.plist */ = {isa = PBXFileReference; lastKnownFileType = text.plist.xml; path = Info.plist; sourceTree = "<group>"; };
		FE59F4B51E50049400843828 /* monokit.entitlements */ = {isa = PBXFileReference; lastKnownFileType = text.plist.entitlements; path = monokit.entitlements; sourceTree = "<group>"; };
		FE59F4B61E50052B00843828 /* PinboardLetter.entitlements */ = {isa = PBXFileReference; lastKnownFileType = text.plist.entitlements; path = PinboardLetter.entitlements; sourceTree = "<group>"; };
		FE65F96D1E5092620070B82A /* ShareExtension.swift */ = {isa = PBXFileReference; fileEncoding = 4; lastKnownFileType = sourcecode.swift; path = ShareExtension.swift; sourceTree = "<group>"; };
		FE65F9701E5092C80070B82A /* TumblrService.swift */ = {isa = PBXFileReference; fileEncoding = 4; lastKnownFileType = sourcecode.swift; path = TumblrService.swift; sourceTree = "<group>"; };
		FE6EDDB01E50266500DFAE57 /* ShareExtension.swift */ = {isa = PBXFileReference; fileEncoding = 4; lastKnownFileType = sourcecode.swift; path = ShareExtension.swift; sourceTree = "<group>"; };
		FE6EDDB61E502BEB00DFAE57 /* PinboardStar.appex */ = {isa = PBXFileReference; explicitFileType = "wrapper.app-extension"; includeInIndex = 0; path = PinboardStar.appex; sourceTree = BUILT_PRODUCTS_DIR; };
		FE6EDDB81E502BEB00DFAE57 /* ShareViewController.swift */ = {isa = PBXFileReference; lastKnownFileType = sourcecode.swift; path = ShareViewController.swift; sourceTree = "<group>"; };
		FE6EDDBB1E502BEB00DFAE57 /* Base */ = {isa = PBXFileReference; lastKnownFileType = file.storyboard; name = Base; path = Base.lproj/MainInterface.storyboard; sourceTree = "<group>"; };
		FE6EDDBD1E502BEB00DFAE57 /* Info.plist */ = {isa = PBXFileReference; lastKnownFileType = text.plist.xml; path = Info.plist; sourceTree = "<group>"; };
		FE6EDDC71E502C2B00DFAE57 /* PinboardStar.entitlements */ = {isa = PBXFileReference; lastKnownFileType = text.plist.entitlements; path = PinboardStar.entitlements; sourceTree = "<group>"; };
		FE6EDDC81E50316300DFAE57 /* ShareExtension.swift */ = {isa = PBXFileReference; fileEncoding = 4; lastKnownFileType = sourcecode.swift; path = ShareExtension.swift; sourceTree = "<group>"; };
		FE6EDDCF1E50715F00DFAE57 /* Tumblr.framework */ = {isa = PBXFileReference; explicitFileType = wrapper.framework; includeInIndex = 0; path = Tumblr.framework; sourceTree = BUILT_PRODUCTS_DIR; };
		FE6EDDD11E50716000DFAE57 /* Tumblr.h */ = {isa = PBXFileReference; lastKnownFileType = sourcecode.c.h; path = Tumblr.h; sourceTree = "<group>"; };
		FE6EDDD21E50716000DFAE57 /* Info.plist */ = {isa = PBXFileReference; lastKnownFileType = text.plist.xml; path = Info.plist; sourceTree = "<group>"; };
		FE6EDDD71E50716000DFAE57 /* TumblrTests.xctest */ = {isa = PBXFileReference; explicitFileType = wrapper.cfbundle; includeInIndex = 0; path = TumblrTests.xctest; sourceTree = BUILT_PRODUCTS_DIR; };
		FE6EDDDE1E50716000DFAE57 /* TumblrTests.swift */ = {isa = PBXFileReference; lastKnownFileType = sourcecode.swift; path = TumblrTests.swift; sourceTree = "<group>"; };
		FE6EDDE01E50716000DFAE57 /* Info.plist */ = {isa = PBXFileReference; lastKnownFileType = text.plist.xml; path = Info.plist; sourceTree = "<group>"; };
		FE6EDDF21E50720D00DFAE57 /* PostRequests.swift */ = {isa = PBXFileReference; fileEncoding = 4; lastKnownFileType = sourcecode.swift; path = PostRequests.swift; sourceTree = "<group>"; };
		FE6EDDF41E50723F00DFAE57 /* Request.swift */ = {isa = PBXFileReference; fileEncoding = 4; lastKnownFileType = sourcecode.swift; path = Request.swift; sourceTree = "<group>"; };
		FE6EDDF71E50745A00DFAE57 /* PostsRequests.tests.swift */ = {isa = PBXFileReference; fileEncoding = 4; lastKnownFileType = sourcecode.swift; path = PostsRequests.tests.swift; sourceTree = "<group>"; };
		FE6EDDFE1E50875700DFAE57 /* OAuthSwift.framework */ = {isa = PBXFileReference; lastKnownFileType = wrapper.framework; name = OAuthSwift.framework; path = Carthage/Build/iOS/OAuthSwift.framework; sourceTree = "<group>"; };
		FE6EDE071E50917100DFAE57 /* TumblrLink.appex */ = {isa = PBXFileReference; explicitFileType = "wrapper.app-extension"; includeInIndex = 0; path = TumblrLink.appex; sourceTree = BUILT_PRODUCTS_DIR; };
		FE6EDE091E50917100DFAE57 /* ShareViewController.swift */ = {isa = PBXFileReference; lastKnownFileType = sourcecode.swift; path = ShareViewController.swift; sourceTree = "<group>"; };
		FE6EDE0C1E50917100DFAE57 /* Base */ = {isa = PBXFileReference; lastKnownFileType = file.storyboard; name = Base; path = Base.lproj/MainInterface.storyboard; sourceTree = "<group>"; };
		FE6EDE0E1E50917100DFAE57 /* Info.plist */ = {isa = PBXFileReference; lastKnownFileType = text.plist.xml; path = Info.plist; sourceTree = "<group>"; };
		FE6EDE151E50918500DFAE57 /* TumblrLink.entitlements */ = {isa = PBXFileReference; lastKnownFileType = text.plist.entitlements; path = TumblrLink.entitlements; sourceTree = "<group>"; };
/* End PBXFileReference section */

/* Begin PBXFrameworksBuildPhase section */
		FE432D601E4ED1C300E3F45E /* Frameworks */ = {
			isa = PBXFrameworksBuildPhase;
			buildActionMask = 2147483647;
			files = (
				FE59F47D1E4F4D0300843828 /* SVProgressHUD.framework in Frameworks */,
				FE6EDDE41E50716000DFAE57 /* Tumblr.framework in Frameworks */,
				FE59F4321E4EF28600843828 /* RxCocoa.framework in Frameworks */,
				FE59F4231E4EDF1E00843828 /* APIKit.framework in Frameworks */,
				FE59F4341E4EF28600843828 /* RxSwift.framework in Frameworks */,
				FE59F46F1E4F456500843828 /* SwiftyUserDefaults.framework in Frameworks */,
				FE6EDDFF1E50875700DFAE57 /* OAuthSwift.framework in Frameworks */,
				FE59F3F21E4EDE9500843828 /* Lib.framework in Frameworks */,
				FE59F4271E4EDF1E00843828 /* Result.framework in Frameworks */,
				FE59F4251E4EDF1E00843828 /* Himotoki.framework in Frameworks */,
				FE59F46C1E4F452C00843828 /* KeychainAccess.framework in Frameworks */,
				FE59F4511E4F028200843828 /* SWXMLHash.framework in Frameworks */,
				FE59F3CF1E4EDE2800843828 /* Pinboard.framework in Frameworks */,
			);
			runOnlyForDeploymentPostprocessing = 0;
		};
		FE59F3B61E4EDE2800843828 /* Frameworks */ = {
			isa = PBXFrameworksBuildPhase;
			buildActionMask = 2147483647;
			files = (
				FE59F4591E4F0C2900843828 /* Lib.framework in Frameworks */,
				FE59F43F1E4EF51C00843828 /* APIKit.framework in Frameworks */,
				FE59F4401E4EF51C00843828 /* Himotoki.framework in Frameworks */,
				FE59F4531E4F02A000843828 /* SWXMLHash.framework in Frameworks */,
				FE59F4711E4F457700843828 /* SwiftyUserDefaults.framework in Frameworks */,
				FE59F4721E4F457700843828 /* KeychainAccess.framework in Frameworks */,
			);
			runOnlyForDeploymentPostprocessing = 0;
		};
		FE59F3BF1E4EDE2800843828 /* Frameworks */ = {
			isa = PBXFrameworksBuildPhase;
			buildActionMask = 2147483647;
			files = (
				FE59F4481E4EF8A300843828 /* Lib.framework in Frameworks */,
				FE59F3C31E4EDE2800843828 /* Pinboard.framework in Frameworks */,
				FE59F4461E4EF7D300843828 /* RxSwift.framework in Frameworks */,
				FE59F4471E4EF7D300843828 /* APIKit.framework in Frameworks */,
				FE59F47A1E4F49B800843828 /* SwiftyUserDefaults.framework in Frameworks */,
				FE59F47B1E4F49C200843828 /* KeychainAccess.framework in Frameworks */,
			);
			runOnlyForDeploymentPostprocessing = 0;
		};
		FE59F3D91E4EDE9400843828 /* Frameworks */ = {
			isa = PBXFrameworksBuildPhase;
			buildActionMask = 2147483647;
			files = (
				FE59F4361E4EF2AC00843828 /* RxSwift.framework in Frameworks */,
				FE59F4371E4EF2AF00843828 /* RxCocoa.framework in Frameworks */,
				FE59F43A1E4EF2CF00843828 /* APIKit.framework in Frameworks */,
				FE59F43B1E4EF2F400843828 /* Result.framework in Frameworks */,
				FE59F4751E4F46C900843828 /* KeychainAccess.framework in Frameworks */,
				FE59F4811E4F4D2400843828 /* SVProgressHUD.framework in Frameworks */,
			);
			runOnlyForDeploymentPostprocessing = 0;
		};
		FE59F3E21E4EDE9500843828 /* Frameworks */ = {
			isa = PBXFrameworksBuildPhase;
			buildActionMask = 2147483647;
			files = (
				FE59F3E61E4EDE9500843828 /* Lib.framework in Frameworks */,
				FE59F4491E4EFB8700843828 /* APIKit.framework in Frameworks */,
			);
			runOnlyForDeploymentPostprocessing = 0;
		};
		FE59F4A11E4FF91600843828 /* Frameworks */ = {
			isa = PBXFrameworksBuildPhase;
			buildActionMask = 2147483647;
			files = (
				FE59F4B31E4FF9A200843828 /* Pinboard.framework in Frameworks */,
				FE59F4B21E4FF9A000843828 /* Lib.framework in Frameworks */,
				FE59F4B41E4FFD5700843828 /* APIKit.framework in Frameworks */,
			);
			runOnlyForDeploymentPostprocessing = 0;
		};
		FE6EDDB31E502BEB00DFAE57 /* Frameworks */ = {
			isa = PBXFrameworksBuildPhase;
			buildActionMask = 2147483647;
			files = (
				FE6EDDC41E502C1D00DFAE57 /* Lib.framework in Frameworks */,
				FE6EDDC61E502C1F00DFAE57 /* APIKit.framework in Frameworks */,
				FE6EDDC51E502C1D00DFAE57 /* Pinboard.framework in Frameworks */,
			);
			runOnlyForDeploymentPostprocessing = 0;
		};
		FE6EDDCB1E50715F00DFAE57 /* Frameworks */ = {
			isa = PBXFrameworksBuildPhase;
			buildActionMask = 2147483647;
			files = (
				FE6EDDEC1E50718600DFAE57 /* Lib.framework in Frameworks */,
				FE6EDE011E50877600DFAE57 /* OAuthSwift.framework in Frameworks */,
				FE6EDDED1E5071A700DFAE57 /* SwiftyUserDefaults.framework in Frameworks */,
				FE6EDDEE1E5071A700DFAE57 /* KeychainAccess.framework in Frameworks */,
				FE6EDDEF1E5071A700DFAE57 /* APIKit.framework in Frameworks */,
				FE6EDDF01E5071A700DFAE57 /* Himotoki.framework in Frameworks */,
			);
			runOnlyForDeploymentPostprocessing = 0;
		};
		FE6EDDD41E50716000DFAE57 /* Frameworks */ = {
			isa = PBXFrameworksBuildPhase;
			buildActionMask = 2147483647;
			files = (
				FE6EDDF91E507F3900DFAE57 /* Lib.framework in Frameworks */,
				FE6EDDD81E50716000DFAE57 /* Tumblr.framework in Frameworks */,
				FE6EDDFA1E507F4800DFAE57 /* SwiftyUserDefaults.framework in Frameworks */,
				FE6EDDFB1E507F4800DFAE57 /* KeychainAccess.framework in Frameworks */,
				FE6EDE021E50877E00DFAE57 /* OAuthSwift.framework in Frameworks */,
				FE6EDDFC1E507F4800DFAE57 /* APIKit.framework in Frameworks */,
				FE6EDDFD1E507F4800DFAE57 /* Himotoki.framework in Frameworks */,
			);
			runOnlyForDeploymentPostprocessing = 0;
		};
		FE6EDE041E50917100DFAE57 /* Frameworks */ = {
			isa = PBXFrameworksBuildPhase;
			buildActionMask = 2147483647;
			files = (
				FE65F9721E5093C90070B82A /* Lib.framework in Frameworks */,
				FE65F9741E5093CB0070B82A /* APIKit.framework in Frameworks */,
				FE65F9731E5093C90070B82A /* Tumblr.framework in Frameworks */,
			);
			runOnlyForDeploymentPostprocessing = 0;
		};
/* End PBXFrameworksBuildPhase section */

/* Begin PBXGroup section */
		FE432D5A1E4ED1C300E3F45E = {
			isa = PBXGroup;
			children = (
				FE6EDDFE1E50875700DFAE57 /* OAuthSwift.framework */,
				FE59F47C1E4F4D0300843828 /* SVProgressHUD.framework */,
				FE59F46E1E4F456500843828 /* SwiftyUserDefaults.framework */,
				FE59F46B1E4F452C00843828 /* KeychainAccess.framework */,
				FE59F4501E4F028200843828 /* SWXMLHash.framework */,
				FE59F4301E4EF28600843828 /* RxCocoa.framework */,
				FE59F4311E4EF28600843828 /* RxSwift.framework */,
				FE59F4201E4EDF1E00843828 /* APIKit.framework */,
				FE59F4211E4EDF1E00843828 /* Himotoki.framework */,
				FE59F4221E4EDF1E00843828 /* Result.framework */,
				FE432D651E4ED1C300E3F45E /* monokit */,
				FE59F3BB1E4EDE2800843828 /* Pinboard */,
				FE59F3C81E4EDE2800843828 /* PinboardTests */,
				FE59F3DE1E4EDE9500843828 /* Lib */,
				FE59F3EB1E4EDE9500843828 /* LibTests */,
				FE59F4A51E4FF91600843828 /* PinboardLetter */,
				FE6EDDB71E502BEB00DFAE57 /* PinboardStar */,
				FE6EDDD01E50716000DFAE57 /* Tumblr */,
				FE6EDDDD1E50716000DFAE57 /* TumblrTests */,
				FE6EDE081E50917100DFAE57 /* TumblrLink */,
				FE432D641E4ED1C300E3F45E /* Products */,
				FE59F44D1E4F026700843828 /* Frameworks */,
			);
			sourceTree = "<group>";
		};
		FE432D641E4ED1C300E3F45E /* Products */ = {
			isa = PBXGroup;
			children = (
				FE432D631E4ED1C300E3F45E /* monokit.app */,
				FE59F3BA1E4EDE2800843828 /* Pinboard.framework */,
				FE59F3C21E4EDE2800843828 /* PinboardTests.xctest */,
				FE59F3DD1E4EDE9400843828 /* Lib.framework */,
				FE59F3E51E4EDE9500843828 /* LibTests.xctest */,
				FE59F4A41E4FF91600843828 /* PinboardLetter.appex */,
				FE6EDDB61E502BEB00DFAE57 /* PinboardStar.appex */,
				FE6EDDCF1E50715F00DFAE57 /* Tumblr.framework */,
				FE6EDDD71E50716000DFAE57 /* TumblrTests.xctest */,
				FE6EDE071E50917100DFAE57 /* TumblrLink.appex */,
			);
			name = Products;
			sourceTree = "<group>";
		};
		FE432D651E4ED1C300E3F45E /* monokit */ = {
			isa = PBXGroup;
			children = (
				FE59F4B51E50049400843828 /* monokit.entitlements */,
				FE59F4821E4F53AD00843828 /* Extension */,
				FE59F4621E4F403900843828 /* View */,
				FE432D661E4ED1C300E3F45E /* AppDelegate.swift */,
				FE432D681E4ED1C300E3F45E /* ViewController.swift */,
				FE432D6A1E4ED1C300E3F45E /* Main.storyboard */,
				FE432D6D1E4ED1C300E3F45E /* Assets.xcassets */,
				FE432D6F1E4ED1C300E3F45E /* LaunchScreen.storyboard */,
				FE432D721E4ED1C300E3F45E /* Info.plist */,
				FE59F4661E4F40A800843828 /* Localizable.strings */,
				FE59F4881E4FEF2A00843828 /* Functions.swift */,
			);
			path = monokit;
			sourceTree = "<group>";
		};
		FE59F3BB1E4EDE2800843828 /* Pinboard */ = {
			isa = PBXGroup;
			children = (
				FE59F4681E4F436700843828 /* Service */,
				FE59F44A1E4EFEAA00843828 /* Parser */,
				FE59F43C1E4EF31300843828 /* Request */,
				FE59F3BC1E4EDE2800843828 /* Pinboard.h */,
				FE59F3BD1E4EDE2800843828 /* Info.plist */,
				FE59F4731E4F459000843828 /* UserDefaults.pinboard.swift */,
				FE59F4781E4F483F00843828 /* Keychain.swift */,
				FE6EDDC81E50316300DFAE57 /* ShareExtension.swift */,
			);
			path = Pinboard;
			sourceTree = "<group>";
		};
		FE59F3C81E4EDE2800843828 /* PinboardTests */ = {
			isa = PBXGroup;
			children = (
				FE59F4541E4F03A400843828 /* Parser */,
				FE59F4431E4EF76300843828 /* Request */,
				FE59F3CB1E4EDE2800843828 /* Info.plist */,
				FE59F4571E4F092C00843828 /* TestData.plist */,
				FE59F45A1E4F32D300843828 /* TestDataUtil.swift */,
			);
			path = PinboardTests;
			sourceTree = "<group>";
		};
		FE59F3DE1E4EDE9500843828 /* Lib */ = {
			isa = PBXGroup;
			children = (
				FE59F42A1E4EE08800843828 /* log */,
				FE59F3FA1E4EDEAF00843828 /* extensions */,
				FE59F3DF1E4EDE9500843828 /* Lib.h */,
				FE59F3E01E4EDE9500843828 /* Info.plist */,
				FE59F4761E4F46D800843828 /* Keychain.swift */,
				FE59F47F1E4F4D1500843828 /* Progress.swift */,
				FE59F48A1E4FF13E00843828 /* URL.extension.swift */,
				FE6EDDB01E50266500DFAE57 /* ShareExtension.swift */,
			);
			path = Lib;
			sourceTree = "<group>";
		};
		FE59F3EB1E4EDE9500843828 /* LibTests */ = {
			isa = PBXGroup;
			children = (
				FE59F42D1E4EEB3600843828 /* log */,
				FE59F3EE1E4EDE9500843828 /* Info.plist */,
				FE59F48C1E4FF17200843828 /* URL.extension.tests.swift */,
			);
			path = LibTests;
			sourceTree = "<group>";
		};
		FE59F3FA1E4EDEAF00843828 /* extensions */ = {
			isa = PBXGroup;
			children = (
				FE59F4381E4EF2BE00843828 /* RxSwift.extension.swift */,
				FE59F45E1E4F384400843828 /* Dictionary.extension.swift */,
			);
			name = extensions;
			sourceTree = "<group>";
		};
		FE59F42A1E4EE08800843828 /* log */ = {
			isa = PBXGroup;
			children = (
				FE59F42B1E4EE09200843828 /* Logger.swift */,
			);
			name = log;
			sourceTree = "<group>";
		};
		FE59F42D1E4EEB3600843828 /* log */ = {
			isa = PBXGroup;
			children = (
				FE59F42E1E4EEB4D00843828 /* LoggerTests.swift */,
			);
			name = log;
			sourceTree = "<group>";
		};
		FE59F43C1E4EF31300843828 /* Request */ = {
			isa = PBXGroup;
			children = (
				FE59F43D1E4EF4C300843828 /* UserRequests.swift */,
				FE59F4411E4EF54700843828 /* Request.extension.swift */,
				FE59F45C1E4F33D400843828 /* PostRequests.swift */,
			);
			name = Request;
			sourceTree = "<group>";
		};
		FE59F4431E4EF76300843828 /* Request */ = {
			isa = PBXGroup;
			children = (
				FE59F4601E4F390C00843828 /* PostRequestsTests.swift */,
				FE59F4441E4EF77300843828 /* UserRequestsTests.swift */,
			);
			name = Request;
			sourceTree = "<group>";
		};
		FE59F44A1E4EFEAA00843828 /* Parser */ = {
			isa = PBXGroup;
			children = (
				FE59F44B1E4EFEFA00843828 /* XMLParser.swift */,
			);
			name = Parser;
			sourceTree = "<group>";
		};
		FE59F44D1E4F026700843828 /* Frameworks */ = {
			isa = PBXGroup;
			children = (
				FE59F44E1E4F026700843828 /* SWXMLHash.framework */,
			);
			name = Frameworks;
			sourceTree = "<group>";
		};
		FE59F4541E4F03A400843828 /* Parser */ = {
			isa = PBXGroup;
			children = (
				FE59F4551E4F03B300843828 /* XMLParserTests.swift */,
			);
			name = Parser;
			sourceTree = "<group>";
		};
		FE59F4621E4F403900843828 /* View */ = {
			isa = PBXGroup;
			children = (
				FE59F4631E4F404100843828 /* Pinboard */,
			);
			name = View;
			sourceTree = "<group>";
		};
		FE59F4631E4F404100843828 /* Pinboard */ = {
			isa = PBXGroup;
			children = (
				FE59F4641E4F405A00843828 /* PinboardViewController.swift */,
			);
			name = Pinboard;
			sourceTree = "<group>";
		};
		FE59F4681E4F436700843828 /* Service */ = {
			isa = PBXGroup;
			children = (
				FE59F4691E4F437500843828 /* PinboardService.swift */,
			);
			name = Service;
			sourceTree = "<group>";
		};
		FE59F4821E4F53AD00843828 /* Extension */ = {
			isa = PBXGroup;
			children = (
				FE59F4831E4F53B900843828 /* Pinboard.extension.swift */,
			);
			name = Extension;
			sourceTree = "<group>";
		};
		FE59F4A51E4FF91600843828 /* PinboardLetter */ = {
			isa = PBXGroup;
			children = (
				FE59F4B61E50052B00843828 /* PinboardLetter.entitlements */,
				FE59F4A61E4FF91600843828 /* ShareViewController.swift */,
				FE59F4A81E4FF91600843828 /* MainInterface.storyboard */,
				FE59F4AB1E4FF91700843828 /* Info.plist */,
			);
			path = PinboardLetter;
			sourceTree = "<group>";
		};
		FE65F96F1E5092BD0070B82A /* Service */ = {
			isa = PBXGroup;
			children = (
				FE65F9701E5092C80070B82A /* TumblrService.swift */,
			);
			name = Service;
			sourceTree = "<group>";
		};
		FE6EDDB71E502BEB00DFAE57 /* PinboardStar */ = {
			isa = PBXGroup;
			children = (
				FE6EDDC71E502C2B00DFAE57 /* PinboardStar.entitlements */,
				FE6EDDB81E502BEB00DFAE57 /* ShareViewController.swift */,
				FE6EDDBA1E502BEB00DFAE57 /* MainInterface.storyboard */,
				FE6EDDBD1E502BEB00DFAE57 /* Info.plist */,
			);
			path = PinboardStar;
			sourceTree = "<group>";
		};
		FE6EDDD01E50716000DFAE57 /* Tumblr */ = {
			isa = PBXGroup;
			children = (
				FE65F96F1E5092BD0070B82A /* Service */,
				FE6EDDF11E5071F900DFAE57 /* Request */,
				FE6EDDD11E50716000DFAE57 /* Tumblr.h */,
				FE6EDDD21E50716000DFAE57 /* Info.plist */,
				FE65F96D1E5092620070B82A /* ShareExtension.swift */,
			);
			path = Tumblr;
			sourceTree = "<group>";
		};
		FE6EDDDD1E50716000DFAE57 /* TumblrTests */ = {
			isa = PBXGroup;
			children = (
				FE6EDDF61E50744900DFAE57 /* Request */,
				FE6EDDDE1E50716000DFAE57 /* TumblrTests.swift */,
				FE6EDDE01E50716000DFAE57 /* Info.plist */,
			);
			path = TumblrTests;
			sourceTree = "<group>";
		};
		FE6EDDF11E5071F900DFAE57 /* Request */ = {
			isa = PBXGroup;
			children = (
				FE6EDDF21E50720D00DFAE57 /* PostRequests.swift */,
				FE6EDDF41E50723F00DFAE57 /* Request.swift */,
			);
			name = Request;
			sourceTree = "<group>";
		};
		FE6EDDF61E50744900DFAE57 /* Request */ = {
			isa = PBXGroup;
			children = (
				FE6EDDF71E50745A00DFAE57 /* PostsRequests.tests.swift */,
			);
			name = Request;
			sourceTree = "<group>";
		};
		FE6EDE081E50917100DFAE57 /* TumblrLink */ = {
			isa = PBXGroup;
			children = (
				FE6EDE151E50918500DFAE57 /* TumblrLink.entitlements */,
				FE6EDE091E50917100DFAE57 /* ShareViewController.swift */,
				FE6EDE0B1E50917100DFAE57 /* MainInterface.storyboard */,
				FE6EDE0E1E50917100DFAE57 /* Info.plist */,
			);
			path = TumblrLink;
			sourceTree = "<group>";
		};
/* End PBXGroup section */

/* Begin PBXHeadersBuildPhase section */
		FE59F3B71E4EDE2800843828 /* Headers */ = {
			isa = PBXHeadersBuildPhase;
			buildActionMask = 2147483647;
			files = (
				FE59F3CC1E4EDE2800843828 /* Pinboard.h in Headers */,
			);
			runOnlyForDeploymentPostprocessing = 0;
		};
		FE59F3DA1E4EDE9400843828 /* Headers */ = {
			isa = PBXHeadersBuildPhase;
			buildActionMask = 2147483647;
			files = (
				FE59F3EF1E4EDE9500843828 /* Lib.h in Headers */,
			);
			runOnlyForDeploymentPostprocessing = 0;
		};
		FE6EDDCC1E50715F00DFAE57 /* Headers */ = {
			isa = PBXHeadersBuildPhase;
			buildActionMask = 2147483647;
			files = (
				FE6EDDE11E50716000DFAE57 /* Tumblr.h in Headers */,
			);
			runOnlyForDeploymentPostprocessing = 0;
		};
/* End PBXHeadersBuildPhase section */

/* Begin PBXNativeTarget section */
		FE432D621E4ED1C300E3F45E /* monokit */ = {
			isa = PBXNativeTarget;
			buildConfigurationList = FE432D8B1E4ED1C300E3F45E /* Build configuration list for PBXNativeTarget "monokit" */;
			buildPhases = (
				FE432D5F1E4ED1C300E3F45E /* Sources */,
				FE432D601E4ED1C300E3F45E /* Frameworks */,
				FE432D611E4ED1C300E3F45E /* Resources */,
				FE59F3D41E4EDE2800843828 /* Embed Frameworks */,
				FE59F40D1E4EDEE100843828 /* Embed App Extensions */,
				FE59F4291E4EDF4000843828 /* Carthage */,
			);
			buildRules = (
			);
			dependencies = (
				FE59F3CE1E4EDE2800843828 /* PBXTargetDependency */,
				FE59F3F11E4EDE9500843828 /* PBXTargetDependency */,
				FE59F4AD1E4FF91700843828 /* PBXTargetDependency */,
				FE6EDDBF1E502BEB00DFAE57 /* PBXTargetDependency */,
				FE6EDDE31E50716000DFAE57 /* PBXTargetDependency */,
				FE6EDE101E50917100DFAE57 /* PBXTargetDependency */,
			);
			name = monokit;
			productName = monokit;
			productReference = FE432D631E4ED1C300E3F45E /* monokit.app */;
			productType = "com.apple.product-type.application";
		};
		FE59F3B91E4EDE2800843828 /* Pinboard */ = {
			isa = PBXNativeTarget;
			buildConfigurationList = FE59F3D11E4EDE2800843828 /* Build configuration list for PBXNativeTarget "Pinboard" */;
			buildPhases = (
				FE59F3B51E4EDE2800843828 /* Sources */,
				FE59F3B61E4EDE2800843828 /* Frameworks */,
				FE59F3B71E4EDE2800843828 /* Headers */,
				FE59F3B81E4EDE2800843828 /* Resources */,
			);
			buildRules = (
			);
			dependencies = (
			);
			name = Pinboard;
			productName = Pinboard;
			productReference = FE59F3BA1E4EDE2800843828 /* Pinboard.framework */;
			productType = "com.apple.product-type.framework";
		};
		FE59F3C11E4EDE2800843828 /* PinboardTests */ = {
			isa = PBXNativeTarget;
			buildConfigurationList = FE59F3D51E4EDE2800843828 /* Build configuration list for PBXNativeTarget "PinboardTests" */;
			buildPhases = (
				FE59F3BE1E4EDE2800843828 /* Sources */,
				FE59F3BF1E4EDE2800843828 /* Frameworks */,
				FE59F3C01E4EDE2800843828 /* Resources */,
			);
			buildRules = (
			);
			dependencies = (
				FE59F3C51E4EDE2800843828 /* PBXTargetDependency */,
				FE59F3C71E4EDE2800843828 /* PBXTargetDependency */,
			);
			name = PinboardTests;
			productName = PinboardTests;
			productReference = FE59F3C21E4EDE2800843828 /* PinboardTests.xctest */;
			productType = "com.apple.product-type.bundle.unit-test";
		};
		FE59F3DC1E4EDE9400843828 /* Lib */ = {
			isa = PBXNativeTarget;
			buildConfigurationList = FE59F3F41E4EDE9500843828 /* Build configuration list for PBXNativeTarget "Lib" */;
			buildPhases = (
				FE59F3D81E4EDE9400843828 /* Sources */,
				FE59F3D91E4EDE9400843828 /* Frameworks */,
				FE59F3DA1E4EDE9400843828 /* Headers */,
				FE59F3DB1E4EDE9400843828 /* Resources */,
			);
			buildRules = (
			);
			dependencies = (
			);
			name = Lib;
			productName = Lib;
			productReference = FE59F3DD1E4EDE9400843828 /* Lib.framework */;
			productType = "com.apple.product-type.framework";
		};
		FE59F3E41E4EDE9500843828 /* LibTests */ = {
			isa = PBXNativeTarget;
			buildConfigurationList = FE59F3F71E4EDE9500843828 /* Build configuration list for PBXNativeTarget "LibTests" */;
			buildPhases = (
				FE59F3E11E4EDE9500843828 /* Sources */,
				FE59F3E21E4EDE9500843828 /* Frameworks */,
				FE59F3E31E4EDE9500843828 /* Resources */,
			);
			buildRules = (
			);
			dependencies = (
				FE59F3E81E4EDE9500843828 /* PBXTargetDependency */,
				FE59F3EA1E4EDE9500843828 /* PBXTargetDependency */,
			);
			name = LibTests;
			productName = LibTests;
			productReference = FE59F3E51E4EDE9500843828 /* LibTests.xctest */;
			productType = "com.apple.product-type.bundle.unit-test";
		};
		FE59F4A31E4FF91600843828 /* PinboardLetter */ = {
			isa = PBXNativeTarget;
			buildConfigurationList = FE59F4AF1E4FF91700843828 /* Build configuration list for PBXNativeTarget "PinboardLetter" */;
			buildPhases = (
				FE59F4A01E4FF91600843828 /* Sources */,
				FE59F4A11E4FF91600843828 /* Frameworks */,
				FE59F4A21E4FF91600843828 /* Resources */,
			);
			buildRules = (
			);
			dependencies = (
			);
			name = PinboardLetter;
			productName = PinboardLetter;
			productReference = FE59F4A41E4FF91600843828 /* PinboardLetter.appex */;
			productType = "com.apple.product-type.app-extension";
		};
		FE6EDDB51E502BEB00DFAE57 /* PinboardStar */ = {
			isa = PBXNativeTarget;
			buildConfigurationList = FE6EDDC11E502BEB00DFAE57 /* Build configuration list for PBXNativeTarget "PinboardStar" */;
			buildPhases = (
				FE6EDDB21E502BEB00DFAE57 /* Sources */,
				FE6EDDB31E502BEB00DFAE57 /* Frameworks */,
				FE6EDDB41E502BEB00DFAE57 /* Resources */,
			);
			buildRules = (
			);
			dependencies = (
			);
			name = PinboardStar;
			productName = PinboardStar;
			productReference = FE6EDDB61E502BEB00DFAE57 /* PinboardStar.appex */;
			productType = "com.apple.product-type.app-extension";
		};
		FE6EDDCE1E50715F00DFAE57 /* Tumblr */ = {
			isa = PBXNativeTarget;
			buildConfigurationList = FE6EDDE61E50716000DFAE57 /* Build configuration list for PBXNativeTarget "Tumblr" */;
			buildPhases = (
				FE6EDDCA1E50715F00DFAE57 /* Sources */,
				FE6EDDCB1E50715F00DFAE57 /* Frameworks */,
				FE6EDDCC1E50715F00DFAE57 /* Headers */,
				FE6EDDCD1E50715F00DFAE57 /* Resources */,
			);
			buildRules = (
			);
			dependencies = (
			);
			name = Tumblr;
			productName = Tumblr;
			productReference = FE6EDDCF1E50715F00DFAE57 /* Tumblr.framework */;
			productType = "com.apple.product-type.framework";
		};
		FE6EDDD61E50716000DFAE57 /* TumblrTests */ = {
			isa = PBXNativeTarget;
			buildConfigurationList = FE6EDDE91E50716000DFAE57 /* Build configuration list for PBXNativeTarget "TumblrTests" */;
			buildPhases = (
				FE6EDDD31E50716000DFAE57 /* Sources */,
				FE6EDDD41E50716000DFAE57 /* Frameworks */,
				FE6EDDD51E50716000DFAE57 /* Resources */,
			);
			buildRules = (
			);
			dependencies = (
				FE6EDDDA1E50716000DFAE57 /* PBXTargetDependency */,
				FE6EDDDC1E50716000DFAE57 /* PBXTargetDependency */,
			);
			name = TumblrTests;
			productName = TumblrTests;
			productReference = FE6EDDD71E50716000DFAE57 /* TumblrTests.xctest */;
			productType = "com.apple.product-type.bundle.unit-test";
		};
		FE6EDE061E50917100DFAE57 /* TumblrLink */ = {
			isa = PBXNativeTarget;
			buildConfigurationList = FE6EDE121E50917100DFAE57 /* Build configuration list for PBXNativeTarget "TumblrLink" */;
			buildPhases = (
				FE6EDE031E50917100DFAE57 /* Sources */,
				FE6EDE041E50917100DFAE57 /* Frameworks */,
				FE6EDE051E50917100DFAE57 /* Resources */,
			);
			buildRules = (
			);
			dependencies = (
			);
			name = TumblrLink;
			productName = TumblrLink;
			productReference = FE6EDE071E50917100DFAE57 /* TumblrLink.appex */;
			productType = "com.apple.product-type.app-extension";
		};
/* End PBXNativeTarget section */

/* Begin PBXProject section */
		FE432D5B1E4ED1C300E3F45E /* Project object */ = {
			isa = PBXProject;
			attributes = {
				LastSwiftUpdateCheck = 0820;
				LastUpgradeCheck = 0820;
				ORGANIZATIONNAME = mono;
				TargetAttributes = {
					FE432D621E4ED1C300E3F45E = {
						CreatedOnToolsVersion = 8.2.1;
						DevelopmentTeam = 3RPN8GKB6G;
						ProvisioningStyle = Automatic;
						SystemCapabilities = {
							com.apple.ApplicationGroups.iOS = {
								enabled = 1;
							};
							com.apple.Keychain = {
								enabled = 1;
							};
						};
					};
					FE59F3B91E4EDE2800843828 = {
						CreatedOnToolsVersion = 8.2.1;
						DevelopmentTeam = 3RPN8GKB6G;
						LastSwiftMigration = 0820;
						ProvisioningStyle = Automatic;
					};
					FE59F3C11E4EDE2800843828 = {
						CreatedOnToolsVersion = 8.2.1;
						DevelopmentTeam = 3RPN8GKB6G;
						ProvisioningStyle = Automatic;
						TestTargetID = FE432D621E4ED1C300E3F45E;
					};
					FE59F3DC1E4EDE9400843828 = {
						CreatedOnToolsVersion = 8.2.1;
						DevelopmentTeam = 3RPN8GKB6G;
						LastSwiftMigration = 0820;
						ProvisioningStyle = Automatic;
					};
					FE59F3E41E4EDE9500843828 = {
						CreatedOnToolsVersion = 8.2.1;
						DevelopmentTeam = 3RPN8GKB6G;
						ProvisioningStyle = Automatic;
						TestTargetID = FE432D621E4ED1C300E3F45E;
					};
					FE59F4A31E4FF91600843828 = {
						CreatedOnToolsVersion = 8.2.1;
						DevelopmentTeam = 3RPN8GKB6G;
						ProvisioningStyle = Automatic;
						SystemCapabilities = {
							com.apple.ApplicationGroups.iOS = {
								enabled = 1;
							};
							com.apple.Keychain = {
								enabled = 1;
							};
						};
					};
					FE6EDDB51E502BEB00DFAE57 = {
						CreatedOnToolsVersion = 8.2.1;
						DevelopmentTeam = 3RPN8GKB6G;
						ProvisioningStyle = Automatic;
						SystemCapabilities = {
							com.apple.ApplicationGroups.iOS = {
								enabled = 1;
							};
							com.apple.Keychain = {
								enabled = 1;
							};
						};
					};
					FE6EDDCE1E50715F00DFAE57 = {
						CreatedOnToolsVersion = 8.2.1;
						DevelopmentTeam = 3RPN8GKB6G;
						LastSwiftMigration = 0820;
						ProvisioningStyle = Automatic;
					};
					FE6EDDD61E50716000DFAE57 = {
						CreatedOnToolsVersion = 8.2.1;
						DevelopmentTeam = 3RPN8GKB6G;
						ProvisioningStyle = Automatic;
						TestTargetID = FE432D621E4ED1C300E3F45E;
					};
					FE6EDE061E50917100DFAE57 = {
						CreatedOnToolsVersion = 8.2.1;
						DevelopmentTeam = 3RPN8GKB6G;
						ProvisioningStyle = Automatic;
						SystemCapabilities = {
							com.apple.ApplicationGroups.iOS = {
								enabled = 1;
							};
							com.apple.Keychain = {
								enabled = 1;
							};
						};
					};
				};
			};
			buildConfigurationList = FE432D5E1E4ED1C300E3F45E /* Build configuration list for PBXProject "monokit" */;
			compatibilityVersion = "Xcode 3.2";
			developmentRegion = English;
			hasScannedForEncodings = 0;
			knownRegions = (
				en,
				Base,
			);
			mainGroup = FE432D5A1E4ED1C300E3F45E;
			productRefGroup = FE432D641E4ED1C300E3F45E /* Products */;
			projectDirPath = "";
			projectRoot = "";
			targets = (
				FE432D621E4ED1C300E3F45E /* monokit */,
				FE59F3B91E4EDE2800843828 /* Pinboard */,
				FE59F3C11E4EDE2800843828 /* PinboardTests */,
				FE59F3DC1E4EDE9400843828 /* Lib */,
				FE59F3E41E4EDE9500843828 /* LibTests */,
				FE59F4A31E4FF91600843828 /* PinboardLetter */,
				FE6EDDB51E502BEB00DFAE57 /* PinboardStar */,
				FE6EDDCE1E50715F00DFAE57 /* Tumblr */,
				FE6EDDD61E50716000DFAE57 /* TumblrTests */,
				FE6EDE061E50917100DFAE57 /* TumblrLink */,
			);
		};
/* End PBXProject section */

/* Begin PBXResourcesBuildPhase section */
		FE432D611E4ED1C300E3F45E /* Resources */ = {
			isa = PBXResourcesBuildPhase;
			buildActionMask = 2147483647;
			files = (
				FE432D711E4ED1C300E3F45E /* LaunchScreen.storyboard in Resources */,
				FE59F4671E4F40A800843828 /* Localizable.strings in Resources */,
				FE432D6E1E4ED1C300E3F45E /* Assets.xcassets in Resources */,
				FE432D6C1E4ED1C300E3F45E /* Main.storyboard in Resources */,
			);
			runOnlyForDeploymentPostprocessing = 0;
		};
		FE59F3B81E4EDE2800843828 /* Resources */ = {
			isa = PBXResourcesBuildPhase;
			buildActionMask = 2147483647;
			files = (
			);
			runOnlyForDeploymentPostprocessing = 0;
		};
		FE59F3C01E4EDE2800843828 /* Resources */ = {
			isa = PBXResourcesBuildPhase;
			buildActionMask = 2147483647;
			files = (
				FE59F4581E4F092C00843828 /* TestData.plist in Resources */,
			);
			runOnlyForDeploymentPostprocessing = 0;
		};
		FE59F3DB1E4EDE9400843828 /* Resources */ = {
			isa = PBXResourcesBuildPhase;
			buildActionMask = 2147483647;
			files = (
			);
			runOnlyForDeploymentPostprocessing = 0;
		};
		FE59F3E31E4EDE9500843828 /* Resources */ = {
			isa = PBXResourcesBuildPhase;
			buildActionMask = 2147483647;
			files = (
			);
			runOnlyForDeploymentPostprocessing = 0;
		};
		FE59F4A21E4FF91600843828 /* Resources */ = {
			isa = PBXResourcesBuildPhase;
			buildActionMask = 2147483647;
			files = (
				FE59F4AA1E4FF91700843828 /* MainInterface.storyboard in Resources */,
			);
			runOnlyForDeploymentPostprocessing = 0;
		};
		FE6EDDB41E502BEB00DFAE57 /* Resources */ = {
			isa = PBXResourcesBuildPhase;
			buildActionMask = 2147483647;
			files = (
				FE6EDDBC1E502BEB00DFAE57 /* MainInterface.storyboard in Resources */,
			);
			runOnlyForDeploymentPostprocessing = 0;
		};
		FE6EDDCD1E50715F00DFAE57 /* Resources */ = {
			isa = PBXResourcesBuildPhase;
			buildActionMask = 2147483647;
			files = (
			);
			runOnlyForDeploymentPostprocessing = 0;
		};
		FE6EDDD51E50716000DFAE57 /* Resources */ = {
			isa = PBXResourcesBuildPhase;
			buildActionMask = 2147483647;
			files = (
			);
			runOnlyForDeploymentPostprocessing = 0;
		};
		FE6EDE051E50917100DFAE57 /* Resources */ = {
			isa = PBXResourcesBuildPhase;
			buildActionMask = 2147483647;
			files = (
				FE6EDE0D1E50917100DFAE57 /* MainInterface.storyboard in Resources */,
			);
			runOnlyForDeploymentPostprocessing = 0;
		};
/* End PBXResourcesBuildPhase section */

/* Begin PBXShellScriptBuildPhase section */
		FE59F4291E4EDF4000843828 /* Carthage */ = {
			isa = PBXShellScriptBuildPhase;
			buildActionMask = 2147483647;
			files = (
			);
			inputPaths = (
				"$(SRCROOT)/Carthage/Build/iOS/APIKit.framework",
				"$(SRCROOT)/Carthage/Build/iOS/Himotoki.framework",
				"$(SRCROOT)/Carthage/Build/iOS/Result.framework",
				"$(SRCROOT)/Carthage/Build/iOS/RxSwift.framework",
				"$(SRCROOT)/Carthage/Build/iOS/RxCocoa.framework",
				"$(SRCROOT)/Carthage/Build/iOS/SWXMLHash.framework",
				"$(SRCROOT)/Carthage/Build/iOS/KeychainAccess.framework",
				"$(SRCROOT)/Carthage/Build/iOS/SwiftyUserDefaults.framework",
				"$(SRCROOT)/Carthage/Build/iOS/SVProgressHUD.framework",
				"$(SRCROOT)/Carthage/Build/iOS/OAuthSwift.framework",
			);
			name = Carthage;
			outputPaths = (
			);
			runOnlyForDeploymentPostprocessing = 0;
			shellPath = /bin/sh;
			shellScript = "if [ \"${CONFIGURATION}\" = \"Release\" ]; then\n/usr/local/bin/carthage copy-frameworks\nfi";
		};
/* End PBXShellScriptBuildPhase section */

/* Begin PBXSourcesBuildPhase section */
		FE432D5F1E4ED1C300E3F45E /* Sources */ = {
			isa = PBXSourcesBuildPhase;
			buildActionMask = 2147483647;
			files = (
				FE432D691E4ED1C300E3F45E /* ViewController.swift in Sources */,
				FE59F4841E4F53B900843828 /* Pinboard.extension.swift in Sources */,
				FE432D671E4ED1C300E3F45E /* AppDelegate.swift in Sources */,
				FE59F4891E4FEF2A00843828 /* Functions.swift in Sources */,
				FE59F4651E4F405A00843828 /* PinboardViewController.swift in Sources */,
			);
			runOnlyForDeploymentPostprocessing = 0;
		};
		FE59F3B51E4EDE2800843828 /* Sources */ = {
			isa = PBXSourcesBuildPhase;
			buildActionMask = 2147483647;
			files = (
				FE59F4421E4EF54700843828 /* Request.extension.swift in Sources */,
				FE59F46A1E4F437500843828 /* PinboardService.swift in Sources */,
				FE59F4741E4F459000843828 /* UserDefaults.pinboard.swift in Sources */,
				FE59F43E1E4EF4C300843828 /* UserRequests.swift in Sources */,
				FE59F44C1E4EFEFA00843828 /* XMLParser.swift in Sources */,
				FE59F45D1E4F33D400843828 /* PostRequests.swift in Sources */,
				FE59F4791E4F483F00843828 /* Keychain.swift in Sources */,
				FE6EDDC91E50316300DFAE57 /* ShareExtension.swift in Sources */,
			);
			runOnlyForDeploymentPostprocessing = 0;
		};
		FE59F3BE1E4EDE2800843828 /* Sources */ = {
			isa = PBXSourcesBuildPhase;
			buildActionMask = 2147483647;
			files = (
				FE59F4561E4F03B300843828 /* XMLParserTests.swift in Sources */,
				FE59F45B1E4F32D300843828 /* TestDataUtil.swift in Sources */,
				FE59F4451E4EF77300843828 /* UserRequestsTests.swift in Sources */,
				FE59F4611E4F390C00843828 /* PostRequestsTests.swift in Sources */,
			);
			runOnlyForDeploymentPostprocessing = 0;
		};
		FE59F3D81E4EDE9400843828 /* Sources */ = {
			isa = PBXSourcesBuildPhase;
			buildActionMask = 2147483647;
			files = (
				FE59F48B1E4FF13E00843828 /* URL.extension.swift in Sources */,
				FE59F45F1E4F384400843828 /* Dictionary.extension.swift in Sources */,
				FE59F4801E4F4D1500843828 /* Progress.swift in Sources */,
				FE59F4391E4EF2BE00843828 /* RxSwift.extension.swift in Sources */,
				FE59F42C1E4EE09200843828 /* Logger.swift in Sources */,
				FE59F4771E4F46D800843828 /* Keychain.swift in Sources */,
				FE6EDDB11E50266500DFAE57 /* ShareExtension.swift in Sources */,
			);
			runOnlyForDeploymentPostprocessing = 0;
		};
		FE59F3E11E4EDE9500843828 /* Sources */ = {
			isa = PBXSourcesBuildPhase;
			buildActionMask = 2147483647;
			files = (
				FE59F48D1E4FF17200843828 /* URL.extension.tests.swift in Sources */,
				FE59F42F1E4EEB4D00843828 /* LoggerTests.swift in Sources */,
			);
			runOnlyForDeploymentPostprocessing = 0;
		};
		FE59F4A01E4FF91600843828 /* Sources */ = {
			isa = PBXSourcesBuildPhase;
			buildActionMask = 2147483647;
			files = (
				FE59F4A71E4FF91600843828 /* ShareViewController.swift in Sources */,
			);
			runOnlyForDeploymentPostprocessing = 0;
		};
		FE6EDDB21E502BEB00DFAE57 /* Sources */ = {
			isa = PBXSourcesBuildPhase;
			buildActionMask = 2147483647;
			files = (
				FE6EDDB91E502BEB00DFAE57 /* ShareViewController.swift in Sources */,
			);
			runOnlyForDeploymentPostprocessing = 0;
		};
		FE6EDDCA1E50715F00DFAE57 /* Sources */ = {
			isa = PBXSourcesBuildPhase;
			buildActionMask = 2147483647;
			files = (
				FE6EDDF31E50720D00DFAE57 /* PostRequests.swift in Sources */,
				FE65F9711E5092C80070B82A /* TumblrService.swift in Sources */,
				FE65F96E1E5092620070B82A /* ShareExtension.swift in Sources */,
				FE6EDDF51E50723F00DFAE57 /* Request.swift in Sources */,
			);
			runOnlyForDeploymentPostprocessing = 0;
		};
		FE6EDDD31E50716000DFAE57 /* Sources */ = {
			isa = PBXSourcesBuildPhase;
			buildActionMask = 2147483647;
			files = (
				FE6EDDF81E50745A00DFAE57 /* PostsRequests.tests.swift in Sources */,
				FE6EDDDF1E50716000DFAE57 /* TumblrTests.swift in Sources */,
			);
			runOnlyForDeploymentPostprocessing = 0;
		};
		FE6EDE031E50917100DFAE57 /* Sources */ = {
			isa = PBXSourcesBuildPhase;
			buildActionMask = 2147483647;
			files = (
				FE6EDE0A1E50917100DFAE57 /* ShareViewController.swift in Sources */,
			);
			runOnlyForDeploymentPostprocessing = 0;
		};
/* End PBXSourcesBuildPhase section */

/* Begin PBXTargetDependency section */
		FE59F3C51E4EDE2800843828 /* PBXTargetDependency */ = {
			isa = PBXTargetDependency;
			target = FE59F3B91E4EDE2800843828 /* Pinboard */;
			targetProxy = FE59F3C41E4EDE2800843828 /* PBXContainerItemProxy */;
		};
		FE59F3C71E4EDE2800843828 /* PBXTargetDependency */ = {
			isa = PBXTargetDependency;
			target = FE432D621E4ED1C300E3F45E /* monokit */;
			targetProxy = FE59F3C61E4EDE2800843828 /* PBXContainerItemProxy */;
		};
		FE59F3CE1E4EDE2800843828 /* PBXTargetDependency */ = {
			isa = PBXTargetDependency;
			target = FE59F3B91E4EDE2800843828 /* Pinboard */;
			targetProxy = FE59F3CD1E4EDE2800843828 /* PBXContainerItemProxy */;
		};
		FE59F3E81E4EDE9500843828 /* PBXTargetDependency */ = {
			isa = PBXTargetDependency;
			target = FE59F3DC1E4EDE9400843828 /* Lib */;
			targetProxy = FE59F3E71E4EDE9500843828 /* PBXContainerItemProxy */;
		};
		FE59F3EA1E4EDE9500843828 /* PBXTargetDependency */ = {
			isa = PBXTargetDependency;
			target = FE432D621E4ED1C300E3F45E /* monokit */;
			targetProxy = FE59F3E91E4EDE9500843828 /* PBXContainerItemProxy */;
		};
		FE59F3F11E4EDE9500843828 /* PBXTargetDependency */ = {
			isa = PBXTargetDependency;
			target = FE59F3DC1E4EDE9400843828 /* Lib */;
			targetProxy = FE59F3F01E4EDE9500843828 /* PBXContainerItemProxy */;
		};
		FE59F4AD1E4FF91700843828 /* PBXTargetDependency */ = {
			isa = PBXTargetDependency;
			target = FE59F4A31E4FF91600843828 /* PinboardLetter */;
			targetProxy = FE59F4AC1E4FF91700843828 /* PBXContainerItemProxy */;
		};
		FE6EDDBF1E502BEB00DFAE57 /* PBXTargetDependency */ = {
			isa = PBXTargetDependency;
			target = FE6EDDB51E502BEB00DFAE57 /* PinboardStar */;
			targetProxy = FE6EDDBE1E502BEB00DFAE57 /* PBXContainerItemProxy */;
		};
		FE6EDDDA1E50716000DFAE57 /* PBXTargetDependency */ = {
			isa = PBXTargetDependency;
			target = FE6EDDCE1E50715F00DFAE57 /* Tumblr */;
			targetProxy = FE6EDDD91E50716000DFAE57 /* PBXContainerItemProxy */;
		};
		FE6EDDDC1E50716000DFAE57 /* PBXTargetDependency */ = {
			isa = PBXTargetDependency;
			target = FE432D621E4ED1C300E3F45E /* monokit */;
			targetProxy = FE6EDDDB1E50716000DFAE57 /* PBXContainerItemProxy */;
		};
		FE6EDDE31E50716000DFAE57 /* PBXTargetDependency */ = {
			isa = PBXTargetDependency;
			target = FE6EDDCE1E50715F00DFAE57 /* Tumblr */;
			targetProxy = FE6EDDE21E50716000DFAE57 /* PBXContainerItemProxy */;
		};
		FE6EDE101E50917100DFAE57 /* PBXTargetDependency */ = {
			isa = PBXTargetDependency;
			target = FE6EDE061E50917100DFAE57 /* TumblrLink */;
			targetProxy = FE6EDE0F1E50917100DFAE57 /* PBXContainerItemProxy */;
		};
/* End PBXTargetDependency section */

/* Begin PBXVariantGroup section */
		FE432D6A1E4ED1C300E3F45E /* Main.storyboard */ = {
			isa = PBXVariantGroup;
			children = (
				FE432D6B1E4ED1C300E3F45E /* Base */,
			);
			name = Main.storyboard;
			sourceTree = "<group>";
		};
		FE432D6F1E4ED1C300E3F45E /* LaunchScreen.storyboard */ = {
			isa = PBXVariantGroup;
			children = (
				FE432D701E4ED1C300E3F45E /* Base */,
			);
			name = LaunchScreen.storyboard;
			sourceTree = "<group>";
		};
		FE59F4A81E4FF91600843828 /* MainInterface.storyboard */ = {
			isa = PBXVariantGroup;
			children = (
				FE59F4A91E4FF91600843828 /* Base */,
			);
			name = MainInterface.storyboard;
			sourceTree = "<group>";
		};
		FE6EDDBA1E502BEB00DFAE57 /* MainInterface.storyboard */ = {
			isa = PBXVariantGroup;
			children = (
				FE6EDDBB1E502BEB00DFAE57 /* Base */,
			);
			name = MainInterface.storyboard;
			sourceTree = "<group>";
		};
		FE6EDE0B1E50917100DFAE57 /* MainInterface.storyboard */ = {
			isa = PBXVariantGroup;
			children = (
				FE6EDE0C1E50917100DFAE57 /* Base */,
			);
			name = MainInterface.storyboard;
			sourceTree = "<group>";
		};
/* End PBXVariantGroup section */

/* Begin XCBuildConfiguration section */
		FE432D891E4ED1C300E3F45E /* Debug */ = {
			isa = XCBuildConfiguration;
			buildSettings = {
				ALWAYS_SEARCH_USER_PATHS = NO;
				CLANG_ANALYZER_NONNULL = YES;
				CLANG_CXX_LANGUAGE_STANDARD = "gnu++0x";
				CLANG_CXX_LIBRARY = "libc++";
				CLANG_ENABLE_MODULES = YES;
				CLANG_ENABLE_OBJC_ARC = YES;
				CLANG_WARN_BOOL_CONVERSION = YES;
				CLANG_WARN_CONSTANT_CONVERSION = YES;
				CLANG_WARN_DIRECT_OBJC_ISA_USAGE = YES_ERROR;
				CLANG_WARN_DOCUMENTATION_COMMENTS = YES;
				CLANG_WARN_EMPTY_BODY = YES;
				CLANG_WARN_ENUM_CONVERSION = YES;
				CLANG_WARN_INFINITE_RECURSION = YES;
				CLANG_WARN_INT_CONVERSION = YES;
				CLANG_WARN_OBJC_ROOT_CLASS = YES_ERROR;
				CLANG_WARN_SUSPICIOUS_MOVE = YES;
				CLANG_WARN_UNREACHABLE_CODE = YES;
				CLANG_WARN__DUPLICATE_METHOD_MATCH = YES;
				"CODE_SIGN_IDENTITY[sdk=iphoneos*]" = "iPhone Developer";
				COPY_PHASE_STRIP = NO;
				DEBUG_INFORMATION_FORMAT = dwarf;
				ENABLE_STRICT_OBJC_MSGSEND = YES;
				ENABLE_TESTABILITY = YES;
				GCC_C_LANGUAGE_STANDARD = gnu99;
				GCC_DYNAMIC_NO_PIC = NO;
				GCC_NO_COMMON_BLOCKS = YES;
				GCC_OPTIMIZATION_LEVEL = 0;
				GCC_PREPROCESSOR_DEFINITIONS = (
					"DEBUG=1",
					"$(inherited)",
				);
				GCC_WARN_64_TO_32_BIT_CONVERSION = YES;
				GCC_WARN_ABOUT_RETURN_TYPE = YES_ERROR;
				GCC_WARN_UNDECLARED_SELECTOR = YES;
				GCC_WARN_UNINITIALIZED_AUTOS = YES_AGGRESSIVE;
				GCC_WARN_UNUSED_FUNCTION = YES;
				GCC_WARN_UNUSED_VARIABLE = YES;
				MTL_ENABLE_DEBUG_INFO = YES;
				ONLY_ACTIVE_ARCH = YES;
				SDKROOT = iphoneos;
				SWIFT_ACTIVE_COMPILATION_CONDITIONS = DEBUG;
				SWIFT_OPTIMIZATION_LEVEL = "-Onone";
				TARGETED_DEVICE_FAMILY = "1,2";
			};
			name = Debug;
		};
		FE432D8A1E4ED1C300E3F45E /* Release */ = {
			isa = XCBuildConfiguration;
			buildSettings = {
				ALWAYS_SEARCH_USER_PATHS = NO;
				CLANG_ANALYZER_NONNULL = YES;
				CLANG_CXX_LANGUAGE_STANDARD = "gnu++0x";
				CLANG_CXX_LIBRARY = "libc++";
				CLANG_ENABLE_MODULES = YES;
				CLANG_ENABLE_OBJC_ARC = YES;
				CLANG_WARN_BOOL_CONVERSION = YES;
				CLANG_WARN_CONSTANT_CONVERSION = YES;
				CLANG_WARN_DIRECT_OBJC_ISA_USAGE = YES_ERROR;
				CLANG_WARN_DOCUMENTATION_COMMENTS = YES;
				CLANG_WARN_EMPTY_BODY = YES;
				CLANG_WARN_ENUM_CONVERSION = YES;
				CLANG_WARN_INFINITE_RECURSION = YES;
				CLANG_WARN_INT_CONVERSION = YES;
				CLANG_WARN_OBJC_ROOT_CLASS = YES_ERROR;
				CLANG_WARN_SUSPICIOUS_MOVE = YES;
				CLANG_WARN_UNREACHABLE_CODE = YES;
				CLANG_WARN__DUPLICATE_METHOD_MATCH = YES;
				"CODE_SIGN_IDENTITY[sdk=iphoneos*]" = "iPhone Developer";
				COPY_PHASE_STRIP = NO;
				DEBUG_INFORMATION_FORMAT = "dwarf-with-dsym";
				ENABLE_NS_ASSERTIONS = NO;
				ENABLE_STRICT_OBJC_MSGSEND = YES;
				GCC_C_LANGUAGE_STANDARD = gnu99;
				GCC_NO_COMMON_BLOCKS = YES;
				GCC_WARN_64_TO_32_BIT_CONVERSION = YES;
				GCC_WARN_ABOUT_RETURN_TYPE = YES_ERROR;
				GCC_WARN_UNDECLARED_SELECTOR = YES;
				GCC_WARN_UNINITIALIZED_AUTOS = YES_AGGRESSIVE;
				GCC_WARN_UNUSED_FUNCTION = YES;
				GCC_WARN_UNUSED_VARIABLE = YES;
				MTL_ENABLE_DEBUG_INFO = NO;
				SDKROOT = iphoneos;
				SWIFT_OPTIMIZATION_LEVEL = "-Owholemodule";
				TARGETED_DEVICE_FAMILY = "1,2";
				VALIDATE_PRODUCT = YES;
			};
			name = Release;
		};
		FE432D8C1E4ED1C300E3F45E /* Debug */ = {
			isa = XCBuildConfiguration;
			buildSettings = {
				ALWAYS_EMBED_SWIFT_STANDARD_LIBRARIES = YES;
				ASSETCATALOG_COMPILER_APPICON_NAME = AppIcon;
				CODE_SIGN_ENTITLEMENTS = monokit/monokit.entitlements;
				DEVELOPMENT_TEAM = 3RPN8GKB6G;
				FRAMEWORK_SEARCH_PATHS = (
					"$(inherited)",
					"$(PROJECT_DIR)/Carthage/Build/iOS",
				);
				INFOPLIST_FILE = monokit/Info.plist;
				LD_RUNPATH_SEARCH_PATHS = "$(inherited) @executable_path/Frameworks";
				PRODUCT_BUNDLE_IDENTIFIER = com.mono0926.monokit;
				PRODUCT_NAME = "$(TARGET_NAME)";
				SWIFT_VERSION = 3.0;
			};
			name = Debug;
		};
		FE432D8D1E4ED1C300E3F45E /* Release */ = {
			isa = XCBuildConfiguration;
			buildSettings = {
				ALWAYS_EMBED_SWIFT_STANDARD_LIBRARIES = YES;
				ASSETCATALOG_COMPILER_APPICON_NAME = AppIcon;
				CODE_SIGN_ENTITLEMENTS = monokit/monokit.entitlements;
				DEVELOPMENT_TEAM = 3RPN8GKB6G;
				FRAMEWORK_SEARCH_PATHS = (
					"$(inherited)",
					"$(PROJECT_DIR)/Carthage/Build/iOS",
				);
				INFOPLIST_FILE = monokit/Info.plist;
				LD_RUNPATH_SEARCH_PATHS = "$(inherited) @executable_path/Frameworks";
				PRODUCT_BUNDLE_IDENTIFIER = com.mono0926.monokit;
				PRODUCT_NAME = "$(TARGET_NAME)";
				SWIFT_VERSION = 3.0;
			};
			name = Release;
		};
		FE59F3D21E4EDE2800843828 /* Debug */ = {
			isa = XCBuildConfiguration;
			buildSettings = {
				CLANG_ENABLE_MODULES = YES;
				CODE_SIGN_IDENTITY = "";
				CURRENT_PROJECT_VERSION = 1;
				DEFINES_MODULE = YES;
				DEVELOPMENT_TEAM = 3RPN8GKB6G;
				DYLIB_COMPATIBILITY_VERSION = 1;
				DYLIB_CURRENT_VERSION = 1;
				DYLIB_INSTALL_NAME_BASE = "@rpath";
				FRAMEWORK_SEARCH_PATHS = (
					"$(inherited)",
					"$(PROJECT_DIR)/Carthage/Build/iOS",
				);
				INFOPLIST_FILE = Pinboard/Info.plist;
				INSTALL_PATH = "$(LOCAL_LIBRARY_DIR)/Frameworks";
				LD_RUNPATH_SEARCH_PATHS = "$(inherited) @executable_path/Frameworks @loader_path/Frameworks";
				PRODUCT_BUNDLE_IDENTIFIER = com.mono0926.Pinboard;
				PRODUCT_NAME = "$(TARGET_NAME)";
				SKIP_INSTALL = YES;
				SWIFT_OPTIMIZATION_LEVEL = "-Onone";
				SWIFT_VERSION = 3.0;
				VERSIONING_SYSTEM = "apple-generic";
				VERSION_INFO_PREFIX = "";
			};
			name = Debug;
		};
		FE59F3D31E4EDE2800843828 /* Release */ = {
			isa = XCBuildConfiguration;
			buildSettings = {
				CLANG_ENABLE_MODULES = YES;
				CODE_SIGN_IDENTITY = "";
				CURRENT_PROJECT_VERSION = 1;
				DEFINES_MODULE = YES;
				DEVELOPMENT_TEAM = 3RPN8GKB6G;
				DYLIB_COMPATIBILITY_VERSION = 1;
				DYLIB_CURRENT_VERSION = 1;
				DYLIB_INSTALL_NAME_BASE = "@rpath";
				FRAMEWORK_SEARCH_PATHS = (
					"$(inherited)",
					"$(PROJECT_DIR)/Carthage/Build/iOS",
				);
				INFOPLIST_FILE = Pinboard/Info.plist;
				INSTALL_PATH = "$(LOCAL_LIBRARY_DIR)/Frameworks";
				LD_RUNPATH_SEARCH_PATHS = "$(inherited) @executable_path/Frameworks @loader_path/Frameworks";
				PRODUCT_BUNDLE_IDENTIFIER = com.mono0926.Pinboard;
				PRODUCT_NAME = "$(TARGET_NAME)";
				SKIP_INSTALL = YES;
				SWIFT_VERSION = 3.0;
				VERSIONING_SYSTEM = "apple-generic";
				VERSION_INFO_PREFIX = "";
			};
			name = Release;
		};
		FE59F3D61E4EDE2800843828 /* Debug */ = {
			isa = XCBuildConfiguration;
			buildSettings = {
				ALWAYS_EMBED_SWIFT_STANDARD_LIBRARIES = YES;
				DEVELOPMENT_TEAM = 3RPN8GKB6G;
				FRAMEWORK_SEARCH_PATHS = (
					"$(inherited)",
					"$(PROJECT_DIR)/Carthage/Build/iOS",
				);
				INFOPLIST_FILE = PinboardTests/Info.plist;
				LD_RUNPATH_SEARCH_PATHS = "$(inherited) @executable_path/Frameworks @loader_path/Frameworks";
				PRODUCT_BUNDLE_IDENTIFIER = com.mono0926.PinboardTests;
				PRODUCT_NAME = "$(TARGET_NAME)";
				SWIFT_VERSION = 3.0;
				TEST_HOST = "$(BUILT_PRODUCTS_DIR)/monokit.app/monokit";
			};
			name = Debug;
		};
		FE59F3D71E4EDE2800843828 /* Release */ = {
			isa = XCBuildConfiguration;
			buildSettings = {
				ALWAYS_EMBED_SWIFT_STANDARD_LIBRARIES = YES;
				DEVELOPMENT_TEAM = 3RPN8GKB6G;
				FRAMEWORK_SEARCH_PATHS = (
					"$(inherited)",
					"$(PROJECT_DIR)/Carthage/Build/iOS",
				);
				INFOPLIST_FILE = PinboardTests/Info.plist;
				LD_RUNPATH_SEARCH_PATHS = "$(inherited) @executable_path/Frameworks @loader_path/Frameworks";
				PRODUCT_BUNDLE_IDENTIFIER = com.mono0926.PinboardTests;
				PRODUCT_NAME = "$(TARGET_NAME)";
				SWIFT_VERSION = 3.0;
				TEST_HOST = "$(BUILT_PRODUCTS_DIR)/monokit.app/monokit";
			};
			name = Release;
		};
		FE59F3F51E4EDE9500843828 /* Debug */ = {
			isa = XCBuildConfiguration;
			buildSettings = {
				CLANG_ENABLE_MODULES = YES;
				CODE_SIGN_IDENTITY = "";
				CURRENT_PROJECT_VERSION = 1;
				DEFINES_MODULE = YES;
				DEVELOPMENT_TEAM = 3RPN8GKB6G;
				DYLIB_COMPATIBILITY_VERSION = 1;
				DYLIB_CURRENT_VERSION = 1;
				DYLIB_INSTALL_NAME_BASE = "@rpath";
				FRAMEWORK_SEARCH_PATHS = (
					"$(inherited)",
					"$(PROJECT_DIR)/Carthage/Build/iOS",
				);
				INFOPLIST_FILE = Lib/Info.plist;
				INSTALL_PATH = "$(LOCAL_LIBRARY_DIR)/Frameworks";
				LD_RUNPATH_SEARCH_PATHS = "$(inherited) @executable_path/Frameworks @loader_path/Frameworks";
				PRODUCT_BUNDLE_IDENTIFIER = com.mono0926.Lib;
				PRODUCT_NAME = "$(TARGET_NAME)";
				SKIP_INSTALL = YES;
				SWIFT_OPTIMIZATION_LEVEL = "-Onone";
				SWIFT_VERSION = 3.0;
				VERSIONING_SYSTEM = "apple-generic";
				VERSION_INFO_PREFIX = "";
			};
			name = Debug;
		};
		FE59F3F61E4EDE9500843828 /* Release */ = {
			isa = XCBuildConfiguration;
			buildSettings = {
				CLANG_ENABLE_MODULES = YES;
				CODE_SIGN_IDENTITY = "";
				CURRENT_PROJECT_VERSION = 1;
				DEFINES_MODULE = YES;
				DEVELOPMENT_TEAM = 3RPN8GKB6G;
				DYLIB_COMPATIBILITY_VERSION = 1;
				DYLIB_CURRENT_VERSION = 1;
				DYLIB_INSTALL_NAME_BASE = "@rpath";
				FRAMEWORK_SEARCH_PATHS = (
					"$(inherited)",
					"$(PROJECT_DIR)/Carthage/Build/iOS",
				);
				INFOPLIST_FILE = Lib/Info.plist;
				INSTALL_PATH = "$(LOCAL_LIBRARY_DIR)/Frameworks";
				LD_RUNPATH_SEARCH_PATHS = "$(inherited) @executable_path/Frameworks @loader_path/Frameworks";
				PRODUCT_BUNDLE_IDENTIFIER = com.mono0926.Lib;
				PRODUCT_NAME = "$(TARGET_NAME)";
				SKIP_INSTALL = YES;
				SWIFT_VERSION = 3.0;
				VERSIONING_SYSTEM = "apple-generic";
				VERSION_INFO_PREFIX = "";
			};
			name = Release;
		};
		FE59F3F81E4EDE9500843828 /* Debug */ = {
			isa = XCBuildConfiguration;
			buildSettings = {
				ALWAYS_EMBED_SWIFT_STANDARD_LIBRARIES = YES;
				DEVELOPMENT_TEAM = 3RPN8GKB6G;
				FRAMEWORK_SEARCH_PATHS = (
					"$(inherited)",
					"$(PROJECT_DIR)/Carthage/Build/iOS",
				);
				INFOPLIST_FILE = LibTests/Info.plist;
				LD_RUNPATH_SEARCH_PATHS = "$(inherited) @executable_path/Frameworks @loader_path/Frameworks";
				PRODUCT_BUNDLE_IDENTIFIER = com.mono0926.LibTests;
				PRODUCT_NAME = "$(TARGET_NAME)";
				SWIFT_VERSION = 3.0;
				TEST_HOST = "$(BUILT_PRODUCTS_DIR)/monokit.app/monokit";
			};
			name = Debug;
		};
		FE59F3F91E4EDE9500843828 /* Release */ = {
			isa = XCBuildConfiguration;
			buildSettings = {
				ALWAYS_EMBED_SWIFT_STANDARD_LIBRARIES = YES;
				DEVELOPMENT_TEAM = 3RPN8GKB6G;
				FRAMEWORK_SEARCH_PATHS = (
					"$(inherited)",
					"$(PROJECT_DIR)/Carthage/Build/iOS",
				);
				INFOPLIST_FILE = LibTests/Info.plist;
				LD_RUNPATH_SEARCH_PATHS = "$(inherited) @executable_path/Frameworks @loader_path/Frameworks";
				PRODUCT_BUNDLE_IDENTIFIER = com.mono0926.LibTests;
				PRODUCT_NAME = "$(TARGET_NAME)";
				SWIFT_VERSION = 3.0;
				TEST_HOST = "$(BUILT_PRODUCTS_DIR)/monokit.app/monokit";
			};
			name = Release;
		};
		FE59F4B01E4FF91700843828 /* Debug */ = {
			isa = XCBuildConfiguration;
			buildSettings = {
				CODE_SIGN_ENTITLEMENTS = PinboardLetter/PinboardLetter.entitlements;
				DEVELOPMENT_TEAM = 3RPN8GKB6G;
				FRAMEWORK_SEARCH_PATHS = (
					"$(inherited)",
					"$(PROJECT_DIR)/Carthage/Build/iOS",
				);
				INFOPLIST_FILE = PinboardLetter/Info.plist;
				LD_RUNPATH_SEARCH_PATHS = "$(inherited) @executable_path/Frameworks @executable_path/../../Frameworks";
				PRODUCT_BUNDLE_IDENTIFIER = com.mono0926.monokit.PinboardLetter;
				PRODUCT_NAME = "$(TARGET_NAME)";
				SKIP_INSTALL = YES;
				SWIFT_VERSION = 3.0;
			};
			name = Debug;
		};
		FE59F4B11E4FF91700843828 /* Release */ = {
			isa = XCBuildConfiguration;
			buildSettings = {
				CODE_SIGN_ENTITLEMENTS = PinboardLetter/PinboardLetter.entitlements;
				DEVELOPMENT_TEAM = 3RPN8GKB6G;
				FRAMEWORK_SEARCH_PATHS = (
					"$(inherited)",
					"$(PROJECT_DIR)/Carthage/Build/iOS",
				);
				INFOPLIST_FILE = PinboardLetter/Info.plist;
				LD_RUNPATH_SEARCH_PATHS = "$(inherited) @executable_path/Frameworks @executable_path/../../Frameworks";
				PRODUCT_BUNDLE_IDENTIFIER = com.mono0926.monokit.PinboardLetter;
				PRODUCT_NAME = "$(TARGET_NAME)";
				SKIP_INSTALL = YES;
				SWIFT_VERSION = 3.0;
			};
			name = Release;
		};
		FE6EDDC21E502BEB00DFAE57 /* Debug */ = {
			isa = XCBuildConfiguration;
			buildSettings = {
				CODE_SIGN_ENTITLEMENTS = PinboardStar/PinboardStar.entitlements;
				DEVELOPMENT_TEAM = 3RPN8GKB6G;
				FRAMEWORK_SEARCH_PATHS = (
					"$(inherited)",
					"$(PROJECT_DIR)/Carthage/Build/iOS",
				);
				INFOPLIST_FILE = PinboardStar/Info.plist;
				LD_RUNPATH_SEARCH_PATHS = "$(inherited) @executable_path/Frameworks @executable_path/../../Frameworks";
				PRODUCT_BUNDLE_IDENTIFIER = com.mono0926.monokit.PinboardStar;
				PRODUCT_NAME = "$(TARGET_NAME)";
				SKIP_INSTALL = YES;
				SWIFT_VERSION = 3.0;
			};
			name = Debug;
		};
		FE6EDDC31E502BEB00DFAE57 /* Release */ = {
			isa = XCBuildConfiguration;
			buildSettings = {
				CODE_SIGN_ENTITLEMENTS = PinboardStar/PinboardStar.entitlements;
				DEVELOPMENT_TEAM = 3RPN8GKB6G;
				FRAMEWORK_SEARCH_PATHS = (
					"$(inherited)",
					"$(PROJECT_DIR)/Carthage/Build/iOS",
				);
				INFOPLIST_FILE = PinboardStar/Info.plist;
				LD_RUNPATH_SEARCH_PATHS = "$(inherited) @executable_path/Frameworks @executable_path/../../Frameworks";
				PRODUCT_BUNDLE_IDENTIFIER = com.mono0926.monokit.PinboardStar;
				PRODUCT_NAME = "$(TARGET_NAME)";
				SKIP_INSTALL = YES;
				SWIFT_VERSION = 3.0;
			};
			name = Release;
		};
		FE6EDDE71E50716000DFAE57 /* Debug */ = {
			isa = XCBuildConfiguration;
			buildSettings = {
				CLANG_ENABLE_MODULES = YES;
				CODE_SIGN_IDENTITY = "";
				CURRENT_PROJECT_VERSION = 1;
				DEFINES_MODULE = YES;
				DEVELOPMENT_TEAM = 3RPN8GKB6G;
				DYLIB_COMPATIBILITY_VERSION = 1;
				DYLIB_CURRENT_VERSION = 1;
				DYLIB_INSTALL_NAME_BASE = "@rpath";
				FRAMEWORK_SEARCH_PATHS = (
					"$(inherited)",
					"$(PROJECT_DIR)/Carthage/Build/iOS",
				);
				INFOPLIST_FILE = Tumblr/Info.plist;
				INSTALL_PATH = "$(LOCAL_LIBRARY_DIR)/Frameworks";
				LD_RUNPATH_SEARCH_PATHS = "$(inherited) @executable_path/Frameworks @loader_path/Frameworks";
				PRODUCT_BUNDLE_IDENTIFIER = com.mono0926.Tumblr;
				PRODUCT_NAME = "$(TARGET_NAME)";
				SKIP_INSTALL = YES;
				SWIFT_OPTIMIZATION_LEVEL = "-Onone";
				SWIFT_VERSION = 3.0;
				VERSIONING_SYSTEM = "apple-generic";
				VERSION_INFO_PREFIX = "";
			};
			name = Debug;
		};
		FE6EDDE81E50716000DFAE57 /* Release */ = {
			isa = XCBuildConfiguration;
			buildSettings = {
				CLANG_ENABLE_MODULES = YES;
				CODE_SIGN_IDENTITY = "";
				CURRENT_PROJECT_VERSION = 1;
				DEFINES_MODULE = YES;
				DEVELOPMENT_TEAM = 3RPN8GKB6G;
				DYLIB_COMPATIBILITY_VERSION = 1;
				DYLIB_CURRENT_VERSION = 1;
				DYLIB_INSTALL_NAME_BASE = "@rpath";
				FRAMEWORK_SEARCH_PATHS = (
					"$(inherited)",
					"$(PROJECT_DIR)/Carthage/Build/iOS",
				);
				INFOPLIST_FILE = Tumblr/Info.plist;
				INSTALL_PATH = "$(LOCAL_LIBRARY_DIR)/Frameworks";
				LD_RUNPATH_SEARCH_PATHS = "$(inherited) @executable_path/Frameworks @loader_path/Frameworks";
				PRODUCT_BUNDLE_IDENTIFIER = com.mono0926.Tumblr;
				PRODUCT_NAME = "$(TARGET_NAME)";
				SKIP_INSTALL = YES;
				SWIFT_VERSION = 3.0;
				VERSIONING_SYSTEM = "apple-generic";
				VERSION_INFO_PREFIX = "";
			};
			name = Release;
		};
		FE6EDDEA1E50716000DFAE57 /* Debug */ = {
			isa = XCBuildConfiguration;
			buildSettings = {
				ALWAYS_EMBED_SWIFT_STANDARD_LIBRARIES = YES;
				DEVELOPMENT_TEAM = 3RPN8GKB6G;
				FRAMEWORK_SEARCH_PATHS = (
					"$(inherited)",
					"$(PROJECT_DIR)/Carthage/Build/iOS",
				);
				INFOPLIST_FILE = TumblrTests/Info.plist;
				IPHONEOS_DEPLOYMENT_TARGET = 10.2;
				LD_RUNPATH_SEARCH_PATHS = "$(inherited) @executable_path/Frameworks @loader_path/Frameworks";
				PRODUCT_BUNDLE_IDENTIFIER = com.mono0926.TumblrTests;
				PRODUCT_NAME = "$(TARGET_NAME)";
				SWIFT_VERSION = 3.0;
				TEST_HOST = "$(BUILT_PRODUCTS_DIR)/monokit.app/monokit";
			};
			name = Debug;
		};
		FE6EDDEB1E50716000DFAE57 /* Release */ = {
			isa = XCBuildConfiguration;
			buildSettings = {
				ALWAYS_EMBED_SWIFT_STANDARD_LIBRARIES = YES;
				DEVELOPMENT_TEAM = 3RPN8GKB6G;
				FRAMEWORK_SEARCH_PATHS = (
					"$(inherited)",
					"$(PROJECT_DIR)/Carthage/Build/iOS",
				);
				INFOPLIST_FILE = TumblrTests/Info.plist;
				IPHONEOS_DEPLOYMENT_TARGET = 10.2;
				LD_RUNPATH_SEARCH_PATHS = "$(inherited) @executable_path/Frameworks @loader_path/Frameworks";
				PRODUCT_BUNDLE_IDENTIFIER = com.mono0926.TumblrTests;
				PRODUCT_NAME = "$(TARGET_NAME)";
				SWIFT_VERSION = 3.0;
				TEST_HOST = "$(BUILT_PRODUCTS_DIR)/monokit.app/monokit";
			};
			name = Release;
		};
		FE6EDE131E50917100DFAE57 /* Debug */ = {
			isa = XCBuildConfiguration;
			buildSettings = {
				CODE_SIGN_ENTITLEMENTS = TumblrLink/TumblrLink.entitlements;
				DEVELOPMENT_TEAM = 3RPN8GKB6G;
				FRAMEWORK_SEARCH_PATHS = (
					"$(inherited)",
					"$(PROJECT_DIR)/Carthage/Build/iOS",
				);
				INFOPLIST_FILE = TumblrLink/Info.plist;
				LD_RUNPATH_SEARCH_PATHS = "$(inherited) @executable_path/Frameworks @executable_path/../../Frameworks";
				PRODUCT_BUNDLE_IDENTIFIER = com.mono0926.monokit.TumblrLink;
				PRODUCT_NAME = "$(TARGET_NAME)";
				SKIP_INSTALL = YES;
				SWIFT_VERSION = 3.0;
			};
			name = Debug;
		};
		FE6EDE141E50917100DFAE57 /* Release */ = {
			isa = XCBuildConfiguration;
			buildSettings = {
				CODE_SIGN_ENTITLEMENTS = TumblrLink/TumblrLink.entitlements;
				DEVELOPMENT_TEAM = 3RPN8GKB6G;
				FRAMEWORK_SEARCH_PATHS = (
					"$(inherited)",
					"$(PROJECT_DIR)/Carthage/Build/iOS",
				);
				INFOPLIST_FILE = TumblrLink/Info.plist;
				LD_RUNPATH_SEARCH_PATHS = "$(inherited) @executable_path/Frameworks @executable_path/../../Frameworks";
				PRODUCT_BUNDLE_IDENTIFIER = com.mono0926.monokit.TumblrLink;
				PRODUCT_NAME = "$(TARGET_NAME)";
				SKIP_INSTALL = YES;
				SWIFT_VERSION = 3.0;
			};
			name = Release;
		};
/* End XCBuildConfiguration section */

/* Begin XCConfigurationList section */
		FE432D5E1E4ED1C300E3F45E /* Build configuration list for PBXProject "monokit" */ = {
			isa = XCConfigurationList;
			buildConfigurations = (
				FE432D891E4ED1C300E3F45E /* Debug */,
				FE432D8A1E4ED1C300E3F45E /* Release */,
			);
			defaultConfigurationIsVisible = 0;
			defaultConfigurationName = Release;
		};
		FE432D8B1E4ED1C300E3F45E /* Build configuration list for PBXNativeTarget "monokit" */ = {
			isa = XCConfigurationList;
			buildConfigurations = (
				FE432D8C1E4ED1C300E3F45E /* Debug */,
				FE432D8D1E4ED1C300E3F45E /* Release */,
			);
			defaultConfigurationIsVisible = 0;
			defaultConfigurationName = Release;
		};
		FE59F3D11E4EDE2800843828 /* Build configuration list for PBXNativeTarget "Pinboard" */ = {
			isa = XCConfigurationList;
			buildConfigurations = (
				FE59F3D21E4EDE2800843828 /* Debug */,
				FE59F3D31E4EDE2800843828 /* Release */,
			);
			defaultConfigurationIsVisible = 0;
			defaultConfigurationName = Release;
		};
		FE59F3D51E4EDE2800843828 /* Build configuration list for PBXNativeTarget "PinboardTests" */ = {
			isa = XCConfigurationList;
			buildConfigurations = (
				FE59F3D61E4EDE2800843828 /* Debug */,
				FE59F3D71E4EDE2800843828 /* Release */,
			);
			defaultConfigurationIsVisible = 0;
			defaultConfigurationName = Release;
		};
		FE59F3F41E4EDE9500843828 /* Build configuration list for PBXNativeTarget "Lib" */ = {
			isa = XCConfigurationList;
			buildConfigurations = (
				FE59F3F51E4EDE9500843828 /* Debug */,
				FE59F3F61E4EDE9500843828 /* Release */,
			);
			defaultConfigurationIsVisible = 0;
			defaultConfigurationName = Release;
		};
		FE59F3F71E4EDE9500843828 /* Build configuration list for PBXNativeTarget "LibTests" */ = {
			isa = XCConfigurationList;
			buildConfigurations = (
				FE59F3F81E4EDE9500843828 /* Debug */,
				FE59F3F91E4EDE9500843828 /* Release */,
			);
			defaultConfigurationIsVisible = 0;
			defaultConfigurationName = Release;
		};
		FE59F4AF1E4FF91700843828 /* Build configuration list for PBXNativeTarget "PinboardLetter" */ = {
			isa = XCConfigurationList;
			buildConfigurations = (
				FE59F4B01E4FF91700843828 /* Debug */,
				FE59F4B11E4FF91700843828 /* Release */,
			);
			defaultConfigurationIsVisible = 0;
			defaultConfigurationName = Release;
		};
		FE6EDDC11E502BEB00DFAE57 /* Build configuration list for PBXNativeTarget "PinboardStar" */ = {
			isa = XCConfigurationList;
			buildConfigurations = (
				FE6EDDC21E502BEB00DFAE57 /* Debug */,
				FE6EDDC31E502BEB00DFAE57 /* Release */,
			);
			defaultConfigurationIsVisible = 0;
			defaultConfigurationName = Release;
		};
		FE6EDDE61E50716000DFAE57 /* Build configuration list for PBXNativeTarget "Tumblr" */ = {
			isa = XCConfigurationList;
			buildConfigurations = (
				FE6EDDE71E50716000DFAE57 /* Debug */,
				FE6EDDE81E50716000DFAE57 /* Release */,
			);
			defaultConfigurationIsVisible = 0;
			defaultConfigurationName = Release;
		};
		FE6EDDE91E50716000DFAE57 /* Build configuration list for PBXNativeTarget "TumblrTests" */ = {
			isa = XCConfigurationList;
			buildConfigurations = (
				FE6EDDEA1E50716000DFAE57 /* Debug */,
				FE6EDDEB1E50716000DFAE57 /* Release */,
			);
			defaultConfigurationIsVisible = 0;
			defaultConfigurationName = Release;
		};
		FE6EDE121E50917100DFAE57 /* Build configuration list for PBXNativeTarget "TumblrLink" */ = {
			isa = XCConfigurationList;
			buildConfigurations = (
				FE6EDE131E50917100DFAE57 /* Debug */,
				FE6EDE141E50917100DFAE57 /* Release */,
			);
			defaultConfigurationIsVisible = 0;
			defaultConfigurationName = Release;
		};
/* End XCConfigurationList section */
	};
	rootObject = FE432D5B1E4ED1C300E3F45E /* Project object */;
}
